<?xml version="1.0" encoding="utf-8"?>
<Project ToolsVersion="4.0" xmlns="http://schemas.microsoft.com/developer/msbuild/2003">
  <ItemGroup>
    <Filter Include="Resource Files">
      <UniqueIdentifier>{67DA6AB6-F800-4c08-8B7A-83BB121AAD01}</UniqueIdentifier>
      <Extensions>rc;ico;cur;bmp;dlg;rc2;rct;bin;rgs;gif;jpg;jpeg;jpe;resx;tiff;tif;png;wav;mfcribbon-ms</Extensions>
    </Filter>
    <Filter Include="CorProfiler-Infrastructure">
      <UniqueIdentifier>{0745cb4d-d284-4481-a4d4-9905f009e64e}</UniqueIdentifier>
    </Filter>
    <Filter Include="Managed-Native-Interop">
      <UniqueIdentifier>{45be86bc-2a77-47c7-9c42-5dd2da7a8a67}</UniqueIdentifier>
    </Filter>
    <Filter Include="Metrics">
      <UniqueIdentifier>{d157e0f8-de6a-4fc6-a45e-11b89909861a}</UniqueIdentifier>
    </Filter>
    <Filter Include="SymbolResolution">
      <UniqueIdentifier>{1dcc29dd-5987-4eee-852c-de938f7ed12d}</UniqueIdentifier>
    </Filter>
    <Filter Include="Utils">
      <UniqueIdentifier>{4FC737F1-C7A5-4376-A066-2A32D752A2FF}</UniqueIdentifier>
      <Extensions>cpp;c;cc;cxx;c++;cppm;ixx;def;odl;idl;hpj;bat;asm;asmx</Extensions>
    </Filter>
    <Filter Include="Profiler-Driver">
      <UniqueIdentifier>{e228b858-2b52-4ead-871b-b56a96dc652a}</UniqueIdentifier>
    </Filter>
    <Filter Include="Walltime">
      <UniqueIdentifier>{f92ac331-c76b-482a-87a6-1ca45c27ed41}</UniqueIdentifier>
    </Filter>
    <Filter Include="CpuTime">
      <UniqueIdentifier>{f05a0692-6709-4310-bd0a-845ce09a2ffd}</UniqueIdentifier>
    </Filter>
    <Filter Include="Exceptions">
      <UniqueIdentifier>{17ede239-426d-4dba-a5d8-2e7c328d8e78}</UniqueIdentifier>
    </Filter>
    <Filter Include="Allocations">
      <UniqueIdentifier>{ebcb3383-0a0b-49fd-a5ad-99ea7b92d783}</UniqueIdentifier>
    </Filter>
    <Filter Include="Contention">
      <UniqueIdentifier>{bb4d04f1-ed7e-48db-b2e0-99b56d4f258a}</UniqueIdentifier>
    </Filter>
    <Filter Include="GarbageCollections">
      <UniqueIdentifier>{c07c8635-c021-4796-bfac-48f7ee78bf65}</UniqueIdentifier>
    </Filter>
    <Filter Include="Threads">
      <UniqueIdentifier>{9343cd1c-a26e-4f7d-a006-85e4612d0813}</UniqueIdentifier>
    </Filter>
    <Filter Include="ETW">
      <UniqueIdentifier>{6543675b-3ddb-42a5-8285-c63e2a93ff6a}</UniqueIdentifier>
    </Filter>
    <Filter Include="libdatadog">
      <UniqueIdentifier>{5152df0e-33a6-4ea0-8ece-19a6d38ca88e}</UniqueIdentifier>
    </Filter>
    <Filter Include="Network">
      <UniqueIdentifier>{6c3f1e16-c431-45e0-bfef-43a6c925f1f4}</UniqueIdentifier>
    </Filter>
    <Filter Include="HeapSnapshot">
      <UniqueIdentifier>{98823685-380d-47c7-ab99-ce5bd24a3b00}</UniqueIdentifier>
    </Filter>
  </ItemGroup>
  <ItemGroup>
    <ClInclude Include="CorProfilerCallback.h">
      <Filter>CorProfiler-Infrastructure</Filter>
    </ClInclude>
    <ClInclude Include="CorProfilerCallbackFactory.h">
      <Filter>CorProfiler-Infrastructure</Filter>
    </ClInclude>
    <ClInclude Include="ProfilerEngineStatus.h">
      <Filter>CorProfiler-Infrastructure</Filter>
    </ClInclude>
    <ClInclude Include="PInvoke.h">
      <Filter>Managed-Native-Interop</Filter>
    </ClInclude>
    <ClInclude Include="IMetricsSender.h">
      <Filter>Metrics</Filter>
    </ClInclude>
    <ClInclude Include="IMetricsSenderFactory.h">
      <Filter>Metrics</Filter>
    </ClInclude>
    <ClInclude Include="DogFood.hpp">
      <Filter>Metrics</Filter>
    </ClInclude>
    <ClInclude Include="DogstatsdService.h">
      <Filter>Metrics</Filter>
    </ClInclude>
    <ClInclude Include="ManagedThreadList.h">
      <Filter>Profiler-Driver</Filter>
    </ClInclude>
    <ClInclude Include="OsSpecificApi.h">
      <Filter>Profiler-Driver</Filter>
    </ClInclude>
    <ClInclude Include="StackFramesCollectorBase.h">
      <Filter>Profiler-Driver</Filter>
    </ClInclude>
    <ClInclude Include="StackSamplerLoop.h">
      <Filter>Profiler-Driver</Filter>
    </ClInclude>
    <ClInclude Include="StackSamplerLoopManager.h">
      <Filter>Profiler-Driver</Filter>
    </ClInclude>
    <ClInclude Include="StackSnapshotResultBuffer.h">
      <Filter>Profiler-Driver</Filter>
    </ClInclude>
    <ClInclude Include="ThreadCpuInfo.h">
      <Filter>Profiler-Driver</Filter>
    </ClInclude>
    <ClInclude Include="ThreadsCpuManager.h">
      <Filter>Profiler-Driver</Filter>
    </ClInclude>
    <ClInclude Include="HResultConverter.h">
      <Filter>Utils</Filter>
    </ClInclude>
    <ClInclude Include="Log.h">
      <Filter>Utils</Filter>
    </ClInclude>
    <ClInclude Include="OpSysTools.h">
      <Filter>Utils</Filter>
    </ClInclude>
    <ClInclude Include="ScopeFinalizer.h">
      <Filter>Utils</Filter>
    </ClInclude>
    <ClInclude Include="EnvironmentVariables.h">
      <Filter>Utils</Filter>
    </ClInclude>
    <ClInclude Include="ClrLifetime.h" />
    <ClInclude Include="IClrLifetime.h" />
    <ClInclude Include="IThreadsCpuManager.h">
      <Filter>Profiler-Driver</Filter>
    </ClInclude>
    <ClInclude Include="IStackSamplerLoopManager.h">
      <Filter>Profiler-Driver</Filter>
    </ClInclude>
    <ClInclude Include="IManagedThreadList.h">
      <Filter>Profiler-Driver</Filter>
    </ClInclude>
    <ClInclude Include="IService.h" />
    <ClInclude Include="Configuration.h">
      <Filter>Utils</Filter>
    </ClInclude>
    <ClInclude Include="TagsHelper.h">
      <Filter>Utils</Filter>
    </ClInclude>
    <ClInclude Include="IConfiguration.h">
      <Filter>Utils</Filter>
    </ClInclude>
    <ClInclude Include="Sample.h">
      <Filter>Profiler-Driver</Filter>
    </ClInclude>
    <ClInclude Include="ISamplesProvider.h">
      <Filter>Profiler-Driver</Filter>
    </ClInclude>
    <ClInclude Include="ProviderBase.h">
      <Filter>Profiler-Driver</Filter>
    </ClInclude>
    <ClInclude Include="WallTimeProvider.h">
      <Filter>Walltime</Filter>
    </ClInclude>
    <ClInclude Include="RawWallTimeSample.h">
      <Filter>Walltime</Filter>
    </ClInclude>
    <ClInclude Include="IFrameStore.h">
      <Filter>SymbolResolution</Filter>
    </ClInclude>
    <ClInclude Include="FrameStore.h">
      <Filter>SymbolResolution</Filter>
    </ClInclude>
    <ClInclude Include="IAppDomainStore.h">
      <Filter>SymbolResolution</Filter>
    </ClInclude>
    <ClInclude Include="AppDomainStore.h">
      <Filter>SymbolResolution</Filter>
    </ClInclude>
    <ClInclude Include="dd_profiler_version.h" />
    <ClInclude Include="CpuTimeProvider.h">
      <Filter>CpuTime</Filter>
    </ClInclude>
    <ClInclude Include="RawCpuSample.h">
      <Filter>CpuTime</Filter>
    </ClInclude>
    <ClInclude Include="ICollector.h">
      <Filter>Profiler-Driver</Filter>
    </ClInclude>
    <ClInclude Include="CollectorBase.h">
      <Filter>Profiler-Driver</Filter>
    </ClInclude>
    <ClInclude Include="RawSample.h">
      <Filter>Profiler-Driver</Filter>
    </ClInclude>
    <ClInclude Include="ExceptionsProvider.h">
      <Filter>Exceptions</Filter>
    </ClInclude>
    <ClInclude Include="RawExceptionSample.h">
      <Filter>Exceptions</Filter>
    </ClInclude>
    <ClInclude Include="Timer.h">
      <Filter>Utils</Filter>
    </ClInclude>
    <ClInclude Include="AdaptiveSampler.h">
      <Filter>Utils</Filter>
    </ClInclude>
    <ClInclude Include="ISamplesCollector.h">
      <Filter>Profiler-Driver</Filter>
    </ClInclude>
    <ClInclude Include="cgroup.h">
      <Filter>Utils</Filter>
    </ClInclude>
    <ClInclude Include="ClrEventsParser.h">
      <Filter>CorProfiler-Infrastructure</Filter>
    </ClInclude>
    <ClInclude Include="AllocationsProvider.h">
      <Filter>Allocations</Filter>
    </ClInclude>
    <ClInclude Include="RawAllocationSample.h">
      <Filter>Allocations</Filter>
    </ClInclude>
    <ClInclude Include="IAllocationsListener.h">
      <Filter>CorProfiler-Infrastructure</Filter>
    </ClInclude>
    <ClInclude Include="IRuntimeInfo.h">
      <Filter>Utils</Filter>
    </ClInclude>
    <ClInclude Include="RuntimeInfo.h">
      <Filter>Utils</Filter>
    </ClInclude>
    <ClInclude Include="EnabledProfilers.h">
      <Filter>Utils</Filter>
    </ClInclude>
    <ClInclude Include="IEnabledProfilers.h">
      <Filter>Utils</Filter>
    </ClInclude>
    <ClInclude Include="EnumHelpers.h">
      <Filter>Utils</Filter>
    </ClInclude>
    <ClInclude Include="SamplesCollector.h">
      <Filter>Profiler-Driver</Filter>
    </ClInclude>
    <ClInclude Include="COMHelpers.h">
      <Filter>Utils</Filter>
    </ClInclude>
    <ClInclude Include="ContentionProvider.h">
      <Filter>Contention</Filter>
    </ClInclude>
    <ClInclude Include="RawContentionSample.h">
      <Filter>Contention</Filter>
    </ClInclude>
    <ClInclude Include="IContentionListener.h">
      <Filter>Contention</Filter>
    </ClInclude>
    <ClInclude Include="SamplesCollector.h">
      <Filter>Profiler-Driver</Filter>
    </ClInclude>
    <ClInclude Include="GenericSampler.h">
      <Filter>Utils</Filter>
    </ClInclude>
    <ClInclude Include="GroupSampler.h">
      <Filter>Utils</Filter>
    </ClInclude>
    <ClInclude Include="IGCSuspensionsListener.h">
      <Filter>CorProfiler-Infrastructure</Filter>
    </ClInclude>
    <ClInclude Include="StopTheWorldGCProvider.h">
      <Filter>GarbageCollections</Filter>
    </ClInclude>
    <ClInclude Include="RawStopTheWorldSample.h">
      <Filter>GarbageCollections</Filter>
    </ClInclude>
    <ClInclude Include="IGarbageCollectionsListener.h">
      <Filter>CorProfiler-Infrastructure</Filter>
    </ClInclude>
    <ClInclude Include="GarbageCollection.h">
      <Filter>CorProfiler-Infrastructure</Filter>
    </ClInclude>
    <ClInclude Include="GarbageCollectionProvider.h">
      <Filter>GarbageCollections</Filter>
    </ClInclude>
    <ClInclude Include="RawGarbageCollectionSample.h">
      <Filter>GarbageCollections</Filter>
    </ClInclude>
    <ClInclude Include="GCBaseRawSample.h">
      <Filter>GarbageCollections</Filter>
    </ClInclude>
    <ClInclude Include="LiveObjectsProvider.h">
      <Filter>Allocations</Filter>
    </ClInclude>
    <ClInclude Include="LiveObjectInfo.h">
      <Filter>Allocations</Filter>
    </ClInclude>
    <ClInclude Include="MetricsRegistry.h">
      <Filter>Metrics</Filter>
    </ClInclude>
    <ClInclude Include="MetricBase.h">
      <Filter>Metrics</Filter>
    </ClInclude>
    <ClInclude Include="MeanMaxMetric.h">
      <Filter>Metrics</Filter>
    </ClInclude>
    <ClInclude Include="ProxyMetric.h">
      <Filter>Metrics</Filter>
    </ClInclude>
    <ClInclude Include="CounterMetric.h">
      <Filter>Metrics</Filter>
    </ClInclude>
    <ClInclude Include="SumMetric.h">
      <Filter>Metrics</Filter>
    </ClInclude>
    <ClInclude Include="SumMetric.h">
      <Filter>Metrics</Filter>
    </ClInclude>
    <ClInclude Include="AllocationsRecorder.h">
      <Filter>Allocations</Filter>
    </ClInclude>
    <ClInclude Include="IAllocationsRecorder.h">
      <Filter>Allocations</Filter>
    </ClInclude>
    <ClInclude Include="IUpscaleProvider.h">
      <Filter>Profiler-Driver</Filter>
    </ClInclude>
    <ClInclude Include="ScopedHandle.h" />
    <ClInclude Include="GCThreadsCpuProvider.h">
      <Filter>Threads</Filter>
    </ClInclude>
    <ClInclude Include="IThreadInfo.h">
      <Filter>Threads</Filter>
    </ClInclude>
    <ClInclude Include="NativeThreadsCpuProviderBase.h">
      <Filter>Threads</Filter>
    </ClInclude>
    <ClInclude Include="ManagedThreadInfo.h">
      <Filter>Threads</Filter>
    </ClInclude>
    <ClInclude Include="SampleValueTypeProvider.h">
      <Filter>Profiler-Driver</Filter>
    </ClInclude>
    <ClInclude Include="ApplicationInfo.h">
      <Filter>CorProfiler-Infrastructure</Filter>
    </ClInclude>
    <ClInclude Include="ApplicationStore.h">
      <Filter>CorProfiler-Infrastructure</Filter>
    </ClInclude>
    <ClInclude Include="ClrLifetime.h">
      <Filter>CorProfiler-Infrastructure</Filter>
    </ClInclude>
    <ClInclude Include="DebugInfoStore.h">
      <Filter>SymbolResolution</Filter>
    </ClInclude>
    <ClInclude Include="IDebugInfoStore.h">
      <Filter>SymbolResolution</Filter>
    </ClInclude>
    <ClInclude Include="RuntimeIdStore.h">
      <Filter>CorProfiler-Infrastructure</Filter>
    </ClInclude>
    <ClInclude Include="IApplicationStore.h">
      <Filter>CorProfiler-Infrastructure</Filter>
    </ClInclude>
    <ClInclude Include="IBatchedSamplesProvider.h">
      <Filter>Profiler-Driver</Filter>
    </ClInclude>
    <ClInclude Include="ISampledAllocationsListener.h">
      <Filter>Allocations</Filter>
    </ClInclude>
    <ClInclude Include="IRuntimeIdStore.h">
      <Filter>CorProfiler-Infrastructure</Filter>
    </ClInclude>
    <ClInclude Include="IClrLifetime.h">
      <Filter>CorProfiler-Infrastructure</Filter>
    </ClInclude>
    <ClInclude Include="IMetadataProvider.h">
      <Filter>Utils</Filter>
    </ClInclude>
    <ClInclude Include="ThreadLifetimeProvider.h">
      <Filter>Threads</Filter>
    </ClInclude>
    <ClInclude Include="IThreadLifetimeListener.h">
      <Filter>Threads</Filter>
    </ClInclude>
    <ClInclude Include="RawThreadLifetimeSample.h">
      <Filter>Threads</Filter>
    </ClInclude>
    <ClInclude Include="TimelineSampleType.h">
      <Filter>CorProfiler-Infrastructure</Filter>
    </ClInclude>
    <ClInclude Include="MetadataProvider.h" />
    <ClInclude Include="IEtwEventsManager.h">
      <Filter>ETW</Filter>
    </ClInclude>
    <ClInclude Include="EventPipeEventsManager.h">
      <Filter>CorProfiler-Infrastructure</Filter>
    </ClInclude>
    <ClInclude Include="Profile.h">
      <Filter>libdatadog</Filter>
    </ClInclude>
    <ClInclude Include="Exporter.h">
      <Filter>libdatadog</Filter>
    </ClInclude>
    <ClInclude Include="Tags.h">
      <Filter>libdatadog</Filter>
    </ClInclude>
    <ClInclude Include="Exception.h">
      <Filter>libdatadog</Filter>
    </ClInclude>
    <ClInclude Include="FfiHelper.h">
      <Filter>libdatadog</Filter>
    </ClInclude>
    <ClInclude Include="AgentProxy.hpp">
      <Filter>libdatadog</Filter>
    </ClInclude>
    <ClInclude Include="EncodedProfile.hpp">
      <Filter>libdatadog</Filter>
    </ClInclude>
    <ClInclude Include="ExporterBuilder.h">
      <Filter>libdatadog</Filter>
    </ClInclude>
    <ClInclude Include="ProfileExporter.h">
      <Filter>libdatadog</Filter>
    </ClInclude>
    <ClInclude Include="ProfileImpl.hpp">
      <Filter>libdatadog</Filter>
    </ClInclude>
    <ClInclude Include="Success.h">
      <Filter>libdatadog</Filter>
    </ClInclude>
    <ClInclude Include="SuccessImpl.hpp">
      <Filter>libdatadog</Filter>
    </ClInclude>
    <ClInclude Include="TagsImpl.hpp">
      <Filter>libdatadog</Filter>
    </ClInclude>
    <ClInclude Include="FileHelper.h">
      <Filter>Utils</Filter>
    </ClInclude>
    <ClInclude Include="FileSaver.hpp">
      <Filter>libdatadog</Filter>
    </ClInclude>
    <ClInclude Include="FrameworkThreadInfo.h">
      <Filter>Threads</Filter>
    </ClInclude>
    <ClInclude Include="RawSamples.hpp" />
    <ClInclude Include="SamplesEnumerator.h" />
    <ClInclude Include="LinkedList.hpp" />
    <ClInclude Include="Callstack.h">
      <Filter>Profiler-Driver</Filter>
    </ClInclude>
    <ClInclude Include="CrashReporting.h">
      <Filter>libdatadog</Filter>
    </ClInclude>
    <ClInclude Include="CallstackProvider.h" />
    <ClInclude Include="MemoryResourceManager.h" />
    <ClInclude Include="ServiceBase.h">
      <Filter>Utils</Filter>
    </ClInclude>
    <ClInclude Include="LinkedList.hpp" />
    <ClInclude Include="Callstack.h">
      <Filter>Profiler-Driver</Filter>
    </ClInclude>
    <ClInclude Include="CallstackProvider.h" />
    <ClInclude Include="MemoryResourceManager.h" />
    <ClInclude Include="ISsiManager.h">
      <Filter>Profiler-Driver</Filter>
    </ClInclude>
    <ClInclude Include="SsiManager.h">
      <Filter>Profiler-Driver</Filter>
    </ClInclude>
    <ClInclude Include="ISsiLifetime.h">
      <Filter>Profiler-Driver</Filter>
    </ClInclude>
    <ClInclude Include="DeploymentMode.h" />
    <ClInclude Include="EnablementStatus.h" />
    <ClInclude Include="INetworkListener.h">
      <Filter>Network</Filter>
    </ClInclude>
    <ClInclude Include="BclEventsParser.h">
      <Filter>CorProfiler-Infrastructure</Filter>
    </ClInclude>
    <ClInclude Include="DotnetEventsProvider.h">
      <Filter>CorProfiler-Infrastructure</Filter>
    </ClInclude>
    <ClInclude Include="EventsParserHelper.h">
      <Filter>CorProfiler-Infrastructure</Filter>
    </ClInclude>
    <ClInclude Include="NetworkActivity.h">
      <Filter>Network</Filter>
    </ClInclude>
    <ClInclude Include="RawNetworkSample.h">
      <Filter>Network</Filter>
    </ClInclude>
    <ClInclude Include="NetworkRequestInfo.h">
      <Filter>Network</Filter>
    </ClInclude>
    <ClInclude Include="ActivityHelpers.h">
      <Filter>Network</Filter>
    </ClInclude>
    <ClInclude Include="NetworkProvider.h">
      <Filter>Network</Filter>
    </ClInclude>
    <ClInclude Include="RawSampleTransformer.h">
      <Filter>Utils</Filter>
    </ClInclude>
    <ClInclude Include="IHeapSnapshotManager.h">
      <Filter>HeapSnapshot</Filter>
    </ClInclude>
    <ClInclude Include="HeapSnapshotManager.h">
      <Filter>HeapSnapshot</Filter>
    </ClInclude>
  </ItemGroup>
  <ItemGroup>
    <ClCompile Include="OpSysTools.cpp">
      <Filter>Utils</Filter>
    </ClCompile>
    <ClCompile Include="HResultConverter.cpp">
      <Filter>Utils</Filter>
    </ClCompile>
    <ClCompile Include="CorProfilerCallback.cpp">
      <Filter>CorProfiler-Infrastructure</Filter>
    </ClCompile>
    <ClCompile Include="CorProfilerCallbackFactory.cpp">
      <Filter>CorProfiler-Infrastructure</Filter>
    </ClCompile>
    <ClCompile Include="ProfilerEngineStatus.cpp">
      <Filter>CorProfiler-Infrastructure</Filter>
    </ClCompile>
    <ClCompile Include="PInvoke.cpp">
      <Filter>Managed-Native-Interop</Filter>
    </ClCompile>
    <ClCompile Include="DogstatsdService.cpp">
      <Filter>Metrics</Filter>
    </ClCompile>
    <ClCompile Include="IMetricsSenderFactory.cpp">
      <Filter>Metrics</Filter>
    </ClCompile>
    <ClCompile Include="ManagedThreadList.cpp">
      <Filter>Profiler-Driver</Filter>
    </ClCompile>
    <ClCompile Include="StackFramesCollectorBase.cpp">
      <Filter>Profiler-Driver</Filter>
    </ClCompile>
    <ClCompile Include="StackSamplerLoop.cpp">
      <Filter>Profiler-Driver</Filter>
    </ClCompile>
    <ClCompile Include="StackSamplerLoopManager.cpp">
      <Filter>Profiler-Driver</Filter>
    </ClCompile>
    <ClCompile Include="StackSnapshotResultBuffer.cpp">
      <Filter>Profiler-Driver</Filter>
    </ClCompile>
    <ClCompile Include="ThreadCpuInfo.cpp">
      <Filter>Profiler-Driver</Filter>
    </ClCompile>
    <ClCompile Include="ThreadsCpuManager.cpp">
      <Filter>Profiler-Driver</Filter>
    </ClCompile>
    <ClCompile Include="Configuration.cpp">
      <Filter>Utils</Filter>
    </ClCompile>
    <ClCompile Include="TagsHelper.cpp">
      <Filter>Utils</Filter>
    </ClCompile>
    <ClCompile Include="Sample.cpp">
      <Filter>Profiler-Driver</Filter>
    </ClCompile>
    <ClCompile Include="ProviderBase.cpp">
      <Filter>Profiler-Driver</Filter>
    </ClCompile>
    <ClCompile Include="WallTimeProvider.cpp">
      <Filter>Walltime</Filter>
    </ClCompile>
    <ClCompile Include="FrameStore.cpp">
      <Filter>SymbolResolution</Filter>
    </ClCompile>
    <ClCompile Include="AppDomainStore.cpp">
      <Filter>SymbolResolution</Filter>
    </ClCompile>
    <ClCompile Include="CpuTimeProvider.cpp">
      <Filter>CpuTime</Filter>
    </ClCompile>
    <ClCompile Include="RawSample.cpp">
      <Filter>Profiler-Driver</Filter>
    </ClCompile>
    <ClCompile Include="ExceptionsProvider.cpp">
      <Filter>Exceptions</Filter>
    </ClCompile>
    <ClCompile Include="AdaptiveSampler.cpp">
      <Filter>Utils</Filter>
    </ClCompile>
    <ClCompile Include="Timer.Linux.cpp">
      <Filter>Utils</Filter>
    </ClCompile>
    <ClCompile Include="Timer.Windows.cpp">
      <Filter>Utils</Filter>
    </ClCompile>
    <ClCompile Include="SamplesCollector.cpp">
      <Filter>Profiler-Driver</Filter>
    </ClCompile>
    <ClCompile Include="ClrEventsParser.cpp">
      <Filter>CorProfiler-Infrastructure</Filter>
    </ClCompile>
    <ClCompile Include="AllocationsProvider.cpp">
      <Filter>Allocations</Filter>
    </ClCompile>
    <ClCompile Include="cgroup.cpp">
      <Filter>Utils</Filter>
    </ClCompile>
    <ClCompile Include="RuntimeInfo.cpp">
      <Filter>Utils</Filter>
    </ClCompile>
    <ClCompile Include="EnabledProfilers.cpp">
      <Filter>Utils</Filter>
    </ClCompile>
    <ClCompile Include="ContentionProvider.cpp">
      <Filter>Contention</Filter>
    </ClCompile>
    <ClCompile Include="GenericSampler.cpp">
      <Filter>Utils</Filter>
    </ClCompile>
    <ClCompile Include="StopTheWorldGCProvider.cpp">
      <Filter>GarbageCollections</Filter>
    </ClCompile>
    <ClCompile Include="GarbageCollectionProvider.cpp">
      <Filter>GarbageCollections</Filter>
    </ClCompile>
    <ClCompile Include="LiveObjectInfo.cpp">
      <Filter>Allocations</Filter>
    </ClCompile>
    <ClCompile Include="LiveObjectsProvider.cpp">
      <Filter>Allocations</Filter>
    </ClCompile>
    <ClCompile Include="RawGarbageCollectionSample.cpp">
      <Filter>GarbageCollections</Filter>
    </ClCompile>
    <ClCompile Include="MetricsRegistry.cpp">
      <Filter>Metrics</Filter>
    </ClCompile>
    <ClCompile Include="MeanMaxMetric.cpp">
      <Filter>Metrics</Filter>
    </ClCompile>
    <ClCompile Include="ProxyMetric.cpp">
      <Filter>Metrics</Filter>
    </ClCompile>
    <ClCompile Include="CounterMetric.cpp">
      <Filter>Metrics</Filter>
    </ClCompile>
    <ClCompile Include="SumMetric.cpp">
      <Filter>Metrics</Filter>
    </ClCompile>
    <ClCompile Include="AllocationsRecorder.cpp">
      <Filter>Allocations</Filter>
    </ClCompile>
    <ClCompile Include="GCThreadsCpuProvider.cpp">
      <Filter>Threads</Filter>
    </ClCompile>
    <ClCompile Include="ManagedThreadInfo.cpp">
      <Filter>Threads</Filter>
    </ClCompile>
    <ClCompile Include="SampleValueTypeProvider.cpp">
      <Filter>Profiler-Driver</Filter>
    </ClCompile>
    <ClCompile Include="ApplicationStore.cpp">
      <Filter>CorProfiler-Infrastructure</Filter>
    </ClCompile>
    <ClCompile Include="ClrLifetime.cpp">
      <Filter>CorProfiler-Infrastructure</Filter>
    </ClCompile>
    <ClCompile Include="DebugInfoStore.cpp">
      <Filter>SymbolResolution</Filter>
    </ClCompile>
    <ClCompile Include="RuntimeIdStore.cpp">
      <Filter>CorProfiler-Infrastructure</Filter>
    </ClCompile>
    <ClCompile Include="NativeThreadsCpuProviderBase.cpp">
      <Filter>Threads</Filter>
    </ClCompile>
    <ClCompile Include="RawExceptionSample.cpp">
      <Filter>Exceptions</Filter>
    </ClCompile>
    <ClCompile Include="MetadataProvider.cpp">
      <Filter>Utils</Filter>
    </ClCompile>
    <ClCompile Include="ThreadLifetimeProvider.cpp">
      <Filter>Threads</Filter>
    </ClCompile>
    <ClCompile Include="RawThreadLifetimeSample.cpp">
      <Filter>Threads</Filter>
    </ClCompile>
    <ClCompile Include="TimelineSampleType.cpp">
      <Filter>CorProfiler-Infrastructure</Filter>
    </ClCompile>
    <ClCompile Include="EventPipeEventsManager.cpp">
      <Filter>CorProfiler-Infrastructure</Filter>
    </ClCompile>
    <ClCompile Include="Profile.cpp">
      <Filter>libdatadog</Filter>
    </ClCompile>
    <ClCompile Include="Exporter.cpp">
      <Filter>libdatadog</Filter>
    </ClCompile>
    <ClCompile Include="Tags.cpp">
      <Filter>libdatadog</Filter>
    </ClCompile>
    <ClCompile Include="Exception.cpp">
      <Filter>libdatadog</Filter>
    </ClCompile>
    <ClCompile Include="FfiHelper.cpp">
      <Filter>libdatadog</Filter>
    </ClCompile>
    <ClCompile Include="ExporterBuilder.cpp">
      <Filter>Utils</Filter>
    </ClCompile>
    <ClCompile Include="FileHelper.cpp">
      <Filter>Utils</Filter>
    </ClCompile>
    <ClCompile Include="ProfileExporter.cpp">
      <Filter>libdatadog</Filter>
    </ClCompile>
    <ClCompile Include="Success.cpp">
      <Filter>libdatadog</Filter>
    </ClCompile>
    <ClCompile Include="FrameworkThreadInfo.cpp">
      <Filter>Threads</Filter>
    </ClCompile>
    <ClCompile Include="Callstack.cpp">
      <Filter>Profiler-Driver</Filter>
    </ClCompile>
    <ClCompile Include="CrashReporting.cpp">
      <Filter>libdatadog</Filter>
    </ClCompile>
    <ClCompile Include="CallstackProvider.cpp">
      <Filter>Utils</Filter>
    </ClCompile>
    <ClCompile Include="MemoryResourceManager.cpp">
      <Filter>Utils</Filter>
    </ClCompile>
    <ClCompile Include="ServiceBase.cpp">
      <Filter>Utils</Filter>
    </ClCompile>
    <ClCompile Include="Callstack.cpp">
      <Filter>Profiler-Driver</Filter>
    </ClCompile>
    <ClCompile Include="CallstackProvider.cpp">
      <Filter>Utils</Filter>
    </ClCompile>
    <ClCompile Include="MemoryResourceManager.cpp">
      <Filter>Utils</Filter>
    </ClCompile>
    <ClCompile Include="SsiManager.cpp">
      <Filter>Profiler-Driver</Filter>
    </ClCompile>
    <ClCompile Include="SkipProfileHeuristicType.h">
      <Filter>Profiler-Driver</Filter>
    </ClCompile>
    <ClCompile Include="BclEventsParser.cpp">
      <Filter>CorProfiler-Infrastructure</Filter>
    </ClCompile>
    <ClCompile Include="NetworkRequestInfo.cpp">
      <Filter>Network</Filter>
    </ClCompile>
    <ClCompile Include="NetworkProvider.cpp">
      <Filter>Network</Filter>
    </ClCompile>
    <ClCompile Include="ActivityHelpers.cpp">
      <Filter>Network</Filter>
    </ClCompile>
    <ClCompile Include="NetworkActivity.cpp">
      <Filter>Network</Filter>
    </ClCompile>
    <ClCompile Include="RawSampleTransformer.cpp">
      <Filter>Utils</Filter>
    </ClCompile>
    <ClCompile Include="HeapSnapshotManager.cpp">
      <Filter>HeapSnapshot</Filter>
    </ClCompile>
  </ItemGroup>
</Project>