<?xml version="1.0" encoding="utf-8"?>
<Project ToolsVersion="4.0" xmlns="http://schemas.microsoft.com/developer/msbuild/2003">
  <ItemGroup>
    <Filter Include="Resource Files">
      <UniqueIdentifier>{67DA6AB6-F800-4c08-8B7A-83BB121AAD01}</UniqueIdentifier>
      <Extensions>rc;ico;cur;bmp;dlg;rc2;rct;bin;rgs;gif;jpg;jpeg;jpe;resx;tiff;tif;png;wav;mfcribbon-ms</Extensions>
    </Filter>
    <Filter Include="CorProfiler-Infrastructure">
      <UniqueIdentifier>{0745cb4d-d284-4481-a4d4-9905f009e64e}</UniqueIdentifier>
    </Filter>
    <Filter Include="Managed-Native-Interop">
      <UniqueIdentifier>{45be86bc-2a77-47c7-9c42-5dd2da7a8a67}</UniqueIdentifier>
    </Filter>
    <Filter Include="Metrics">
      <UniqueIdentifier>{d157e0f8-de6a-4fc6-a45e-11b89909861a}</UniqueIdentifier>
    </Filter>
    <Filter Include="SymbolResolution">
      <UniqueIdentifier>{1dcc29dd-5987-4eee-852c-de938f7ed12d}</UniqueIdentifier>
    </Filter>
    <Filter Include="Utils">
      <UniqueIdentifier>{4FC737F1-C7A5-4376-A066-2A32D752A2FF}</UniqueIdentifier>
      <Extensions>cpp;c;cc;cxx;c++;cppm;ixx;def;odl;idl;hpj;bat;asm;asmx</Extensions>
    </Filter>
    <Filter Include="Profiler-Driver">
      <UniqueIdentifier>{e228b858-2b52-4ead-871b-b56a96dc652a}</UniqueIdentifier>
    </Filter>
    <Filter Include="libddprof">
      <UniqueIdentifier>{db3783ac-ee3e-49d0-95c1-9e9db6df8422}</UniqueIdentifier>
    </Filter>
    <Filter Include="Walltime">
      <UniqueIdentifier>{f92ac331-c76b-482a-87a6-1ca45c27ed41}</UniqueIdentifier>
    </Filter>
    <Filter Include="CpuTime">
      <UniqueIdentifier>{f05a0692-6709-4310-bd0a-845ce09a2ffd}</UniqueIdentifier>
    </Filter>
    <Filter Include="Exceptions">
      <UniqueIdentifier>{17ede239-426d-4dba-a5d8-2e7c328d8e78}</UniqueIdentifier>
    </Filter>
  </ItemGroup>
  <ItemGroup>
    <ClInclude Include="CorProfilerCallback.h">
      <Filter>CorProfiler-Infrastructure</Filter>
    </ClInclude>
    <ClInclude Include="CorProfilerCallbackFactory.h">
      <Filter>CorProfiler-Infrastructure</Filter>
    </ClInclude>
    <ClInclude Include="ProfilerEngineStatus.h">
      <Filter>CorProfiler-Infrastructure</Filter>
    </ClInclude>
    <ClInclude Include="PInvoke.h">
      <Filter>Managed-Native-Interop</Filter>
    </ClInclude>
    <ClInclude Include="IMetricsSender.h">
      <Filter>Metrics</Filter>
    </ClInclude>
    <ClInclude Include="IMetricsSenderFactory.h">
      <Filter>Metrics</Filter>
    </ClInclude>
    <ClInclude Include="DogFood.hpp">
      <Filter>Metrics</Filter>
    </ClInclude>
    <ClInclude Include="DogstatsdService.h">
      <Filter>Metrics</Filter>
    </ClInclude>
    <ClInclude Include="ManagedThreadInfo.h">
      <Filter>Profiler-Driver</Filter>
    </ClInclude>
    <ClInclude Include="ManagedThreadList.h">
      <Filter>Profiler-Driver</Filter>
    </ClInclude>
    <ClInclude Include="OsSpecificApi.h">
      <Filter>Profiler-Driver</Filter>
    </ClInclude>
    <ClInclude Include="StackFramesCollectorBase.h">
      <Filter>Profiler-Driver</Filter>
    </ClInclude>
    <ClInclude Include="StackSamplerLoop.h">
      <Filter>Profiler-Driver</Filter>
    </ClInclude>
    <ClInclude Include="StackSamplerLoopManager.h">
      <Filter>Profiler-Driver</Filter>
    </ClInclude>
    <ClInclude Include="StackSnapshotResultReusableBuffer.h">
      <Filter>Profiler-Driver</Filter>
    </ClInclude>
    <ClInclude Include="ThreadCpuInfo.h">
      <Filter>Profiler-Driver</Filter>
    </ClInclude>
    <ClInclude Include="ThreadsCpuManager.h">
      <Filter>Profiler-Driver</Filter>
    </ClInclude>
    <ClInclude Include="HResultConverter.h">
      <Filter>Utils</Filter>
    </ClInclude>
    <ClInclude Include="Log.h">
      <Filter>Utils</Filter>
    </ClInclude>
    <ClInclude Include="OpSysTools.h">
      <Filter>Utils</Filter>
    </ClInclude>
    <ClInclude Include="RefCountingObject.h">
      <Filter>Utils</Filter>
    </ClInclude>
    <ClInclude Include="ScopeFinalizer.h">
      <Filter>Utils</Filter>
    </ClInclude>
    <ClInclude Include="Semaphore.h">
      <Filter>Utils</Filter>
    </ClInclude>
    <ClInclude Include="EnvironmentVariables.h">
      <Filter>Utils</Filter>
    </ClInclude>
    <ClInclude Include="DirectAccessCollection.h">
      <Filter>Utils</Filter>
    </ClInclude>
    <ClInclude Include="ClrLifetime.h" />
    <ClInclude Include="IClrLifetime.h" />
    <ClInclude Include="IThreadsCpuManager.h">
      <Filter>Profiler-Driver</Filter>
    </ClInclude>
    <ClInclude Include="IStackSamplerLoopManager.h">
      <Filter>Profiler-Driver</Filter>
    </ClInclude>
    <ClInclude Include="IManagedThreadList.h">
      <Filter>Profiler-Driver</Filter>
    </ClInclude>
    <ClInclude Include="IService.h" />
    <ClInclude Include="LibddprofExporter.h">
      <Filter>libddprof</Filter>
    </ClInclude>
    <ClInclude Include="FfiHelper.h">
      <Filter>libddprof</Filter>
    </ClInclude>
    <ClInclude Include="Configuration.h">
      <Filter>Utils</Filter>
    </ClInclude>
    <ClInclude Include="TagsHelper.h">
      <Filter>Utils</Filter>
    </ClInclude>
    <ClInclude Include="IConfiguration.h">
      <Filter>Utils</Filter>
    </ClInclude>
    <ClInclude Include="Sample.h">
      <Filter>Profiler-Driver</Filter>
    </ClInclude>
    <ClInclude Include="SamplesAggregator.h">
      <Filter>Profiler-Driver</Filter>
    </ClInclude>
    <ClInclude Include="ISamplesProvider.h">
      <Filter>Profiler-Driver</Filter>
    </ClInclude>
    <ClInclude Include="ProviderBase.h">
      <Filter>Profiler-Driver</Filter>
    </ClInclude>
    <ClInclude Include="WallTimeProvider.h">
      <Filter>Walltime</Filter>
    </ClInclude>
    <ClInclude Include="RawWallTimeSample.h">
      <Filter>Walltime</Filter>
    </ClInclude>
    <ClInclude Include="IFrameStore.h">
      <Filter>SymbolResolution</Filter>
    </ClInclude>
    <ClInclude Include="FrameStore.h">
      <Filter>SymbolResolution</Filter>
    </ClInclude>
    <ClInclude Include="IAppDomainStore.h">
      <Filter>SymbolResolution</Filter>
    </ClInclude>
    <ClInclude Include="AppDomainStore.h">
      <Filter>SymbolResolution</Filter>
    </ClInclude>
    <ClInclude Include="dd_profiler_version.h" />
    <ClInclude Include="CpuTimeProvider.h">
      <Filter>CpuTime</Filter>
    </ClInclude>
    <ClInclude Include="RawCpuSample.h">
      <Filter>CpuTime</Filter>
    </ClInclude>
    <ClInclude Include="ICollector.h">
      <Filter>Profiler-Driver</Filter>
    </ClInclude>
    <ClInclude Include="CollectorBase.h">
      <Filter>Profiler-Driver</Filter>
    </ClInclude>
    <ClInclude Include="RawSample.h">
      <Filter>Profiler-Driver</Filter>
    </ClInclude>
    <ClInclude Include="IApplicationStore.h" />
    <ClInclude Include="ApplicationStore.h" />
    <ClInclude Include="RuntimeIdStore.h" />
    <ClInclude Include="IRuntimeIdStore.h" />
    <ClInclude Include="ApplicationInfo.h" />
    <ClInclude Include="ExceptionsProvider.h">
      <Filter>Exceptions</Filter>
    </ClInclude>
    <ClInclude Include="RawExceptionSample.h">
      <Filter>Exceptions</Filter>
    </ClInclude>
    <ClInclude Include="Timer.h">
      <Filter>Utils</Filter>
    </ClInclude>
    <ClInclude Include="ExceptionSampler.h">
      <Filter>Exceptions</Filter>
    </ClInclude>
    <ClInclude Include="AdaptiveSampler.h">
      <Filter>Utils</Filter>
    </ClInclude>
    <ClInclude Include="ISamplesCollector.h">
      <Filter>Profiler-Driver</Filter>
    </ClInclude>
    <ClInclude Include="SamplesCollector.h" />
  </ItemGroup>
  <ItemGroup>
    <ClCompile Include="OpSysTools.cpp">
      <Filter>Utils</Filter>
    </ClCompile>
    <ClCompile Include="RefCountingObject.cpp">
      <Filter>Utils</Filter>
    </ClCompile>
    <ClCompile Include="HResultConverter.cpp">
      <Filter>Utils</Filter>
    </ClCompile>
    <ClCompile Include="CorProfilerCallback.cpp">
      <Filter>CorProfiler-Infrastructure</Filter>
    </ClCompile>
    <ClCompile Include="CorProfilerCallbackFactory.cpp">
      <Filter>CorProfiler-Infrastructure</Filter>
    </ClCompile>
    <ClCompile Include="ProfilerEngineStatus.cpp">
      <Filter>CorProfiler-Infrastructure</Filter>
    </ClCompile>
    <ClCompile Include="PInvoke.cpp">
      <Filter>Managed-Native-Interop</Filter>
    </ClCompile>
    <ClCompile Include="DogstatsdService.cpp">
      <Filter>Metrics</Filter>
    </ClCompile>
    <ClCompile Include="IMetricsSenderFactory.cpp">
      <Filter>Metrics</Filter>
    </ClCompile>
    <ClCompile Include="ManagedThreadInfo.cpp">
      <Filter>Profiler-Driver</Filter>
    </ClCompile>
    <ClCompile Include="ManagedThreadList.cpp">
      <Filter>Profiler-Driver</Filter>
    </ClCompile>
    <ClCompile Include="StackFramesCollectorBase.cpp">
      <Filter>Profiler-Driver</Filter>
    </ClCompile>
    <ClCompile Include="StackSamplerLoop.cpp">
      <Filter>Profiler-Driver</Filter>
    </ClCompile>
    <ClCompile Include="StackSamplerLoopManager.cpp">
      <Filter>Profiler-Driver</Filter>
    </ClCompile>
    <ClCompile Include="StackSnapshotResultReusableBuffer.cpp">
      <Filter>Profiler-Driver</Filter>
    </ClCompile>
    <ClCompile Include="ThreadCpuInfo.cpp">
      <Filter>Profiler-Driver</Filter>
    </ClCompile>
    <ClCompile Include="ThreadsCpuManager.cpp">
      <Filter>Profiler-Driver</Filter>
    </ClCompile>
    <ClCompile Include="ClrLifetime.cpp" />
    <ClCompile Include="Configuration.cpp">
      <Filter>Utils</Filter>
    </ClCompile>
    <ClCompile Include="LibddprofExporter.cpp">
      <Filter>libddprof</Filter>
    </ClCompile>
    <ClCompile Include="FfiHelper.cpp">
      <Filter>libddprof</Filter>
    </ClCompile>
    <ClCompile Include="TagsHelper.cpp">
      <Filter>Utils</Filter>
    </ClCompile>
    <ClCompile Include="SamplesAggregator.cpp">
      <Filter>Profiler-Driver</Filter>
    </ClCompile>
    <ClCompile Include="Sample.cpp">
      <Filter>Profiler-Driver</Filter>
    </ClCompile>
    <ClCompile Include="ProviderBase.cpp">
      <Filter>Profiler-Driver</Filter>
    </ClCompile>
    <ClCompile Include="WallTimeProvider.cpp">
      <Filter>Walltime</Filter>
    </ClCompile>
    <ClCompile Include="FrameStore.cpp">
      <Filter>SymbolResolution</Filter>
    </ClCompile>
    <ClCompile Include="AppDomainStore.cpp">
      <Filter>SymbolResolution</Filter>
    </ClCompile>
    <ClCompile Include="CpuTimeProvider.cpp">
      <Filter>CpuTime</Filter>
    </ClCompile>
    <ClCompile Include="RawSample.cpp">
      <Filter>Profiler-Driver</Filter>
    </ClCompile>
    <ClCompile Include="ApplicationStore.cpp" />
    <ClCompile Include="RuntimeIdStore.cpp" />
    <ClCompile Include="ApplicationInfo.cpp">
      <Filter>Utils</Filter>
    </ClCompile>
    <ClCompile Include="RawExceptionSample.cpp">
      <Filter>Utils</Filter>
    </ClCompile>
    <ClCompile Include="ExceptionsProvider.cpp">
      <Filter>Exceptions</Filter>
    </ClCompile>
    <ClCompile Include="AdaptiveSampler.cpp">
      <Filter>Utils</Filter>
    </ClCompile>
    <ClCompile Include="ExceptionSampler.cpp">
      <Filter>Exceptions</Filter>
    </ClCompile>
    <ClCompile Include="Timer.Linux.cpp">
      <Filter>Utils</Filter>
    </ClCompile>
    <ClCompile Include="Timer.Windows.cpp">
      <Filter>Utils</Filter>
    </ClCompile>
    <ClCompile Include="SamplesCollector.cpp">
      <Filter>Profiler-Driver</Filter>
    </ClCompile>
  </ItemGroup>
  <ItemGroup>
    <None Include="packages.config" />
  </ItemGroup>
</Project>