
Microsoft Visual Studio Solution File, Format Version 12.00
# Visual Studio Version 16
VisualStudioVersion = 16.0.30711.63
MinimumVisualStudioVersion = 15.0.26124.0
Project("{9A19103F-16F7-4668-BE54-9A1E7A4F7556}") = "HttpOverStream", "HttpOverStream\HttpOverStream.csproj", "{F9BE399C-6591-495D-BBF2-DE66B76857E5}"
EndProject
Project("{9A19103F-16F7-4668-BE54-9A1E7A4F7556}") = "HttpOverStream.Cli", "HttpOverStream.Cli\HttpOverStream.Cli.csproj", "{AD6AC33B-9D56-41FF-B035-A184DE870FEA}"
EndProject
Project("{9A19103F-16F7-4668-BE54-9A1E7A4F7556}") = "Datadog.Trace", "..\..\src\Datadog.Trace\Datadog.Trace.csproj", "{3786FA7B-BB0B-4063-BF7F-828099766683}"
EndProject
Project("{FAE04EC0-301F-11D3-BF4B-00C04F79EFBC}") = "ManualInstrumentation", "ManualInstrumentation\ManualInstrumentation.csproj", "{440A6A6F-ED54-4808-B805-6A9AD006E767}"
EndProject
Global
	GlobalSection(SolutionConfigurationPlatforms) = preSolution
		Debug|Any CPU = Debug|Any CPU
		Debug|x64 = Debug|x64
		Debug|x86 = Debug|x86
		Release|Any CPU = Release|Any CPU
		Release|x64 = Release|x64
		Release|x86 = Release|x86
	EndGlobalSection
	GlobalSection(ProjectConfigurationPlatforms) = postSolution
		{F9BE399C-6591-495D-BBF2-DE66B76857E5}.Debug|Any CPU.ActiveCfg = Debug|Any CPU
		{F9BE399C-6591-495D-BBF2-DE66B76857E5}.Debug|Any CPU.Build.0 = Debug|Any CPU
		{F9BE399C-6591-495D-BBF2-DE66B76857E5}.Debug|x64.ActiveCfg = Debug|Any CPU
		{F9BE399C-6591-495D-BBF2-DE66B76857E5}.Debug|x64.Build.0 = Debug|Any CPU
		{F9BE399C-6591-495D-BBF2-DE66B76857E5}.Debug|x86.ActiveCfg = Debug|Any CPU
		{F9BE399C-6591-495D-BBF2-DE66B76857E5}.Debug|x86.Build.0 = Debug|Any CPU
		{F9BE399C-6591-495D-BBF2-DE66B76857E5}.Release|Any CPU.ActiveCfg = Release|Any CPU
		{F9BE399C-6591-495D-BBF2-DE66B76857E5}.Release|Any CPU.Build.0 = Release|Any CPU
		{F9BE399C-6591-495D-BBF2-DE66B76857E5}.Release|x64.ActiveCfg = Release|Any CPU
		{F9BE399C-6591-495D-BBF2-DE66B76857E5}.Release|x64.Build.0 = Release|Any CPU
		{F9BE399C-6591-495D-BBF2-DE66B76857E5}.Release|x86.ActiveCfg = Release|Any CPU
		{F9BE399C-6591-495D-BBF2-DE66B76857E5}.Release|x86.Build.0 = Release|Any CPU
		{AD6AC33B-9D56-41FF-B035-A184DE870FEA}.Debug|Any CPU.ActiveCfg = Debug|Any CPU
		{AD6AC33B-9D56-41FF-B035-A184DE870FEA}.Debug|Any CPU.Build.0 = Debug|Any CPU
		{AD6AC33B-9D56-41FF-B035-A184DE870FEA}.Debug|x64.ActiveCfg = Debug|Any CPU
		{AD6AC33B-9D56-41FF-B035-A184DE870FEA}.Debug|x64.Build.0 = Debug|Any CPU
		{AD6AC33B-9D56-41FF-B035-A184DE870FEA}.Debug|x86.ActiveCfg = Debug|Any CPU
		{AD6AC33B-9D56-41FF-B035-A184DE870FEA}.Debug|x86.Build.0 = Debug|Any CPU
		{AD6AC33B-9D56-41FF-B035-A184DE870FEA}.Release|Any CPU.ActiveCfg = Release|Any CPU
		{AD6AC33B-9D56-41FF-B035-A184DE870FEA}.Release|Any CPU.Build.0 = Release|Any CPU
		{AD6AC33B-9D56-41FF-B035-A184DE870FEA}.Release|x64.ActiveCfg = Release|Any CPU
		{AD6AC33B-9D56-41FF-B035-A184DE870FEA}.Release|x64.Build.0 = Release|Any CPU
		{AD6AC33B-9D56-41FF-B035-A184DE870FEA}.Release|x86.ActiveCfg = Release|Any CPU
		{AD6AC33B-9D56-41FF-B035-A184DE870FEA}.Release|x86.Build.0 = Release|Any CPU
		{3786FA7B-BB0B-4063-BF7F-828099766683}.Debug|Any CPU.ActiveCfg = Debug|Any CPU
		{3786FA7B-BB0B-4063-BF7F-828099766683}.Debug|Any CPU.Build.0 = Debug|Any CPU
		{3786FA7B-BB0B-4063-BF7F-828099766683}.Debug|x64.ActiveCfg = Debug|Any CPU
		{3786FA7B-BB0B-4063-BF7F-828099766683}.Debug|x64.Build.0 = Debug|Any CPU
		{3786FA7B-BB0B-4063-BF7F-828099766683}.Debug|x86.ActiveCfg = Debug|Any CPU
		{3786FA7B-BB0B-4063-BF7F-828099766683}.Debug|x86.Build.0 = Debug|Any CPU
		{3786FA7B-BB0B-4063-BF7F-828099766683}.Release|Any CPU.ActiveCfg = Release|Any CPU
		{3786FA7B-BB0B-4063-BF7F-828099766683}.Release|Any CPU.Build.0 = Release|Any CPU
		{3786FA7B-BB0B-4063-BF7F-828099766683}.Release|x64.ActiveCfg = Release|Any CPU
		{3786FA7B-BB0B-4063-BF7F-828099766683}.Release|x64.Build.0 = Release|Any CPU
		{3786FA7B-BB0B-4063-BF7F-828099766683}.Release|x86.ActiveCfg = Release|Any CPU
		{3786FA7B-BB0B-4063-BF7F-828099766683}.Release|x86.Build.0 = Release|Any CPU
		{440A6A6F-ED54-4808-B805-6A9AD006E767}.Debug|Any CPU.ActiveCfg = Debug|Any CPU
		{440A6A6F-ED54-4808-B805-6A9AD006E767}.Debug|Any CPU.Build.0 = Debug|Any CPU
		{440A6A6F-ED54-4808-B805-6A9AD006E767}.Debug|x64.ActiveCfg = Debug|Any CPU
		{440A6A6F-ED54-4808-B805-6A9AD006E767}.Debug|x64.Build.0 = Debug|Any CPU
		{440A6A6F-ED54-4808-B805-6A9AD006E767}.Debug|x86.ActiveCfg = Debug|Any CPU
		{440A6A6F-ED54-4808-B805-6A9AD006E767}.Debug|x86.Build.0 = Debug|Any CPU
		{440A6A6F-ED54-4808-B805-6A9AD006E767}.Release|Any CPU.ActiveCfg = Release|Any CPU
		{440A6A6F-ED54-4808-B805-6A9AD006E767}.Release|Any CPU.Build.0 = Release|Any CPU
		{440A6A6F-ED54-4808-B805-6A9AD006E767}.Release|x64.ActiveCfg = Release|Any CPU
		{440A6A6F-ED54-4808-B805-6A9AD006E767}.Release|x64.Build.0 = Release|Any CPU
		{440A6A6F-ED54-4808-B805-6A9AD006E767}.Release|x86.ActiveCfg = Release|Any CPU
		{440A6A6F-ED54-4808-B805-6A9AD006E767}.Release|x86.Build.0 = Release|Any CPU
	EndGlobalSection
	GlobalSection(SolutionProperties) = preSolution
		HideSolutionNode = FALSE
	EndGlobalSection
	GlobalSection(ExtensibilityGlobals) = postSolution
		SolutionGuid = {98EEB52A-02DC-4EF8-B120-1522F071275C}
	EndGlobalSection
EndGlobal
