<?xml version="1.0" encoding="utf-8"?>
<Project ToolsVersion="4.0" xmlns="http://schemas.microsoft.com/developer/msbuild/2003">
  <ItemGroup>
    <ClCompile Include="calltarget_tokens.cpp" />
    <ClCompile Include="class_factory.cpp" />
    <ClCompile Include="clr_helpers.cpp" />
    <ClCompile Include="cor_profiler_base.cpp" />
    <ClCompile Include="cor_profiler.cpp" />
    <ClCompile Include="il_rewriter.cpp" />
    <ClCompile Include="il_rewriter_wrapper.cpp" />
    <ClCompile Include="metadata_builder.cpp" />
    <ClCompile Include="rejit_handler.cpp" />
    <ClCompile Include="rejit_work_offloader.cpp" />
    <ClCompile Include="rejit_preprocessor.cpp" />
    <ClCompile Include="debugger_rejit_preprocessor.cpp">
      <Filter>Debugger</Filter>
    </ClCompile>
    <ClCompile Include="method_rewriter.cpp" />
    <ClCompile Include="debugger_method_rewriter.cpp">
      <Filter>Debugger</Filter>
    </ClCompile>
    <ClCompile Include="debugger_rejit_handler_module_method.cpp">
      <Filter>Debugger</Filter>
    </ClCompile>
    <ClCompile Include="debugger_probes_instrumentation_requester.cpp">
      <Filter>Debugger</Filter>
    </ClCompile>
    <ClCompile Include="environment_variables_util.cpp" />
    <ClCompile Include="..\..\..\shared\src\native-src\string.cpp">
      <Filter>shared</Filter>
    </ClCompile>
    <ClCompile Include="..\..\..\shared\src\native-src\util.cpp">
      <Filter>shared</Filter>
    </ClCompile>
    <ClCompile Include="..\..\..\shared\src\native-src\miniutf.cpp">
      <Filter>shared</Filter>
    </ClCompile>
    <ClCompile Include="debugger_tokens.cpp">
      <Filter>Debugger</Filter>
    </ClCompile>
    <ClCompile Include="debugger_environment_variables_util.cpp">
      <Filter>Debugger</Filter>
    </ClCompile>
    <ClCompile Include="debugger_probes_tracker.cpp">
      <Filter>Debugger</Filter>
    </ClCompile>
    <ClCompile Include="iast\aspect.cpp" />
    <ClCompile Include="iast\aspect_filter.cpp" />
    <ClCompile Include="iast\signature_info.cpp" />
    <ClCompile Include="iast\signature_types.cpp" />
    <ClCompile Include="fault_tolerant_tracker.cpp">
      <Filter>FaultTolerant</Filter>
    </ClCompile>
    <ClCompile Include="fault_tolerant_method_duplicator.cpp">
      <Filter>FaultTolerant</Filter>
    </ClCompile>
    <ClCompile Include="fault_tolerant_envionrment_variables_util.cpp">
      <Filter>FaultTolerant</Filter>
    </ClCompile>
    <ClCompile Include="fault_tolerant_rewriter.cpp">
      <Filter>FaultTolerant</Filter>
    </ClCompile>
    <ClCompile Include="fault_tolerant_tokens.cpp">
      <Filter>FaultTolerant</Filter>
    </ClCompile>
    <ClCompile Include="fault_tolerant_cor_profiler_function_control.cpp">
      <Filter>FaultTolerant\Hooks</Filter>
    </ClCompile>
    <ClCompile Include="iast\method_analyzers.cpp" />
    <ClCompile Include="iast\method_analyzer.cpp" />
    <ClCompile Include="threadUtils.cpp" />
    <ClCompile Include="iast\dataflow.cpp">
      <Filter>Iast</Filter>
    </ClCompile>
    <ClCompile Include="iast\dataflow_aspects.cpp">
      <Filter>Iast</Filter>
    </ClCompile>
    <ClCompile Include="iast\dataflow_il_analysis.cpp">
      <Filter>Iast</Filter>
    </ClCompile>
    <ClCompile Include="iast\dataflow_il_rewriter.cpp">
      <Filter>Iast</Filter>
    </ClCompile>
    <ClCompile Include="iast\iast_util.cpp">
      <Filter>Iast</Filter>
    </ClCompile>
    <ClCompile Include="iast\method_info.cpp">
      <Filter>Iast</Filter>
    </ClCompile>
    <ClCompile Include="iast\module_info.cpp">
      <Filter>Iast</Filter>
    </ClCompile>
    <ClCompile Include="iast\string_optimization_aspect_filter.cpp">
      <Filter>Iast</Filter>
    </ClCompile>
    <ClCompile Include="iast\string_literal_aspect_filter.cpp">
      <Filter>Iast</Filter>
    </ClCompile>
    <ClCompile Include="tracer_rejit_preprocessor.cpp">
      <Filter>Tracer</Filter>
    </ClCompile>
    <ClCompile Include="tracer_tokens.cpp">
      <Filter>Tracer</Filter>
    </ClCompile>
    <ClCompile Include="tracer_method_rewriter.cpp">
      <Filter>Tracer</Filter>
    </ClCompile>
    <ClCompile Include="tracer_handler_module_method.cpp">
      <Filter>Tracer</Filter>
    </ClCompile>
    <ClCompile Include="integration.cpp" />
    <ClCompile Include="tracer_integration_definition.cpp">
      <Filter>Tracer</Filter>
    </ClCompile>
    <ClCompile Include="function_control_wrapper.cpp" />
    <ClCompile Include="iast\hardcoded_secrets_method_analyzer.cpp">
      <Filter>Iast</Filter>
    </ClCompile>
  </ItemGroup>
  <ItemGroup>
    <ClInclude Include="calltarget_tokens.h" />
    <ClInclude Include="class_factory.h" />
    <ClInclude Include="com_ptr.h" />
    <ClInclude Include="cor_profiler.h" />
    <ClInclude Include="cor_profiler_base.h" />
    <ClInclude Include="dd_profiler_constants.h" />
    <ClInclude Include="environment_variables.h" />
    <ClInclude Include="environment_variables_util.h" />
    <ClInclude Include="il_rewriter.h" />
    <ClInclude Include="il_rewriter_wrapper.h" />
    <ClInclude Include="clr_helpers.h" />
    <ClInclude Include="logger.h" />
    <ClInclude Include="macros.h" />
    <ClInclude Include="metadata_builder.h" />
    <ClInclude Include="rejit_handler.h" />
    <ClInclude Include="stats.h" />
    <ClInclude Include="version.h" />
    <ClInclude Include="debugger_members.h">
      <Filter>Debugger</Filter>
    </ClInclude>
    <ClInclude Include="rejit_work_offloader.h" />
    <ClInclude Include="rejit_preprocessor.h" />
    <ClInclude Include="debugger_rejit_preprocessor.h">
      <Filter>Debugger</Filter>
    </ClInclude>
    <ClInclude Include="method_rewriter.h" />
    <ClInclude Include="debugger_method_rewriter.h">
      <Filter>Debugger</Filter>
    </ClInclude>
    <ClInclude Include="debugger_rejit_handler_module_method.h">
      <Filter>Debugger</Filter>
    </ClInclude>
    <ClInclude Include="debugger_probes_instrumentation_requester.h">
      <Filter>Debugger</Filter>
    </ClInclude>
    <ClInclude Include="..\..\..\shared\src\native-src\string.h">
      <Filter>shared</Filter>
    </ClInclude>
    <ClInclude Include="..\..\..\shared\src\native-src\logger_impl.h">
      <Filter>shared</Filter>
    </ClInclude>
    <ClInclude Include="..\..\..\shared\src\native-src\miniutf.hpp">
      <Filter>shared</Filter>
    </ClInclude>
    <ClInclude Include="..\..\..\shared\src\native-src\miniutfdata.h">
      <Filter>shared</Filter>
    </ClInclude>
    <ClInclude Include="..\..\..\shared\src\native-src\pal.h">
      <Filter>shared</Filter>
    </ClInclude>
    <ClInclude Include="debugger_tokens.h">
      <Filter>Debugger</Filter>
    </ClInclude>
    <ClInclude Include="debugger_constants.h">
      <Filter>Debugger</Filter>
    </ClInclude>
    <ClInclude Include="debugger_environment_variables.h">
      <Filter>Debugger</Filter>
    </ClInclude>
    <ClInclude Include="debugger_environment_variables_util.h">
      <Filter>Debugger</Filter>
    </ClInclude>
    <ClInclude Include="debugger_probes_tracker.h">
      <Filter>Debugger</Filter>
    </ClInclude>
    <ClInclude Include="iast\aspect.h" />
    <ClInclude Include="iast\signature_info.h" />
    <ClInclude Include="iast\signature_types.h" />
    <ClInclude Include="iast\app_domain_info.h" />
    <ClInclude Include="iast\aspect_filter_factory.h" />
    <ClInclude Include="iast\aspect_filter.h" />
    <ClInclude Include="iast\method_analyzers.h" />
    <ClInclude Include="iast\method_analyzer.h" />
    <ClInclude Include="Synchronized.hpp" />
    <ClInclude Include="fault_tolerant_tracker.h">
      <Filter>FaultTolerant</Filter>
    </ClInclude>
    <ClInclude Include="fault_tolerant_method_duplicator.h">
      <Filter>FaultTolerant</Filter>
    </ClInclude>
    <ClInclude Include="fault_tolerant_envionrment_variables_util.h">
      <Filter>FaultTolerant</Filter>
    </ClInclude>
    <ClInclude Include="fault_tolerant_environment_variables.h">
      <Filter>FaultTolerant</Filter>
    </ClInclude>
    <ClInclude Include="fault_tolerant_rewriter.h">
      <Filter>FaultTolerant</Filter>
    </ClInclude>
    <ClInclude Include="fault_tolerant_tokens.h">
      <Filter>FaultTolerant</Filter>
    </ClInclude>
    <ClInclude Include="instrumenting_product.h" />
    <ClInclude Include="fault_tolerant_cor_profiler_function_control.h">
      <Filter>FaultTolerant\Hooks</Filter>
    </ClInclude>
    <ClInclude Include="threadUtils.h" />
    <ClInclude Include="iast\dataflow.h">
      <Filter>Iast</Filter>
    </ClInclude>
    <ClInclude Include="iast\dataflow_aspects.h">
      <Filter>Iast</Filter>
    </ClInclude>
    <ClInclude Include="iast\dataflow_il_analysis.h">
      <Filter>Iast</Filter>
    </ClInclude>
    <ClInclude Include="iast\dataflow_il_rewriter.h">
      <Filter>Iast</Filter>
    </ClInclude>
    <ClInclude Include="iast\iast_constants.h">
      <Filter>Iast</Filter>
    </ClInclude>
    <ClInclude Include="iast\iast_util.h">
      <Filter>Iast</Filter>
    </ClInclude>
    <ClInclude Include="iast\method_info.h">
      <Filter>Iast</Filter>
    </ClInclude>
    <ClInclude Include="iast\module_info.h">
      <Filter>Iast</Filter>
    </ClInclude>
    <ClInclude Include="iast\string_optimization_aspect_filter.h">
      <Filter>Iast</Filter>
    </ClInclude>
    <ClInclude Include="iast\string_literal_aspect_filter.h">
      <Filter>Iast</Filter>
    </ClInclude>
    <ClInclude Include="tracer_rejit_preprocessor.h">
      <Filter>Tracer</Filter>
    </ClInclude>
    <ClInclude Include="tracer_tokens.h">
      <Filter>Tracer</Filter>
    </ClInclude>
    <ClInclude Include="tracer_method_rewriter.h">
      <Filter>Tracer</Filter>
    </ClInclude>
    <ClInclude Include="tracer_handler_module_method.h">
      <Filter>Tracer</Filter>
    </ClInclude>
    <ClInclude Include="integration.h" />
    <ClInclude Include="module_metadata.h" />
    <ClInclude Include="tracer_integration_definition.h">
      <Filter>Tracer</Filter>
    </ClInclude>
    <ClInclude Include="function_control_wrapper.h" />
    <ClInclude Include="iast\hardcoded_secrets_method_analyzer.h">
      <Filter>Iast</Filter>
    </ClInclude>
  </ItemGroup>
  <ItemGroup>
    <Filter Include="Debugger">
      <UniqueIdentifier>{d25368e8-3dac-4ce4-9ea3-8c29ad52c489}</UniqueIdentifier>
    </Filter>
    <Filter Include="shared">
      <UniqueIdentifier>{b31bbb47-af39-4840-88e2-eaba1bf73d34}</UniqueIdentifier>
    </Filter>
    <Filter Include="FaultTolerant">
      <UniqueIdentifier>{c978629f-9250-49b5-a5f4-6bdcedfb1531}</UniqueIdentifier>
    </Filter>
    <Filter Include="FaultTolerant\Hooks">
      <UniqueIdentifier>{35c3ef95-c2c0-4141-8a54-ee60d6a8c348}</UniqueIdentifier>
    </Filter>
    <Filter Include="Iast">
      <UniqueIdentifier>{b3968733-8197-4e3a-9c1e-a615a113e3ef}</UniqueIdentifier>
    </Filter>
    <Filter Include="Tracer">
      <UniqueIdentifier>{981bc011-a78e-4f39-b0b2-429340f384cc}</UniqueIdentifier>
    </Filter>
  </ItemGroup>
</Project>