<?xml version="1.0" encoding="utf-8"?>
<Project ToolsVersion="4.0" xmlns="http://schemas.microsoft.com/developer/msbuild/2003">
  <ItemGroup>
    <Filter Include="Source Files">
      <UniqueIdentifier>{4FC737F1-C7A5-4376-A066-2A32D752A2FF}</UniqueIdentifier>
      <Extensions>cpp;c;cc;cxx;c++;cppm;ixx;def;odl;idl;hpj;bat;asm;asmx</Extensions>
    </Filter>
    <Filter Include="Header Files">
      <UniqueIdentifier>{93995380-89BD-4b04-88EB-625FBE52EBFB}</UniqueIdentifier>
      <Extensions>h;hh;hpp;hxx;h++;hm;inl;inc;ipp;xsd</Extensions>
    </Filter>
    <Filter Include="Resource Files">
      <UniqueIdentifier>{e7a15145-7ff8-4108-be2b-c248925402aa}</UniqueIdentifier>
    </Filter>
  </ItemGroup>
  <ItemGroup>
    <ClInclude Include="framework.h">
      <Filter>Header Files</Filter>
    </ClInclude>
    <ClInclude Include="Windows32BitStackFramesCollector.h">
      <Filter>Header Files</Filter>
    </ClInclude>
    <ClInclude Include="Windows64BitStackFramesCollector.h">
      <Filter>Header Files</Filter>
    </ClInclude>
    <ClInclude Include="..\Datadog.Profiler.Native\DllMain.h">
      <Filter>Header Files</Filter>
    </ClInclude>
    <ClInclude Include="..\Datadog.Profiler.Native.Windows\resource.h">
      <Filter>Resource Files</Filter>
    </ClInclude>
  </ItemGroup>
  <ItemGroup>
    <ClCompile Include="Windows32BitStackFramesCollector.cpp">
      <Filter>Source Files</Filter>
    </ClCompile>
    <ClCompile Include="OsSpecificApi.cpp">
      <Filter>Source Files</Filter>
    </ClCompile>
    <ClCompile Include="Windows64BitStackFramesCollector.cpp">
      <Filter>Source Files</Filter>
    </ClCompile>
    <ClCompile Include="WindowsThreadsCpuManager.cpp">
      <Filter>Source Files</Filter>
    </ClCompile>
    <ClCompile Include="..\Datadog.Profiler.Native\DllMain.cpp">
      <Filter>Source Files</Filter>
    </ClCompile>
  </ItemGroup>
  <ItemGroup>
    <None Include="Datadog.Profiler.Native.def">
      <Filter>Source Files</Filter>
    </None>
    <None Include="packages.config" />
  </ItemGroup>
  <ItemGroup>
    <ResourceCompile Include="..\Datadog.Profiler.Native.Windows\Resource.rc">
      <Filter>Resource Files</Filter>
    </ResourceCompile>
  </ItemGroup>
</Project>