Microsoft Visual Studio Solution File, Format Version 12.00
# Visual Studio 15
VisualStudioVersion = 15.0.27130.2027
MinimumVisualStudioVersion = 15.0.26124.0
Project("{9A19103F-16F7-4668-BE54-9A1E7A4F7556}") = "Datadog.Trace", "src\Datadog.Trace\Datadog.Trace.csproj", "{5DFDF781-F24C-45B1-82EF-9125875A80A4}"
EndProject
Project("{9A19103F-16F7-4668-BE54-9A1E7A4F7556}") = "Datadog.Trace.Tests", "test\Datadog.Trace.Tests\Datadog.Trace.Tests.csproj", "{73A1BE1C-9C8A-43FA-86A8-BF2744B4C1BB}"
EndProject
Project("{9A19103F-16F7-4668-BE54-9A1E7A4F7556}") = "Datadog.Trace.IntegrationTests", "test\Datadog.Trace.IntegrationTests\Datadog.Trace.IntegrationTests.csproj", "{0434F813-5F94-4195-8A2C-E2E755513822}"
EndProject
Project("{9A19103F-16F7-4668-BE54-9A1E7A4F7556}") = "Datadog.Trace.OpenTracing", "src\Datadog.Trace.OpenTracing\Datadog.Trace.OpenTracing.csproj", "{188219D1-D123-46C9-B905-A9ED30E6AAA7}"
EndProject
Project("{9A19103F-16F7-4668-BE54-9A1E7A4F7556}") = "Datadog.Trace.OpenTracing.Tests", "test\Datadog.Trace.OpenTracing.Tests\Datadog.Trace.OpenTracing.Tests.csproj", "{3BCE5D99-147B-4305-9970-AB0F683A6E8D}"
EndProject
Project("{9A19103F-16F7-4668-BE54-9A1E7A4F7556}") = "Datadog.Trace.OpenTracing.IntegrationTests", "test\Datadog.Trace.OpenTracing.IntegrationTests\Datadog.Trace.OpenTracing.IntegrationTests.csproj", "{EFBFC324-B459-4D39-8E19-CE4AD0DBF15F}"
EndProject
Project("{9A19103F-16F7-4668-BE54-9A1E7A4F7556}") = "Datadog.Trace.TestHelpers", "test\Datadog.Trace.TestHelpers\Datadog.Trace.TestHelpers.csproj", "{237A1C92-DE9E-4649-961B-BBB7CF0DFE01}"
EndProject
Project("{2150E333-8FDC-42A3-9474-1A3956D46DE8}") = "Solution Items", "Solution Items", "{FEBCE7DC-9FD1-48A6-B911-71ABB240A030}"
	ProjectSection(SolutionItems) = preProject
		.editorconfig = .editorconfig
		.gitattributes = .gitattributes
		.gitignore = .gitignore
		build.cake = build.cake
		Datadog.Trace.snk = Datadog.Trace.snk
		Directory.Build.props = Directory.Build.props
		GlobalSuppressions.cs = GlobalSuppressions.cs
		LICENSE = LICENSE
		LICENSE-3rdparty.csv = LICENSE-3rdparty.csv
		README.md = README.md
		stylecop.json = stylecop.json
	EndProjectSection
EndProject
Project("{2150E333-8FDC-42A3-9474-1A3956D46DE8}") = "src", "src", "{9E5F0022-0A50-40BF-AC6A-C3078585ECAB}"
	ProjectSection(SolutionItems) = preProject
		src\Directory.Build.props = src\Directory.Build.props
		src\GlobalSuppressions.cs = src\GlobalSuppressions.cs
	EndProjectSection
EndProject
Project("{2150E333-8FDC-42A3-9474-1A3956D46DE8}") = "test", "test", "{8CEC2042-F11C-49F5-A674-2355793B600A}"
	ProjectSection(SolutionItems) = preProject
		test\Directory.Build.props = test\Directory.Build.props
		test\GlobalSuppressions.cs = test\GlobalSuppressions.cs
	EndProjectSection
EndProject
Project("{2150E333-8FDC-42A3-9474-1A3956D46DE8}") = "benchmarks", "benchmarks", "{F1EFDD86-0213-4C73-9B38-AEBBDABE984F}"
	ProjectSection(SolutionItems) = preProject
		benchmarks\Directory.Build.props = benchmarks\Directory.Build.props
		benchmarks\GlobalSuppressions.cs = benchmarks\GlobalSuppressions.cs
	EndProjectSection
EndProject
Project("{9A19103F-16F7-4668-BE54-9A1E7A4F7556}") = "Datadog.Trace.Performance", "benchmarks\Datadog.Trace.Performance\Datadog.Trace.Performance.csproj", "{733120FD-2423-491A-8FB1-427867101D8D}"
EndProject
Project("{9A19103F-16F7-4668-BE54-9A1E7A4F7556}") = "Datadog.Trace.ClrProfiler.Managed", "src\Datadog.Trace.ClrProfiler.Managed\Datadog.Trace.ClrProfiler.Managed.csproj", "{85F35AAF-D102-4960-8B41-3BD9CBD0E77F}"
EndProject
Project("{8BC9CEB8-8B4A-11D0-8D11-00A0C91BC942}") = "Datadog.Trace.ClrProfiler.Native", "src\Datadog.Trace.ClrProfiler.Native\Datadog.Trace.ClrProfiler.Native.vcxproj", "{91B6272F-5780-4C94-8071-DBBA7B4F67F3}"
EndProject
Project("{2150E333-8FDC-42A3-9474-1A3956D46DE8}") = "samples", "samples", "{AA6F5582-3B71-49AC-AA39-8F7815AC46BE}"
	ProjectSection(SolutionItems) = preProject
		samples\Directory.Build.props = samples\Directory.Build.props
	EndProjectSection
EndProject
Project("{FAE04EC0-301F-11D3-BF4B-00C04F79EFBC}") = "Samples.AspNetMvc5", "samples\Samples.AspNetMvc5\Samples.AspNetMvc5.csproj", "{3C6DD42E-9214-4747-92BA-78DE29AACE59}"
EndProject
Project("{FAE04EC0-301F-11D3-BF4B-00C04F79EFBC}") = "Samples.AspNetCoreMvc2", "samples\Samples.AspNetCoreMvc2\Samples.AspNetCoreMvc2.csproj", "{9951A03A-AD1B-48D8-A96D-B85532BEDADD}"
EndProject
Global
	GlobalSection(SolutionConfigurationPlatforms) = preSolution
		Debug|Any CPU = Debug|Any CPU
		Debug|x64 = Debug|x64
		Debug|x86 = Debug|x86
		Release|Any CPU = Release|Any CPU
		Release|x64 = Release|x64
		Release|x86 = Release|x86
	EndGlobalSection
	GlobalSection(ProjectConfigurationPlatforms) = postSolution
		{5DFDF781-F24C-45B1-82EF-9125875A80A4}.Debug|Any CPU.ActiveCfg = Debug|Any CPU
		{5DFDF781-F24C-45B1-82EF-9125875A80A4}.Debug|Any CPU.Build.0 = Debug|Any CPU
		{5DFDF781-F24C-45B1-82EF-9125875A80A4}.Debug|x64.ActiveCfg = Debug|Any CPU
		{5DFDF781-F24C-45B1-82EF-9125875A80A4}.Debug|x64.Build.0 = Debug|Any CPU
		{5DFDF781-F24C-45B1-82EF-9125875A80A4}.Debug|x86.ActiveCfg = Debug|Any CPU
		{5DFDF781-F24C-45B1-82EF-9125875A80A4}.Debug|x86.Build.0 = Debug|Any CPU
		{5DFDF781-F24C-45B1-82EF-9125875A80A4}.Release|Any CPU.ActiveCfg = Release|Any CPU
		{5DFDF781-F24C-45B1-82EF-9125875A80A4}.Release|Any CPU.Build.0 = Release|Any CPU
		{5DFDF781-F24C-45B1-82EF-9125875A80A4}.Release|x64.ActiveCfg = Release|Any CPU
		{5DFDF781-F24C-45B1-82EF-9125875A80A4}.Release|x64.Build.0 = Release|Any CPU
		{5DFDF781-F24C-45B1-82EF-9125875A80A4}.Release|x86.ActiveCfg = Release|Any CPU
		{5DFDF781-F24C-45B1-82EF-9125875A80A4}.Release|x86.Build.0 = Release|Any CPU
		{73A1BE1C-9C8A-43FA-86A8-BF2744B4C1BB}.Debug|Any CPU.ActiveCfg = Debug|Any CPU
		{73A1BE1C-9C8A-43FA-86A8-BF2744B4C1BB}.Debug|Any CPU.Build.0 = Debug|Any CPU
		{73A1BE1C-9C8A-43FA-86A8-BF2744B4C1BB}.Debug|x64.ActiveCfg = Debug|Any CPU
		{73A1BE1C-9C8A-43FA-86A8-BF2744B4C1BB}.Debug|x64.Build.0 = Debug|Any CPU
		{73A1BE1C-9C8A-43FA-86A8-BF2744B4C1BB}.Debug|x86.ActiveCfg = Debug|Any CPU
		{73A1BE1C-9C8A-43FA-86A8-BF2744B4C1BB}.Debug|x86.Build.0 = Debug|Any CPU
		{73A1BE1C-9C8A-43FA-86A8-BF2744B4C1BB}.Release|Any CPU.ActiveCfg = Release|Any CPU
		{73A1BE1C-9C8A-43FA-86A8-BF2744B4C1BB}.Release|Any CPU.Build.0 = Release|Any CPU
		{73A1BE1C-9C8A-43FA-86A8-BF2744B4C1BB}.Release|x64.ActiveCfg = Release|Any CPU
		{73A1BE1C-9C8A-43FA-86A8-BF2744B4C1BB}.Release|x64.Build.0 = Release|Any CPU
		{73A1BE1C-9C8A-43FA-86A8-BF2744B4C1BB}.Release|x86.ActiveCfg = Release|Any CPU
		{73A1BE1C-9C8A-43FA-86A8-BF2744B4C1BB}.Release|x86.Build.0 = Release|Any CPU
		{0434F813-5F94-4195-8A2C-E2E755513822}.Debug|Any CPU.ActiveCfg = Debug|Any CPU
		{0434F813-5F94-4195-8A2C-E2E755513822}.Debug|Any CPU.Build.0 = Debug|Any CPU
		{0434F813-5F94-4195-8A2C-E2E755513822}.Debug|x64.ActiveCfg = Debug|Any CPU
		{0434F813-5F94-4195-8A2C-E2E755513822}.Debug|x64.Build.0 = Debug|Any CPU
		{0434F813-5F94-4195-8A2C-E2E755513822}.Debug|x86.ActiveCfg = Debug|Any CPU
		{0434F813-5F94-4195-8A2C-E2E755513822}.Debug|x86.Build.0 = Debug|Any CPU
		{0434F813-5F94-4195-8A2C-E2E755513822}.Release|Any CPU.ActiveCfg = Release|Any CPU
		{0434F813-5F94-4195-8A2C-E2E755513822}.Release|Any CPU.Build.0 = Release|Any CPU
		{0434F813-5F94-4195-8A2C-E2E755513822}.Release|x64.ActiveCfg = Release|Any CPU
		{0434F813-5F94-4195-8A2C-E2E755513822}.Release|x64.Build.0 = Release|Any CPU
		{0434F813-5F94-4195-8A2C-E2E755513822}.Release|x86.ActiveCfg = Release|Any CPU
		{0434F813-5F94-4195-8A2C-E2E755513822}.Release|x86.Build.0 = Release|Any CPU
		{188219D1-D123-46C9-B905-A9ED30E6AAA7}.Debug|Any CPU.ActiveCfg = Debug|Any CPU
		{188219D1-D123-46C9-B905-A9ED30E6AAA7}.Debug|Any CPU.Build.0 = Debug|Any CPU
		{188219D1-D123-46C9-B905-A9ED30E6AAA7}.Debug|x64.ActiveCfg = Debug|Any CPU
		{188219D1-D123-46C9-B905-A9ED30E6AAA7}.Debug|x64.Build.0 = Debug|Any CPU
		{188219D1-D123-46C9-B905-A9ED30E6AAA7}.Debug|x86.ActiveCfg = Debug|Any CPU
		{188219D1-D123-46C9-B905-A9ED30E6AAA7}.Debug|x86.Build.0 = Debug|Any CPU
		{188219D1-D123-46C9-B905-A9ED30E6AAA7}.Release|Any CPU.ActiveCfg = Release|Any CPU
		{188219D1-D123-46C9-B905-A9ED30E6AAA7}.Release|Any CPU.Build.0 = Release|Any CPU
		{188219D1-D123-46C9-B905-A9ED30E6AAA7}.Release|x64.ActiveCfg = Release|Any CPU
		{188219D1-D123-46C9-B905-A9ED30E6AAA7}.Release|x64.Build.0 = Release|Any CPU
		{188219D1-D123-46C9-B905-A9ED30E6AAA7}.Release|x86.ActiveCfg = Release|Any CPU
		{188219D1-D123-46C9-B905-A9ED30E6AAA7}.Release|x86.Build.0 = Release|Any CPU
		{3BCE5D99-147B-4305-9970-AB0F683A6E8D}.Debug|Any CPU.ActiveCfg = Debug|Any CPU
		{3BCE5D99-147B-4305-9970-AB0F683A6E8D}.Debug|Any CPU.Build.0 = Debug|Any CPU
		{3BCE5D99-147B-4305-9970-AB0F683A6E8D}.Debug|x64.ActiveCfg = Debug|Any CPU
		{3BCE5D99-147B-4305-9970-AB0F683A6E8D}.Debug|x64.Build.0 = Debug|Any CPU
		{3BCE5D99-147B-4305-9970-AB0F683A6E8D}.Debug|x86.ActiveCfg = Debug|Any CPU
		{3BCE5D99-147B-4305-9970-AB0F683A6E8D}.Debug|x86.Build.0 = Debug|Any CPU
		{3BCE5D99-147B-4305-9970-AB0F683A6E8D}.Release|Any CPU.ActiveCfg = Release|Any CPU
		{3BCE5D99-147B-4305-9970-AB0F683A6E8D}.Release|Any CPU.Build.0 = Release|Any CPU
		{3BCE5D99-147B-4305-9970-AB0F683A6E8D}.Release|x64.ActiveCfg = Release|Any CPU
		{3BCE5D99-147B-4305-9970-AB0F683A6E8D}.Release|x64.Build.0 = Release|Any CPU
		{3BCE5D99-147B-4305-9970-AB0F683A6E8D}.Release|x86.ActiveCfg = Release|Any CPU
		{3BCE5D99-147B-4305-9970-AB0F683A6E8D}.Release|x86.Build.0 = Release|Any CPU
		{EFBFC324-B459-4D39-8E19-CE4AD0DBF15F}.Debug|Any CPU.ActiveCfg = Debug|Any CPU
		{EFBFC324-B459-4D39-8E19-CE4AD0DBF15F}.Debug|Any CPU.Build.0 = Debug|Any CPU
		{EFBFC324-B459-4D39-8E19-CE4AD0DBF15F}.Debug|x64.ActiveCfg = Debug|Any CPU
		{EFBFC324-B459-4D39-8E19-CE4AD0DBF15F}.Debug|x64.Build.0 = Debug|Any CPU
		{EFBFC324-B459-4D39-8E19-CE4AD0DBF15F}.Debug|x86.ActiveCfg = Debug|Any CPU
		{EFBFC324-B459-4D39-8E19-CE4AD0DBF15F}.Debug|x86.Build.0 = Debug|Any CPU
		{EFBFC324-B459-4D39-8E19-CE4AD0DBF15F}.Release|Any CPU.ActiveCfg = Release|Any CPU
		{EFBFC324-B459-4D39-8E19-CE4AD0DBF15F}.Release|Any CPU.Build.0 = Release|Any CPU
		{EFBFC324-B459-4D39-8E19-CE4AD0DBF15F}.Release|x64.ActiveCfg = Release|Any CPU
		{EFBFC324-B459-4D39-8E19-CE4AD0DBF15F}.Release|x64.Build.0 = Release|Any CPU
		{EFBFC324-B459-4D39-8E19-CE4AD0DBF15F}.Release|x86.ActiveCfg = Release|Any CPU
		{EFBFC324-B459-4D39-8E19-CE4AD0DBF15F}.Release|x86.Build.0 = Release|Any CPU
		{237A1C92-DE9E-4649-961B-BBB7CF0DFE01}.Debug|Any CPU.ActiveCfg = Debug|Any CPU
		{237A1C92-DE9E-4649-961B-BBB7CF0DFE01}.Debug|Any CPU.Build.0 = Debug|Any CPU
		{237A1C92-DE9E-4649-961B-BBB7CF0DFE01}.Debug|x64.ActiveCfg = Debug|Any CPU
		{237A1C92-DE9E-4649-961B-BBB7CF0DFE01}.Debug|x64.Build.0 = Debug|Any CPU
		{237A1C92-DE9E-4649-961B-BBB7CF0DFE01}.Debug|x86.ActiveCfg = Debug|Any CPU
		{237A1C92-DE9E-4649-961B-BBB7CF0DFE01}.Debug|x86.Build.0 = Debug|Any CPU
		{237A1C92-DE9E-4649-961B-BBB7CF0DFE01}.Release|Any CPU.ActiveCfg = Release|Any CPU
		{237A1C92-DE9E-4649-961B-BBB7CF0DFE01}.Release|Any CPU.Build.0 = Release|Any CPU
		{237A1C92-DE9E-4649-961B-BBB7CF0DFE01}.Release|x64.ActiveCfg = Release|Any CPU
		{237A1C92-DE9E-4649-961B-BBB7CF0DFE01}.Release|x64.Build.0 = Release|Any CPU
		{237A1C92-DE9E-4649-961B-BBB7CF0DFE01}.Release|x86.ActiveCfg = Release|Any CPU
		{237A1C92-DE9E-4649-961B-BBB7CF0DFE01}.Release|x86.Build.0 = Release|Any CPU
		{733120FD-2423-491A-8FB1-427867101D8D}.Debug|Any CPU.ActiveCfg = Debug|Any CPU
		{733120FD-2423-491A-8FB1-427867101D8D}.Debug|Any CPU.Build.0 = Debug|Any CPU
		{733120FD-2423-491A-8FB1-427867101D8D}.Debug|x64.ActiveCfg = Debug|Any CPU
		{733120FD-2423-491A-8FB1-427867101D8D}.Debug|x64.Build.0 = Debug|Any CPU
		{733120FD-2423-491A-8FB1-427867101D8D}.Debug|x86.ActiveCfg = Debug|Any CPU
		{733120FD-2423-491A-8FB1-427867101D8D}.Debug|x86.Build.0 = Debug|Any CPU
		{733120FD-2423-491A-8FB1-427867101D8D}.Release|Any CPU.ActiveCfg = Release|Any CPU
		{733120FD-2423-491A-8FB1-427867101D8D}.Release|Any CPU.Build.0 = Release|Any CPU
		{733120FD-2423-491A-8FB1-427867101D8D}.Release|x64.ActiveCfg = Release|Any CPU
		{733120FD-2423-491A-8FB1-427867101D8D}.Release|x64.Build.0 = Release|Any CPU
		{733120FD-2423-491A-8FB1-427867101D8D}.Release|x86.ActiveCfg = Release|Any CPU
		{733120FD-2423-491A-8FB1-427867101D8D}.Release|x86.Build.0 = Release|Any CPU
		{85F35AAF-D102-4960-8B41-3BD9CBD0E77F}.Debug|Any CPU.ActiveCfg = Debug|Any CPU
		{85F35AAF-D102-4960-8B41-3BD9CBD0E77F}.Debug|Any CPU.Build.0 = Debug|Any CPU
		{85F35AAF-D102-4960-8B41-3BD9CBD0E77F}.Debug|x64.ActiveCfg = Debug|Any CPU
		{85F35AAF-D102-4960-8B41-3BD9CBD0E77F}.Debug|x64.Build.0 = Debug|Any CPU
		{85F35AAF-D102-4960-8B41-3BD9CBD0E77F}.Debug|x86.ActiveCfg = Debug|Any CPU
		{85F35AAF-D102-4960-8B41-3BD9CBD0E77F}.Debug|x86.Build.0 = Debug|Any CPU
		{85F35AAF-D102-4960-8B41-3BD9CBD0E77F}.Release|Any CPU.ActiveCfg = Release|Any CPU
		{85F35AAF-D102-4960-8B41-3BD9CBD0E77F}.Release|Any CPU.Build.0 = Release|Any CPU
		{85F35AAF-D102-4960-8B41-3BD9CBD0E77F}.Release|x64.ActiveCfg = Release|Any CPU
		{85F35AAF-D102-4960-8B41-3BD9CBD0E77F}.Release|x64.Build.0 = Release|Any CPU
		{85F35AAF-D102-4960-8B41-3BD9CBD0E77F}.Release|x86.ActiveCfg = Release|Any CPU
		{85F35AAF-D102-4960-8B41-3BD9CBD0E77F}.Release|x86.Build.0 = Release|Any CPU
		{91B6272F-5780-4C94-8071-DBBA7B4F67F3}.Debug|Any CPU.ActiveCfg = Debug|Win32
		{91B6272F-5780-4C94-8071-DBBA7B4F67F3}.Debug|x64.ActiveCfg = Debug|x64
		{91B6272F-5780-4C94-8071-DBBA7B4F67F3}.Debug|x64.Build.0 = Debug|x64
		{91B6272F-5780-4C94-8071-DBBA7B4F67F3}.Debug|x86.ActiveCfg = Debug|Win32
		{91B6272F-5780-4C94-8071-DBBA7B4F67F3}.Debug|x86.Build.0 = Debug|Win32
		{91B6272F-5780-4C94-8071-DBBA7B4F67F3}.Release|Any CPU.ActiveCfg = Release|Win32
		{91B6272F-5780-4C94-8071-DBBA7B4F67F3}.Release|x64.ActiveCfg = Release|x64
		{91B6272F-5780-4C94-8071-DBBA7B4F67F3}.Release|x64.Build.0 = Release|x64
		{91B6272F-5780-4C94-8071-DBBA7B4F67F3}.Release|x86.ActiveCfg = Release|Win32
		{91B6272F-5780-4C94-8071-DBBA7B4F67F3}.Release|x86.Build.0 = Release|Win32
		{3C6DD42E-9214-4747-92BA-78DE29AACE59}.Debug|Any CPU.ActiveCfg = Debug|Any CPU
		{3C6DD42E-9214-4747-92BA-78DE29AACE59}.Debug|Any CPU.Build.0 = Debug|Any CPU
		{3C6DD42E-9214-4747-92BA-78DE29AACE59}.Debug|x64.ActiveCfg = Debug|Any CPU
		{3C6DD42E-9214-4747-92BA-78DE29AACE59}.Debug|x64.Build.0 = Debug|Any CPU
		{3C6DD42E-9214-4747-92BA-78DE29AACE59}.Debug|x86.ActiveCfg = Debug|Any CPU
		{3C6DD42E-9214-4747-92BA-78DE29AACE59}.Debug|x86.Build.0 = Debug|Any CPU
		{3C6DD42E-9214-4747-92BA-78DE29AACE59}.Release|Any CPU.ActiveCfg = Release|Any CPU
		{3C6DD42E-9214-4747-92BA-78DE29AACE59}.Release|Any CPU.Build.0 = Release|Any CPU
		{3C6DD42E-9214-4747-92BA-78DE29AACE59}.Release|x64.ActiveCfg = Release|Any CPU
		{3C6DD42E-9214-4747-92BA-78DE29AACE59}.Release|x64.Build.0 = Release|Any CPU
		{3C6DD42E-9214-4747-92BA-78DE29AACE59}.Release|x86.ActiveCfg = Release|Any CPU
		{3C6DD42E-9214-4747-92BA-78DE29AACE59}.Release|x86.Build.0 = Release|Any CPU
		{9951A03A-AD1B-48D8-A96D-B85532BEDADD}.Debug|Any CPU.ActiveCfg = Debug|Any CPU
		{9951A03A-AD1B-48D8-A96D-B85532BEDADD}.Debug|Any CPU.Build.0 = Debug|Any CPU
		{9951A03A-AD1B-48D8-A96D-B85532BEDADD}.Debug|x64.ActiveCfg = Debug|Any CPU
		{9951A03A-AD1B-48D8-A96D-B85532BEDADD}.Debug|x64.Build.0 = Debug|Any CPU
		{9951A03A-AD1B-48D8-A96D-B85532BEDADD}.Debug|x86.ActiveCfg = Debug|Any CPU
		{9951A03A-AD1B-48D8-A96D-B85532BEDADD}.Debug|x86.Build.0 = Debug|Any CPU
		{9951A03A-AD1B-48D8-A96D-B85532BEDADD}.Release|Any CPU.ActiveCfg = Release|Any CPU
		{9951A03A-AD1B-48D8-A96D-B85532BEDADD}.Release|Any CPU.Build.0 = Release|Any CPU
		{9951A03A-AD1B-48D8-A96D-B85532BEDADD}.Release|x64.ActiveCfg = Release|Any CPU
		{9951A03A-AD1B-48D8-A96D-B85532BEDADD}.Release|x64.Build.0 = Release|Any CPU
		{9951A03A-AD1B-48D8-A96D-B85532BEDADD}.Release|x86.ActiveCfg = Release|Any CPU
		{9951A03A-AD1B-48D8-A96D-B85532BEDADD}.Release|x86.Build.0 = Release|Any CPU
	EndGlobalSection
	GlobalSection(SolutionProperties) = preSolution
		HideSolutionNode = FALSE
	EndGlobalSection
	GlobalSection(NestedProjects) = preSolution
		{5DFDF781-F24C-45B1-82EF-9125875A80A4} = {9E5F0022-0A50-40BF-AC6A-C3078585ECAB}
		{73A1BE1C-9C8A-43FA-86A8-BF2744B4C1BB} = {8CEC2042-F11C-49F5-A674-2355793B600A}
		{0434F813-5F94-4195-8A2C-E2E755513822} = {8CEC2042-F11C-49F5-A674-2355793B600A}
		{188219D1-D123-46C9-B905-A9ED30E6AAA7} = {9E5F0022-0A50-40BF-AC6A-C3078585ECAB}
		{3BCE5D99-147B-4305-9970-AB0F683A6E8D} = {8CEC2042-F11C-49F5-A674-2355793B600A}
		{EFBFC324-B459-4D39-8E19-CE4AD0DBF15F} = {8CEC2042-F11C-49F5-A674-2355793B600A}
		{237A1C92-DE9E-4649-961B-BBB7CF0DFE01} = {8CEC2042-F11C-49F5-A674-2355793B600A}
		{733120FD-2423-491A-8FB1-427867101D8D} = {F1EFDD86-0213-4C73-9B38-AEBBDABE984F}
		{85F35AAF-D102-4960-8B41-3BD9CBD0E77F} = {9E5F0022-0A50-40BF-AC6A-C3078585ECAB}
		{91B6272F-5780-4C94-8071-DBBA7B4F67F3} = {9E5F0022-0A50-40BF-AC6A-C3078585ECAB}
		{3C6DD42E-9214-4747-92BA-78DE29AACE59} = {AA6F5582-3B71-49AC-AA39-8F7815AC46BE}
		{9951A03A-AD1B-48D8-A96D-B85532BEDADD} = {AA6F5582-3B71-49AC-AA39-8F7815AC46BE}
	EndGlobalSection
	GlobalSection(ExtensibilityGlobals) = postSolution
		SolutionGuid = {160A1D00-1F5B-40F8-A155-621B4459D78F}
	EndGlobalSection
EndGlobal
