
Microsoft Visual Studio Solution File, Format Version 12.00
# Visual Studio Version 17
VisualStudioVersion = 17.0.31903.59
MinimumVisualStudioVersion = 10.0.40219.1
Project("{2150E333-8FDC-42A3-9474-1A3956D46DE8}") = "src", "src", "{B5F17E36-B688-4BC0-AC8D-5A40FC0B5112}"
EndProject
Project("{2150E333-8FDC-42A3-9474-1A3956D46DE8}") = "test", "test", "{8168F1CE-CF64-4BFD-8139-2427BA47DDFD}"
EndProject
Project("{FAE04EC0-301F-11D3-BF4B-00C04F79EFBC}") = "Datadog.Trace", "tracer\src\Datadog.Trace\Datadog.Trace.csproj", "{08F89FB1-36AA-4CE1-9F89-41646DD5C064}"
EndProject
Project("{FAE04EC0-301F-11D3-BF4B-00C04F79EFBC}") = "Datadog.Trace.Annotations", "tracer\src\Datadog.Trace.Annotations\Datadog.Trace.Annotations.csproj", "{77962A8B-702E-445B-8033-618B69D27847}"
EndProject
Project("{FAE04EC0-301F-11D3-BF4B-00C04F79EFBC}") = "Datadog.Trace.ClrProfiler.Managed.Loader", "tracer\src\Datadog.Trace.ClrProfiler.Managed.Loader\Datadog.Trace.ClrProfiler.Managed.Loader.csproj", "{EEB61F89-D624-4D16-9828-4B3F4E3B1A6A}"
EndProject
Project("{FAE04EC0-301F-11D3-BF4B-00C04F79EFBC}") = "Datadog.Trace.MSBuild", "tracer\src\Datadog.Trace.MSBuild\Datadog.Trace.MSBuild.csproj", "{C2221825-F3E8-4556-AFB6-F6D10DC05B89}"
EndProject
Project("{FAE04EC0-301F-11D3-BF4B-00C04F79EFBC}") = "Datadog.Trace.SourceGenerators", "tracer\src\Datadog.Trace.SourceGenerators\Datadog.Trace.SourceGenerators.csproj", "{AFA858E3-AE74-4C91-A9ED-EDE7A8852A11}"
EndProject
Project("{FAE04EC0-301F-11D3-BF4B-00C04F79EFBC}") = "Datadog.Trace.Tools.Analyzers", "tracer\src\Datadog.Trace.Tools.Analyzers\Datadog.Trace.Tools.Analyzers.csproj", "{2DA8EE7D-1829-4E4A-BDF6-2086275324C7}"
EndProject
Project("{FAE04EC0-301F-11D3-BF4B-00C04F79EFBC}") = "Datadog.Trace.IntegrationTests", "tracer\test\Datadog.Trace.IntegrationTests\Datadog.Trace.IntegrationTests.csproj", "{E05DD49F-9CF1-43CC-800F-D864B5D4FC96}"
EndProject
Project("{FAE04EC0-301F-11D3-BF4B-00C04F79EFBC}") = "Datadog.Trace.TestHelpers", "tracer\test\Datadog.Trace.TestHelpers\Datadog.Trace.TestHelpers.csproj", "{651A0919-F46C-490F-A36A-775A3224C56E}"
EndProject
Project("{FAE04EC0-301F-11D3-BF4B-00C04F79EFBC}") = "Datadog.Trace.Tests", "tracer\test\Datadog.Trace.Tests\Datadog.Trace.Tests.csproj", "{599E21EE-937C-4DC3-BE32-AB2A5F91BA79}"
EndProject
Project("{FAE04EC0-301F-11D3-BF4B-00C04F79EFBC}") = "Datadog.Trace.ClrProfiler.IntegrationTests", "tracer\test\Datadog.Trace.ClrProfiler.IntegrationTests\Datadog.Trace.ClrProfiler.IntegrationTests.csproj", "{B7FA645D-9540-44D0-B6F1-05F26D982624}"
EndProject
Global
	GlobalSection(SolutionConfigurationPlatforms) = preSolution
		Debug|Any CPU = Debug|Any CPU
		Release|Any CPU = Release|Any CPU
	EndGlobalSection
	GlobalSection(SolutionProperties) = preSolution
		HideSolutionNode = FALSE
	EndGlobalSection
	GlobalSection(NestedProjects) = preSolution
		{08F89FB1-36AA-4CE1-9F89-41646DD5C064} = {B5F17E36-B688-4BC0-AC8D-5A40FC0B5112}
		{77962A8B-702E-445B-8033-618B69D27847} = {B5F17E36-B688-4BC0-AC8D-5A40FC0B5112}
		{EEB61F89-D624-4D16-9828-4B3F4E3B1A6A} = {B5F17E36-B688-4BC0-AC8D-5A40FC0B5112}
		{C2221825-F3E8-4556-AFB6-F6D10DC05B89} = {B5F17E36-B688-4BC0-AC8D-5A40FC0B5112}
		{AFA858E3-AE74-4C91-A9ED-EDE7A8852A11} = {B5F17E36-B688-4BC0-AC8D-5A40FC0B5112}
		{2DA8EE7D-1829-4E4A-BDF6-2086275324C7} = {B5F17E36-B688-4BC0-AC8D-5A40FC0B5112}
		{E05DD49F-9CF1-43CC-800F-D864B5D4FC96} = {8168F1CE-CF64-4BFD-8139-2427BA47DDFD}
		{651A0919-F46C-490F-A36A-775A3224C56E} = {8168F1CE-CF64-4BFD-8139-2427BA47DDFD}
		{599E21EE-937C-4DC3-BE32-AB2A5F91BA79} = {8168F1CE-CF64-4BFD-8139-2427BA47DDFD}
		{B7FA645D-9540-44D0-B6F1-05F26D982624} = {8168F1CE-CF64-4BFD-8139-2427BA47DDFD}
	EndGlobalSection
	GlobalSection(ProjectConfigurationPlatforms) = postSolution
		{08F89FB1-36AA-4CE1-9F89-41646DD5C064}.Debug|Any CPU.ActiveCfg = Debug|Any CPU
		{08F89FB1-36AA-4CE1-9F89-41646DD5C064}.Debug|Any CPU.Build.0 = Debug|Any CPU
		{08F89FB1-36AA-4CE1-9F89-41646DD5C064}.Release|Any CPU.ActiveCfg = Release|Any CPU
		{08F89FB1-36AA-4CE1-9F89-41646DD5C064}.Release|Any CPU.Build.0 = Release|Any CPU
		{77962A8B-702E-445B-8033-618B69D27847}.Debug|Any CPU.ActiveCfg = Debug|Any CPU
		{77962A8B-702E-445B-8033-618B69D27847}.Debug|Any CPU.Build.0 = Debug|Any CPU
		{77962A8B-702E-445B-8033-618B69D27847}.Release|Any CPU.ActiveCfg = Release|Any CPU
		{77962A8B-702E-445B-8033-618B69D27847}.Release|Any CPU.Build.0 = Release|Any CPU
		{EEB61F89-D624-4D16-9828-4B3F4E3B1A6A}.Debug|Any CPU.ActiveCfg = Debug|Any CPU
		{EEB61F89-D624-4D16-9828-4B3F4E3B1A6A}.Debug|Any CPU.Build.0 = Debug|Any CPU
		{EEB61F89-D624-4D16-9828-4B3F4E3B1A6A}.Release|Any CPU.ActiveCfg = Release|Any CPU
		{EEB61F89-D624-4D16-9828-4B3F4E3B1A6A}.Release|Any CPU.Build.0 = Release|Any CPU
		{C2221825-F3E8-4556-AFB6-F6D10DC05B89}.Debug|Any CPU.ActiveCfg = Debug|Any CPU
		{C2221825-F3E8-4556-AFB6-F6D10DC05B89}.Debug|Any CPU.Build.0 = Debug|Any CPU
		{C2221825-F3E8-4556-AFB6-F6D10DC05B89}.Release|Any CPU.ActiveCfg = Release|Any CPU
		{C2221825-F3E8-4556-AFB6-F6D10DC05B89}.Release|Any CPU.Build.0 = Release|Any CPU
		{AFA858E3-AE74-4C91-A9ED-EDE7A8852A11}.Debug|Any CPU.ActiveCfg = Debug|Any CPU
		{AFA858E3-AE74-4C91-A9ED-EDE7A8852A11}.Debug|Any CPU.Build.0 = Debug|Any CPU
		{AFA858E3-AE74-4C91-A9ED-EDE7A8852A11}.Release|Any CPU.ActiveCfg = Release|Any CPU
		{AFA858E3-AE74-4C91-A9ED-EDE7A8852A11}.Release|Any CPU.Build.0 = Release|Any CPU
		{2DA8EE7D-1829-4E4A-BDF6-2086275324C7}.Debug|Any CPU.ActiveCfg = Debug|Any CPU
		{2DA8EE7D-1829-4E4A-BDF6-2086275324C7}.Debug|Any CPU.Build.0 = Debug|Any CPU
		{2DA8EE7D-1829-4E4A-BDF6-2086275324C7}.Release|Any CPU.ActiveCfg = Release|Any CPU
		{2DA8EE7D-1829-4E4A-BDF6-2086275324C7}.Release|Any CPU.Build.0 = Release|Any CPU
		{E05DD49F-9CF1-43CC-800F-D864B5D4FC96}.Debug|Any CPU.ActiveCfg = Debug|Any CPU
		{E05DD49F-9CF1-43CC-800F-D864B5D4FC96}.Debug|Any CPU.Build.0 = Debug|Any CPU
		{E05DD49F-9CF1-43CC-800F-D864B5D4FC96}.Release|Any CPU.ActiveCfg = Release|Any CPU
		{E05DD49F-9CF1-43CC-800F-D864B5D4FC96}.Release|Any CPU.Build.0 = Release|Any CPU
		{651A0919-F46C-490F-A36A-775A3224C56E}.Debug|Any CPU.ActiveCfg = Debug|Any CPU
		{651A0919-F46C-490F-A36A-775A3224C56E}.Debug|Any CPU.Build.0 = Debug|Any CPU
		{651A0919-F46C-490F-A36A-775A3224C56E}.Release|Any CPU.ActiveCfg = Release|Any CPU
		{651A0919-F46C-490F-A36A-775A3224C56E}.Release|Any CPU.Build.0 = Release|Any CPU
		{599E21EE-937C-4DC3-BE32-AB2A5F91BA79}.Debug|Any CPU.ActiveCfg = Debug|Any CPU
		{599E21EE-937C-4DC3-BE32-AB2A5F91BA79}.Debug|Any CPU.Build.0 = Debug|Any CPU
		{599E21EE-937C-4DC3-BE32-AB2A5F91BA79}.Release|Any CPU.ActiveCfg = Release|Any CPU
		{599E21EE-937C-4DC3-BE32-AB2A5F91BA79}.Release|Any CPU.Build.0 = Release|Any CPU
		{B7FA645D-9540-44D0-B6F1-05F26D982624}.Debug|Any CPU.ActiveCfg = Debug|Any CPU
		{B7FA645D-9540-44D0-B6F1-05F26D982624}.Debug|Any CPU.Build.0 = Debug|Any CPU
		{B7FA645D-9540-44D0-B6F1-05F26D982624}.Release|Any CPU.ActiveCfg = Release|Any CPU
		{B7FA645D-9540-44D0-B6F1-05F26D982624}.Release|Any CPU.Build.0 = Release|Any CPU
	EndGlobalSection
EndGlobal
