Microsoft Visual Studio Solution File, Format Version 12.00
# Visual Studio 15
VisualStudioVersion = 15.0.27130.2027
MinimumVisualStudioVersion = 15.0.26124.0
Project("{9A19103F-16F7-4668-BE54-9A1E7A4F7556}") = "Datadog.Trace", "src\Datadog.Trace\Datadog.Trace.csproj", "{5DFDF781-F24C-45B1-82EF-9125875A80A4}"
EndProject
Project("{9A19103F-16F7-4668-BE54-9A1E7A4F7556}") = "Datadog.Trace.Tests", "test\Datadog.Trace.Tests\Datadog.Trace.Tests.csproj", "{73A1BE1C-9C8A-43FA-86A8-BF2744B4C1BB}"
EndProject
Project("{9A19103F-16F7-4668-BE54-9A1E7A4F7556}") = "Datadog.Trace.IntegrationTests", "test\Datadog.Trace.IntegrationTests\Datadog.Trace.IntegrationTests.csproj", "{0434F813-5F94-4195-8A2C-E2E755513822}"
EndProject
Project("{9A19103F-16F7-4668-BE54-9A1E7A4F7556}") = "Datadog.Trace.OpenTracing", "src\Datadog.Trace.OpenTracing\Datadog.Trace.OpenTracing.csproj", "{188219D1-D123-46C9-B905-A9ED30E6AAA7}"
EndProject
Project("{9A19103F-16F7-4668-BE54-9A1E7A4F7556}") = "Datadog.Trace.OpenTracing.Tests", "test\Datadog.Trace.OpenTracing.Tests\Datadog.Trace.OpenTracing.Tests.csproj", "{3BCE5D99-147B-4305-9970-AB0F683A6E8D}"
EndProject
Project("{9A19103F-16F7-4668-BE54-9A1E7A4F7556}") = "Datadog.Trace.OpenTracing.IntegrationTests", "test\Datadog.Trace.OpenTracing.IntegrationTests\Datadog.Trace.OpenTracing.IntegrationTests.csproj", "{EFBFC324-B459-4D39-8E19-CE4AD0DBF15F}"
EndProject
Project("{9A19103F-16F7-4668-BE54-9A1E7A4F7556}") = "Datadog.Trace.TestHelpers", "test\Datadog.Trace.TestHelpers\Datadog.Trace.TestHelpers.csproj", "{237A1C92-DE9E-4649-961B-BBB7CF0DFE01}"
EndProject
Project("{2150E333-8FDC-42A3-9474-1A3956D46DE8}") = "Solution Items", "Solution Items", "{FEBCE7DC-9FD1-48A6-B911-71ABB240A030}"
	ProjectSection(SolutionItems) = preProject
		.editorconfig = .editorconfig
		.gitattributes = .gitattributes
		.gitignore = .gitignore
		build.cake = build.cake
		Datadog.Trace.proj = Datadog.Trace.proj
		Datadog.Trace.snk = Datadog.Trace.snk
		Directory.Build.props = Directory.Build.props
		GlobalSuppressions.cs = GlobalSuppressions.cs
		ci\install-sqlserver.ps1 = ci\install-sqlserver.ps1
		integrations.json = integrations.json
		LICENSE = LICENSE
		LICENSE-3rdparty.csv = LICENSE-3rdparty.csv
		README.md = README.md
		stylecop.json = stylecop.json
		test-integrations.json = test-integrations.json
	EndProjectSection
EndProject
Project("{2150E333-8FDC-42A3-9474-1A3956D46DE8}") = "src", "src", "{9E5F0022-0A50-40BF-AC6A-C3078585ECAB}"
	ProjectSection(SolutionItems) = preProject
		src\Directory.Build.props = src\Directory.Build.props
		src\GlobalSuppressions.cs = src\GlobalSuppressions.cs
	EndProjectSection
EndProject
Project("{2150E333-8FDC-42A3-9474-1A3956D46DE8}") = "test", "test", "{8CEC2042-F11C-49F5-A674-2355793B600A}"
	ProjectSection(SolutionItems) = preProject
		test\Directory.Build.props = test\Directory.Build.props
		test\GlobalSuppressions.cs = test\GlobalSuppressions.cs
	EndProjectSection
EndProject
Project("{2150E333-8FDC-42A3-9474-1A3956D46DE8}") = "benchmarks", "benchmarks", "{F1EFDD86-0213-4C73-9B38-AEBBDABE984F}"
	ProjectSection(SolutionItems) = preProject
		benchmarks\Directory.Build.props = benchmarks\Directory.Build.props
		benchmarks\GlobalSuppressions.cs = benchmarks\GlobalSuppressions.cs
	EndProjectSection
EndProject
Project("{9A19103F-16F7-4668-BE54-9A1E7A4F7556}") = "Datadog.Trace.Performance", "benchmarks\Datadog.Trace.Performance\Datadog.Trace.Performance.csproj", "{733120FD-2423-491A-8FB1-427867101D8D}"
EndProject
Project("{9A19103F-16F7-4668-BE54-9A1E7A4F7556}") = "Datadog.Trace.ClrProfiler.Managed", "src\Datadog.Trace.ClrProfiler.Managed\Datadog.Trace.ClrProfiler.Managed.csproj", "{85F35AAF-D102-4960-8B41-3BD9CBD0E77F}"
EndProject
Project("{2150E333-8FDC-42A3-9474-1A3956D46DE8}") = "samples", "samples", "{AA6F5582-3B71-49AC-AA39-8F7815AC46BE}"
	ProjectSection(SolutionItems) = preProject
		samples\Directory.Build.props = samples\Directory.Build.props
	EndProjectSection
EndProject
Project("{FAE04EC0-301F-11D3-BF4B-00C04F79EFBC}") = "Samples.AspNetMvc5", "samples\Samples.AspNetMvc5\Samples.AspNetMvc5.csproj", "{3C6DD42E-9214-4747-92BA-78DE29AACE59}"
	ProjectSection(ProjectDependencies) = postProject
		{C0C8D381-D6B9-4C76-9428-F40F2FA93A9A} = {C0C8D381-D6B9-4C76-9428-F40F2FA93A9A}
	EndProjectSection
EndProject
Project("{9A19103F-16F7-4668-BE54-9A1E7A4F7556}") = "Samples.AspNetCoreMvc2", "samples\Samples.AspNetCoreMvc2\Samples.AspNetCoreMvc2.csproj", "{9951A03A-AD1B-48D8-A96D-B85532BEDADD}"
	ProjectSection(ProjectDependencies) = postProject
		{C0C8D381-D6B9-4C76-9428-F40F2FA93A9A} = {C0C8D381-D6B9-4C76-9428-F40F2FA93A9A}
		{85F35AAF-D102-4960-8B41-3BD9CBD0E77F} = {85F35AAF-D102-4960-8B41-3BD9CBD0E77F}
	EndProjectSection
EndProject
Project("{2150E333-8FDC-42A3-9474-1A3956D46DE8}") = "deploy", "deploy", "{C1B5EA8C-C190-4EAE-871B-A7E95B5EC482}"
EndProject
Project("{930C7802-8A8C-48F9-8165-68863BCCD9DD}") = "Datadog.Trace.ClrProfiler.WindowsInstaller", "deploy\Datadog.Trace.ClrProfiler.WindowsInstaller\Datadog.Trace.ClrProfiler.WindowsInstaller.wixproj", "{3054DE0E-F140-4758-B2DA-0B9470C6EDE1}"
	ProjectSection(ProjectDependencies) = postProject
		{C0C8D381-D6B9-4C76-9428-F40F2FA93A9A} = {C0C8D381-D6B9-4C76-9428-F40F2FA93A9A}
		{5DFDF781-F24C-45B1-82EF-9125875A80A4} = {5DFDF781-F24C-45B1-82EF-9125875A80A4}
		{85F35AAF-D102-4960-8B41-3BD9CBD0E77F} = {85F35AAF-D102-4960-8B41-3BD9CBD0E77F}
	EndProjectSection
EndProject
Project("{8BC9CEB8-8B4A-11D0-8D11-00A0C91BC942}") = "Datadog.Trace.ClrProfiler.Native.Tests", "test\Datadog.Trace.ClrProfiler.Native.Tests\Datadog.Trace.ClrProfiler.Native.Tests.vcxproj", "{5728056A-51AA-4FF5-AD0C-E86E44E36102}"
EndProject
Project("{8BC9CEB8-8B4A-11D0-8D11-00A0C91BC942}") = "Datadog.Trace.ClrProfiler.Native", "src\Datadog.Trace.ClrProfiler.Native\Datadog.Trace.ClrProfiler.Native.vcxproj", "{91B6272F-5780-4C94-8071-DBBA7B4F67F3}"
EndProject
Project("{8BC9CEB8-8B4A-11D0-8D11-00A0C91BC942}") = "Datadog.Trace.ClrProfiler.Native.DLL", "src\Datadog.Trace.ClrProfiler.Native\Datadog.Trace.ClrProfiler.Native.DLL.vcxproj", "{C0C8D381-D6B9-4C76-9428-F40F2FA93A9A}"
EndProject
Project("{9A19103F-16F7-4668-BE54-9A1E7A4F7556}") = "Samples.ExampleLibrary", "samples\Samples.ExampleLibrary\Samples.ExampleLibrary.csproj", "{FDB5C8D0-018D-4FF9-9680-C6A5078F819B}"
EndProject
Project("{9A19103F-16F7-4668-BE54-9A1E7A4F7556}") = "Samples.ExampleLibraryTracer", "samples\Samples.ExampleLibraryTracer\Samples.ExampleLibraryTracer.csproj", "{4B243CF1-4269-45C6-A238-1A9BFA58B8CC}"
EndProject
Project("{FAE04EC0-301F-11D3-BF4B-00C04F79EFBC}") = "Samples.ConsoleFramework", "samples\Samples.ConsoleFramework\Samples.ConsoleFramework.csproj", "{F40F73F0-95CA-43B5-9881-DC58F0AE8BC3}"
	ProjectSection(ProjectDependencies) = postProject
		{C0C8D381-D6B9-4C76-9428-F40F2FA93A9A} = {C0C8D381-D6B9-4C76-9428-F40F2FA93A9A}
	EndProjectSection
EndProject
Project("{9A19103F-16F7-4668-BE54-9A1E7A4F7556}") = "Samples.ConsoleCore", "samples\Samples.ConsoleCore\Samples.ConsoleCore.csproj", "{BC7B3216-9C37-4570-8A4A-5D716AB98E9C}"
	ProjectSection(ProjectDependencies) = postProject
		{C0C8D381-D6B9-4C76-9428-F40F2FA93A9A} = {C0C8D381-D6B9-4C76-9428-F40F2FA93A9A}
	EndProjectSection
EndProject
Project("{9A19103F-16F7-4668-BE54-9A1E7A4F7556}") = "Datadog.Trace.ClrProfiler.IntegrationTests", "test\Datadog.Trace.ClrProfiler.IntegrationTests\Datadog.Trace.ClrProfiler.IntegrationTests.csproj", "{0D546118-B70A-44D0-B675-39EDB99FCEEE}"
	ProjectSection(ProjectDependencies) = postProject
		{BC7B3216-9C37-4570-8A4A-5D716AB98E9C} = {BC7B3216-9C37-4570-8A4A-5D716AB98E9C}
		{C0C8D381-D6B9-4C76-9428-F40F2FA93A9A} = {C0C8D381-D6B9-4C76-9428-F40F2FA93A9A}
		{086FF8A0-9CEE-470A-9751-78B0F1340649} = {086FF8A0-9CEE-470A-9751-78B0F1340649}
		{F5B27CC4-1DF6-4ECD-A4FD-8200152F9A5A} = {F5B27CC4-1DF6-4ECD-A4FD-8200152F9A5A}
	EndProjectSection
EndProject
Project("{9A19103F-16F7-4668-BE54-9A1E7A4F7556}") = "Samples.SqlServer", "samples\Samples.SqlServer\Samples.SqlServer.csproj", "{086FF8A0-9CEE-470A-9751-78B0F1340649}"
	ProjectSection(ProjectDependencies) = postProject
		{C0C8D381-D6B9-4C76-9428-F40F2FA93A9A} = {C0C8D381-D6B9-4C76-9428-F40F2FA93A9A}
	EndProjectSection
EndProject
Project("{9A19103F-16F7-4668-BE54-9A1E7A4F7556}") = "Samples.RedisCore", "samples\Samples.RedisCore\Samples.RedisCore.csproj", "{F5B27CC4-1DF6-4ECD-A4FD-8200152F9A5A}"
EndProject
Project("{2150E333-8FDC-42A3-9474-1A3956D46DE8}") = "scripts", "scripts", "{40A4D351-5F60-48DE-86EE-A2F2EF69F287}"
	ProjectSection(SolutionItems) = preProject
		scripts\generate-service-stack-redis-integrations.py = scripts\generate-service-stack-redis-integrations.py
		install-vcpkgs.ps1 = install-vcpkgs.ps1
	EndProjectSection
EndProject
Global
	GlobalSection(SolutionConfigurationPlatforms) = preSolution
		Debug|Any CPU = Debug|Any CPU
		Debug|x64 = Debug|x64
		Debug|x86 = Debug|x86
		Release|Any CPU = Release|Any CPU
		Release|x64 = Release|x64
		Release|x86 = Release|x86
	EndGlobalSection
	GlobalSection(ProjectConfigurationPlatforms) = postSolution
		{5DFDF781-F24C-45B1-82EF-9125875A80A4}.Debug|Any CPU.ActiveCfg = Debug|Any CPU
		{5DFDF781-F24C-45B1-82EF-9125875A80A4}.Debug|Any CPU.Build.0 = Debug|Any CPU
		{5DFDF781-F24C-45B1-82EF-9125875A80A4}.Debug|x64.ActiveCfg = Debug|Any CPU
		{5DFDF781-F24C-45B1-82EF-9125875A80A4}.Debug|x64.Build.0 = Debug|Any CPU
		{5DFDF781-F24C-45B1-82EF-9125875A80A4}.Debug|x86.ActiveCfg = Debug|Any CPU
		{5DFDF781-F24C-45B1-82EF-9125875A80A4}.Debug|x86.Build.0 = Debug|Any CPU
		{5DFDF781-F24C-45B1-82EF-9125875A80A4}.Release|Any CPU.ActiveCfg = Release|Any CPU
		{5DFDF781-F24C-45B1-82EF-9125875A80A4}.Release|Any CPU.Build.0 = Release|Any CPU
		{5DFDF781-F24C-45B1-82EF-9125875A80A4}.Release|x64.ActiveCfg = Release|Any CPU
		{5DFDF781-F24C-45B1-82EF-9125875A80A4}.Release|x64.Build.0 = Release|Any CPU
		{5DFDF781-F24C-45B1-82EF-9125875A80A4}.Release|x86.ActiveCfg = Release|Any CPU
		{5DFDF781-F24C-45B1-82EF-9125875A80A4}.Release|x86.Build.0 = Release|Any CPU
		{73A1BE1C-9C8A-43FA-86A8-BF2744B4C1BB}.Debug|Any CPU.ActiveCfg = Debug|Any CPU
		{73A1BE1C-9C8A-43FA-86A8-BF2744B4C1BB}.Debug|Any CPU.Build.0 = Debug|Any CPU
		{73A1BE1C-9C8A-43FA-86A8-BF2744B4C1BB}.Debug|x64.ActiveCfg = Debug|Any CPU
		{73A1BE1C-9C8A-43FA-86A8-BF2744B4C1BB}.Debug|x64.Build.0 = Debug|Any CPU
		{73A1BE1C-9C8A-43FA-86A8-BF2744B4C1BB}.Debug|x86.ActiveCfg = Debug|Any CPU
		{73A1BE1C-9C8A-43FA-86A8-BF2744B4C1BB}.Debug|x86.Build.0 = Debug|Any CPU
		{73A1BE1C-9C8A-43FA-86A8-BF2744B4C1BB}.Release|Any CPU.ActiveCfg = Release|Any CPU
		{73A1BE1C-9C8A-43FA-86A8-BF2744B4C1BB}.Release|Any CPU.Build.0 = Release|Any CPU
		{73A1BE1C-9C8A-43FA-86A8-BF2744B4C1BB}.Release|x64.ActiveCfg = Release|Any CPU
		{73A1BE1C-9C8A-43FA-86A8-BF2744B4C1BB}.Release|x64.Build.0 = Release|Any CPU
		{73A1BE1C-9C8A-43FA-86A8-BF2744B4C1BB}.Release|x86.ActiveCfg = Release|Any CPU
		{73A1BE1C-9C8A-43FA-86A8-BF2744B4C1BB}.Release|x86.Build.0 = Release|Any CPU
		{0434F813-5F94-4195-8A2C-E2E755513822}.Debug|Any CPU.ActiveCfg = Debug|Any CPU
		{0434F813-5F94-4195-8A2C-E2E755513822}.Debug|Any CPU.Build.0 = Debug|Any CPU
		{0434F813-5F94-4195-8A2C-E2E755513822}.Debug|x64.ActiveCfg = Debug|Any CPU
		{0434F813-5F94-4195-8A2C-E2E755513822}.Debug|x64.Build.0 = Debug|Any CPU
		{0434F813-5F94-4195-8A2C-E2E755513822}.Debug|x86.ActiveCfg = Debug|Any CPU
		{0434F813-5F94-4195-8A2C-E2E755513822}.Debug|x86.Build.0 = Debug|Any CPU
		{0434F813-5F94-4195-8A2C-E2E755513822}.Release|Any CPU.ActiveCfg = Release|Any CPU
		{0434F813-5F94-4195-8A2C-E2E755513822}.Release|Any CPU.Build.0 = Release|Any CPU
		{0434F813-5F94-4195-8A2C-E2E755513822}.Release|x64.ActiveCfg = Release|Any CPU
		{0434F813-5F94-4195-8A2C-E2E755513822}.Release|x64.Build.0 = Release|Any CPU
		{0434F813-5F94-4195-8A2C-E2E755513822}.Release|x86.ActiveCfg = Release|Any CPU
		{0434F813-5F94-4195-8A2C-E2E755513822}.Release|x86.Build.0 = Release|Any CPU
		{188219D1-D123-46C9-B905-A9ED30E6AAA7}.Debug|Any CPU.ActiveCfg = Debug|Any CPU
		{188219D1-D123-46C9-B905-A9ED30E6AAA7}.Debug|Any CPU.Build.0 = Debug|Any CPU
		{188219D1-D123-46C9-B905-A9ED30E6AAA7}.Debug|x64.ActiveCfg = Debug|Any CPU
		{188219D1-D123-46C9-B905-A9ED30E6AAA7}.Debug|x64.Build.0 = Debug|Any CPU
		{188219D1-D123-46C9-B905-A9ED30E6AAA7}.Debug|x86.ActiveCfg = Debug|Any CPU
		{188219D1-D123-46C9-B905-A9ED30E6AAA7}.Debug|x86.Build.0 = Debug|Any CPU
		{188219D1-D123-46C9-B905-A9ED30E6AAA7}.Release|Any CPU.ActiveCfg = Release|Any CPU
		{188219D1-D123-46C9-B905-A9ED30E6AAA7}.Release|Any CPU.Build.0 = Release|Any CPU
		{188219D1-D123-46C9-B905-A9ED30E6AAA7}.Release|x64.ActiveCfg = Release|Any CPU
		{188219D1-D123-46C9-B905-A9ED30E6AAA7}.Release|x64.Build.0 = Release|Any CPU
		{188219D1-D123-46C9-B905-A9ED30E6AAA7}.Release|x86.ActiveCfg = Release|Any CPU
		{188219D1-D123-46C9-B905-A9ED30E6AAA7}.Release|x86.Build.0 = Release|Any CPU
		{3BCE5D99-147B-4305-9970-AB0F683A6E8D}.Debug|Any CPU.ActiveCfg = Debug|Any CPU
		{3BCE5D99-147B-4305-9970-AB0F683A6E8D}.Debug|Any CPU.Build.0 = Debug|Any CPU
		{3BCE5D99-147B-4305-9970-AB0F683A6E8D}.Debug|x64.ActiveCfg = Debug|Any CPU
		{3BCE5D99-147B-4305-9970-AB0F683A6E8D}.Debug|x64.Build.0 = Debug|Any CPU
		{3BCE5D99-147B-4305-9970-AB0F683A6E8D}.Debug|x86.ActiveCfg = Debug|Any CPU
		{3BCE5D99-147B-4305-9970-AB0F683A6E8D}.Debug|x86.Build.0 = Debug|Any CPU
		{3BCE5D99-147B-4305-9970-AB0F683A6E8D}.Release|Any CPU.ActiveCfg = Release|Any CPU
		{3BCE5D99-147B-4305-9970-AB0F683A6E8D}.Release|Any CPU.Build.0 = Release|Any CPU
		{3BCE5D99-147B-4305-9970-AB0F683A6E8D}.Release|x64.ActiveCfg = Release|Any CPU
		{3BCE5D99-147B-4305-9970-AB0F683A6E8D}.Release|x64.Build.0 = Release|Any CPU
		{3BCE5D99-147B-4305-9970-AB0F683A6E8D}.Release|x86.ActiveCfg = Release|Any CPU
		{3BCE5D99-147B-4305-9970-AB0F683A6E8D}.Release|x86.Build.0 = Release|Any CPU
		{EFBFC324-B459-4D39-8E19-CE4AD0DBF15F}.Debug|Any CPU.ActiveCfg = Debug|Any CPU
		{EFBFC324-B459-4D39-8E19-CE4AD0DBF15F}.Debug|Any CPU.Build.0 = Debug|Any CPU
		{EFBFC324-B459-4D39-8E19-CE4AD0DBF15F}.Debug|x64.ActiveCfg = Debug|Any CPU
		{EFBFC324-B459-4D39-8E19-CE4AD0DBF15F}.Debug|x64.Build.0 = Debug|Any CPU
		{EFBFC324-B459-4D39-8E19-CE4AD0DBF15F}.Debug|x86.ActiveCfg = Debug|Any CPU
		{EFBFC324-B459-4D39-8E19-CE4AD0DBF15F}.Debug|x86.Build.0 = Debug|Any CPU
		{EFBFC324-B459-4D39-8E19-CE4AD0DBF15F}.Release|Any CPU.ActiveCfg = Release|Any CPU
		{EFBFC324-B459-4D39-8E19-CE4AD0DBF15F}.Release|Any CPU.Build.0 = Release|Any CPU
		{EFBFC324-B459-4D39-8E19-CE4AD0DBF15F}.Release|x64.ActiveCfg = Release|Any CPU
		{EFBFC324-B459-4D39-8E19-CE4AD0DBF15F}.Release|x64.Build.0 = Release|Any CPU
		{EFBFC324-B459-4D39-8E19-CE4AD0DBF15F}.Release|x86.ActiveCfg = Release|Any CPU
		{EFBFC324-B459-4D39-8E19-CE4AD0DBF15F}.Release|x86.Build.0 = Release|Any CPU
		{237A1C92-DE9E-4649-961B-BBB7CF0DFE01}.Debug|Any CPU.ActiveCfg = Debug|Any CPU
		{237A1C92-DE9E-4649-961B-BBB7CF0DFE01}.Debug|Any CPU.Build.0 = Debug|Any CPU
		{237A1C92-DE9E-4649-961B-BBB7CF0DFE01}.Debug|x64.ActiveCfg = Debug|Any CPU
		{237A1C92-DE9E-4649-961B-BBB7CF0DFE01}.Debug|x64.Build.0 = Debug|Any CPU
		{237A1C92-DE9E-4649-961B-BBB7CF0DFE01}.Debug|x86.ActiveCfg = Debug|Any CPU
		{237A1C92-DE9E-4649-961B-BBB7CF0DFE01}.Debug|x86.Build.0 = Debug|Any CPU
		{237A1C92-DE9E-4649-961B-BBB7CF0DFE01}.Release|Any CPU.ActiveCfg = Release|Any CPU
		{237A1C92-DE9E-4649-961B-BBB7CF0DFE01}.Release|Any CPU.Build.0 = Release|Any CPU
		{237A1C92-DE9E-4649-961B-BBB7CF0DFE01}.Release|x64.ActiveCfg = Release|Any CPU
		{237A1C92-DE9E-4649-961B-BBB7CF0DFE01}.Release|x64.Build.0 = Release|Any CPU
		{237A1C92-DE9E-4649-961B-BBB7CF0DFE01}.Release|x86.ActiveCfg = Release|Any CPU
		{237A1C92-DE9E-4649-961B-BBB7CF0DFE01}.Release|x86.Build.0 = Release|Any CPU
		{733120FD-2423-491A-8FB1-427867101D8D}.Debug|Any CPU.ActiveCfg = Debug|Any CPU
		{733120FD-2423-491A-8FB1-427867101D8D}.Debug|Any CPU.Build.0 = Debug|Any CPU
		{733120FD-2423-491A-8FB1-427867101D8D}.Debug|x64.ActiveCfg = Debug|Any CPU
		{733120FD-2423-491A-8FB1-427867101D8D}.Debug|x64.Build.0 = Debug|Any CPU
		{733120FD-2423-491A-8FB1-427867101D8D}.Debug|x86.ActiveCfg = Debug|Any CPU
		{733120FD-2423-491A-8FB1-427867101D8D}.Debug|x86.Build.0 = Debug|Any CPU
		{733120FD-2423-491A-8FB1-427867101D8D}.Release|Any CPU.ActiveCfg = Release|Any CPU
		{733120FD-2423-491A-8FB1-427867101D8D}.Release|Any CPU.Build.0 = Release|Any CPU
		{733120FD-2423-491A-8FB1-427867101D8D}.Release|x64.ActiveCfg = Release|Any CPU
		{733120FD-2423-491A-8FB1-427867101D8D}.Release|x64.Build.0 = Release|Any CPU
		{733120FD-2423-491A-8FB1-427867101D8D}.Release|x86.ActiveCfg = Release|Any CPU
		{733120FD-2423-491A-8FB1-427867101D8D}.Release|x86.Build.0 = Release|Any CPU
		{85F35AAF-D102-4960-8B41-3BD9CBD0E77F}.Debug|Any CPU.ActiveCfg = Debug|Any CPU
		{85F35AAF-D102-4960-8B41-3BD9CBD0E77F}.Debug|Any CPU.Build.0 = Debug|Any CPU
		{85F35AAF-D102-4960-8B41-3BD9CBD0E77F}.Debug|x64.ActiveCfg = Debug|Any CPU
		{85F35AAF-D102-4960-8B41-3BD9CBD0E77F}.Debug|x64.Build.0 = Debug|Any CPU
		{85F35AAF-D102-4960-8B41-3BD9CBD0E77F}.Debug|x86.ActiveCfg = Debug|Any CPU
		{85F35AAF-D102-4960-8B41-3BD9CBD0E77F}.Debug|x86.Build.0 = Debug|Any CPU
		{85F35AAF-D102-4960-8B41-3BD9CBD0E77F}.Release|Any CPU.ActiveCfg = Release|Any CPU
		{85F35AAF-D102-4960-8B41-3BD9CBD0E77F}.Release|Any CPU.Build.0 = Release|Any CPU
		{85F35AAF-D102-4960-8B41-3BD9CBD0E77F}.Release|x64.ActiveCfg = Release|Any CPU
		{85F35AAF-D102-4960-8B41-3BD9CBD0E77F}.Release|x64.Build.0 = Release|Any CPU
		{85F35AAF-D102-4960-8B41-3BD9CBD0E77F}.Release|x86.ActiveCfg = Release|Any CPU
		{85F35AAF-D102-4960-8B41-3BD9CBD0E77F}.Release|x86.Build.0 = Release|Any CPU
		{3C6DD42E-9214-4747-92BA-78DE29AACE59}.Debug|Any CPU.ActiveCfg = Debug|Any CPU
		{3C6DD42E-9214-4747-92BA-78DE29AACE59}.Debug|Any CPU.Build.0 = Debug|Any CPU
		{3C6DD42E-9214-4747-92BA-78DE29AACE59}.Debug|x64.ActiveCfg = Debug|x64
		{3C6DD42E-9214-4747-92BA-78DE29AACE59}.Debug|x64.Build.0 = Debug|x64
		{3C6DD42E-9214-4747-92BA-78DE29AACE59}.Debug|x86.ActiveCfg = Debug|x86
		{3C6DD42E-9214-4747-92BA-78DE29AACE59}.Debug|x86.Build.0 = Debug|x86
		{3C6DD42E-9214-4747-92BA-78DE29AACE59}.Release|Any CPU.ActiveCfg = Release|Any CPU
		{3C6DD42E-9214-4747-92BA-78DE29AACE59}.Release|Any CPU.Build.0 = Release|Any CPU
		{3C6DD42E-9214-4747-92BA-78DE29AACE59}.Release|x64.ActiveCfg = Release|x64
		{3C6DD42E-9214-4747-92BA-78DE29AACE59}.Release|x64.Build.0 = Release|x64
		{3C6DD42E-9214-4747-92BA-78DE29AACE59}.Release|x86.ActiveCfg = Release|x86
		{3C6DD42E-9214-4747-92BA-78DE29AACE59}.Release|x86.Build.0 = Release|x86
		{9951A03A-AD1B-48D8-A96D-B85532BEDADD}.Debug|Any CPU.ActiveCfg = Debug|Any CPU
		{9951A03A-AD1B-48D8-A96D-B85532BEDADD}.Debug|Any CPU.Build.0 = Debug|Any CPU
		{9951A03A-AD1B-48D8-A96D-B85532BEDADD}.Debug|x64.ActiveCfg = Debug|x64
		{9951A03A-AD1B-48D8-A96D-B85532BEDADD}.Debug|x64.Build.0 = Debug|x64
		{9951A03A-AD1B-48D8-A96D-B85532BEDADD}.Debug|x86.ActiveCfg = Debug|x86
		{9951A03A-AD1B-48D8-A96D-B85532BEDADD}.Debug|x86.Build.0 = Debug|x86
		{9951A03A-AD1B-48D8-A96D-B85532BEDADD}.Release|Any CPU.ActiveCfg = Release|Any CPU
		{9951A03A-AD1B-48D8-A96D-B85532BEDADD}.Release|Any CPU.Build.0 = Release|Any CPU
		{9951A03A-AD1B-48D8-A96D-B85532BEDADD}.Release|x64.ActiveCfg = Release|x64
		{9951A03A-AD1B-48D8-A96D-B85532BEDADD}.Release|x64.Build.0 = Release|x64
		{9951A03A-AD1B-48D8-A96D-B85532BEDADD}.Release|x86.ActiveCfg = Release|x86
		{9951A03A-AD1B-48D8-A96D-B85532BEDADD}.Release|x86.Build.0 = Release|x86
		{3054DE0E-F140-4758-B2DA-0B9470C6EDE1}.Debug|Any CPU.ActiveCfg = Debug|x86
		{3054DE0E-F140-4758-B2DA-0B9470C6EDE1}.Debug|x64.ActiveCfg = Debug|x64
		{3054DE0E-F140-4758-B2DA-0B9470C6EDE1}.Debug|x86.ActiveCfg = Debug|x86
		{3054DE0E-F140-4758-B2DA-0B9470C6EDE1}.Release|Any CPU.ActiveCfg = Release|x86
		{3054DE0E-F140-4758-B2DA-0B9470C6EDE1}.Release|x64.ActiveCfg = Release|x64
		{3054DE0E-F140-4758-B2DA-0B9470C6EDE1}.Release|x86.ActiveCfg = Release|x86
		{5728056A-51AA-4FF5-AD0C-E86E44E36102}.Debug|Any CPU.ActiveCfg = Debug|Win32
		{5728056A-51AA-4FF5-AD0C-E86E44E36102}.Debug|x64.ActiveCfg = Debug|x64
		{5728056A-51AA-4FF5-AD0C-E86E44E36102}.Debug|x64.Build.0 = Debug|x64
		{5728056A-51AA-4FF5-AD0C-E86E44E36102}.Debug|x86.ActiveCfg = Debug|Win32
		{5728056A-51AA-4FF5-AD0C-E86E44E36102}.Debug|x86.Build.0 = Debug|Win32
		{5728056A-51AA-4FF5-AD0C-E86E44E36102}.Release|Any CPU.ActiveCfg = Release|Win32
		{5728056A-51AA-4FF5-AD0C-E86E44E36102}.Release|x64.ActiveCfg = Release|x64
		{5728056A-51AA-4FF5-AD0C-E86E44E36102}.Release|x64.Build.0 = Release|x64
		{5728056A-51AA-4FF5-AD0C-E86E44E36102}.Release|x86.ActiveCfg = Release|Win32
		{5728056A-51AA-4FF5-AD0C-E86E44E36102}.Release|x86.Build.0 = Release|Win32
		{91B6272F-5780-4C94-8071-DBBA7B4F67F3}.Debug|Any CPU.ActiveCfg = Debug|Win32
		{91B6272F-5780-4C94-8071-DBBA7B4F67F3}.Debug|x64.ActiveCfg = Debug|x64
		{91B6272F-5780-4C94-8071-DBBA7B4F67F3}.Debug|x64.Build.0 = Debug|x64
		{91B6272F-5780-4C94-8071-DBBA7B4F67F3}.Debug|x86.ActiveCfg = Debug|Win32
		{91B6272F-5780-4C94-8071-DBBA7B4F67F3}.Debug|x86.Build.0 = Debug|Win32
		{91B6272F-5780-4C94-8071-DBBA7B4F67F3}.Release|Any CPU.ActiveCfg = Release|Win32
		{91B6272F-5780-4C94-8071-DBBA7B4F67F3}.Release|x64.ActiveCfg = Release|x64
		{91B6272F-5780-4C94-8071-DBBA7B4F67F3}.Release|x64.Build.0 = Release|x64
		{91B6272F-5780-4C94-8071-DBBA7B4F67F3}.Release|x86.ActiveCfg = Release|Win32
		{91B6272F-5780-4C94-8071-DBBA7B4F67F3}.Release|x86.Build.0 = Release|Win32
		{C0C8D381-D6B9-4C76-9428-F40F2FA93A9A}.Debug|Any CPU.ActiveCfg = Debug|Win32
		{C0C8D381-D6B9-4C76-9428-F40F2FA93A9A}.Debug|x64.ActiveCfg = Debug|x64
		{C0C8D381-D6B9-4C76-9428-F40F2FA93A9A}.Debug|x64.Build.0 = Debug|x64
		{C0C8D381-D6B9-4C76-9428-F40F2FA93A9A}.Debug|x86.ActiveCfg = Debug|Win32
		{C0C8D381-D6B9-4C76-9428-F40F2FA93A9A}.Debug|x86.Build.0 = Debug|Win32
		{C0C8D381-D6B9-4C76-9428-F40F2FA93A9A}.Release|Any CPU.ActiveCfg = Release|Win32
		{C0C8D381-D6B9-4C76-9428-F40F2FA93A9A}.Release|x64.ActiveCfg = Release|x64
		{C0C8D381-D6B9-4C76-9428-F40F2FA93A9A}.Release|x64.Build.0 = Release|x64
		{C0C8D381-D6B9-4C76-9428-F40F2FA93A9A}.Release|x86.ActiveCfg = Release|Win32
		{C0C8D381-D6B9-4C76-9428-F40F2FA93A9A}.Release|x86.Build.0 = Release|Win32
		{FDB5C8D0-018D-4FF9-9680-C6A5078F819B}.Debug|Any CPU.ActiveCfg = Debug|Any CPU
		{FDB5C8D0-018D-4FF9-9680-C6A5078F819B}.Debug|Any CPU.Build.0 = Debug|Any CPU
		{FDB5C8D0-018D-4FF9-9680-C6A5078F819B}.Debug|x64.ActiveCfg = Debug|Any CPU
		{FDB5C8D0-018D-4FF9-9680-C6A5078F819B}.Debug|x64.Build.0 = Debug|Any CPU
		{FDB5C8D0-018D-4FF9-9680-C6A5078F819B}.Debug|x86.ActiveCfg = Debug|Any CPU
		{FDB5C8D0-018D-4FF9-9680-C6A5078F819B}.Debug|x86.Build.0 = Debug|Any CPU
		{FDB5C8D0-018D-4FF9-9680-C6A5078F819B}.Release|Any CPU.ActiveCfg = Release|Any CPU
		{FDB5C8D0-018D-4FF9-9680-C6A5078F819B}.Release|Any CPU.Build.0 = Release|Any CPU
		{FDB5C8D0-018D-4FF9-9680-C6A5078F819B}.Release|x64.ActiveCfg = Release|Any CPU
		{FDB5C8D0-018D-4FF9-9680-C6A5078F819B}.Release|x64.Build.0 = Release|Any CPU
		{FDB5C8D0-018D-4FF9-9680-C6A5078F819B}.Release|x86.ActiveCfg = Release|Any CPU
		{FDB5C8D0-018D-4FF9-9680-C6A5078F819B}.Release|x86.Build.0 = Release|Any CPU
		{4B243CF1-4269-45C6-A238-1A9BFA58B8CC}.Debug|Any CPU.ActiveCfg = Debug|Any CPU
		{4B243CF1-4269-45C6-A238-1A9BFA58B8CC}.Debug|Any CPU.Build.0 = Debug|Any CPU
		{4B243CF1-4269-45C6-A238-1A9BFA58B8CC}.Debug|x64.ActiveCfg = Debug|Any CPU
		{4B243CF1-4269-45C6-A238-1A9BFA58B8CC}.Debug|x64.Build.0 = Debug|Any CPU
		{4B243CF1-4269-45C6-A238-1A9BFA58B8CC}.Debug|x86.ActiveCfg = Debug|Any CPU
		{4B243CF1-4269-45C6-A238-1A9BFA58B8CC}.Debug|x86.Build.0 = Debug|Any CPU
		{4B243CF1-4269-45C6-A238-1A9BFA58B8CC}.Release|Any CPU.ActiveCfg = Release|Any CPU
		{4B243CF1-4269-45C6-A238-1A9BFA58B8CC}.Release|Any CPU.Build.0 = Release|Any CPU
		{4B243CF1-4269-45C6-A238-1A9BFA58B8CC}.Release|x64.ActiveCfg = Release|Any CPU
		{4B243CF1-4269-45C6-A238-1A9BFA58B8CC}.Release|x64.Build.0 = Release|Any CPU
		{4B243CF1-4269-45C6-A238-1A9BFA58B8CC}.Release|x86.ActiveCfg = Release|Any CPU
		{4B243CF1-4269-45C6-A238-1A9BFA58B8CC}.Release|x86.Build.0 = Release|Any CPU
		{F40F73F0-95CA-43B5-9881-DC58F0AE8BC3}.Debug|Any CPU.ActiveCfg = Debug|Any CPU
		{F40F73F0-95CA-43B5-9881-DC58F0AE8BC3}.Debug|Any CPU.Build.0 = Debug|Any CPU
		{F40F73F0-95CA-43B5-9881-DC58F0AE8BC3}.Debug|x64.ActiveCfg = Debug|x64
		{F40F73F0-95CA-43B5-9881-DC58F0AE8BC3}.Debug|x64.Build.0 = Debug|x64
		{F40F73F0-95CA-43B5-9881-DC58F0AE8BC3}.Debug|x86.ActiveCfg = Debug|x86
		{F40F73F0-95CA-43B5-9881-DC58F0AE8BC3}.Debug|x86.Build.0 = Debug|x86
		{F40F73F0-95CA-43B5-9881-DC58F0AE8BC3}.Release|Any CPU.ActiveCfg = Release|Any CPU
		{F40F73F0-95CA-43B5-9881-DC58F0AE8BC3}.Release|Any CPU.Build.0 = Release|Any CPU
		{F40F73F0-95CA-43B5-9881-DC58F0AE8BC3}.Release|x64.ActiveCfg = Release|x64
		{F40F73F0-95CA-43B5-9881-DC58F0AE8BC3}.Release|x64.Build.0 = Release|x64
		{F40F73F0-95CA-43B5-9881-DC58F0AE8BC3}.Release|x86.ActiveCfg = Release|x86
		{F40F73F0-95CA-43B5-9881-DC58F0AE8BC3}.Release|x86.Build.0 = Release|x86
		{BC7B3216-9C37-4570-8A4A-5D716AB98E9C}.Debug|Any CPU.ActiveCfg = Debug|Any CPU
		{BC7B3216-9C37-4570-8A4A-5D716AB98E9C}.Debug|Any CPU.Build.0 = Debug|Any CPU
		{BC7B3216-9C37-4570-8A4A-5D716AB98E9C}.Debug|x64.ActiveCfg = Debug|x64
		{BC7B3216-9C37-4570-8A4A-5D716AB98E9C}.Debug|x64.Build.0 = Debug|x64
		{BC7B3216-9C37-4570-8A4A-5D716AB98E9C}.Debug|x86.ActiveCfg = Debug|x86
		{BC7B3216-9C37-4570-8A4A-5D716AB98E9C}.Debug|x86.Build.0 = Debug|x86
		{BC7B3216-9C37-4570-8A4A-5D716AB98E9C}.Release|Any CPU.ActiveCfg = Release|Any CPU
		{BC7B3216-9C37-4570-8A4A-5D716AB98E9C}.Release|Any CPU.Build.0 = Release|Any CPU
		{BC7B3216-9C37-4570-8A4A-5D716AB98E9C}.Release|x64.ActiveCfg = Release|x64
		{BC7B3216-9C37-4570-8A4A-5D716AB98E9C}.Release|x64.Build.0 = Release|x64
		{BC7B3216-9C37-4570-8A4A-5D716AB98E9C}.Release|x86.ActiveCfg = Release|x86
		{BC7B3216-9C37-4570-8A4A-5D716AB98E9C}.Release|x86.Build.0 = Release|x86
		{0D546118-B70A-44D0-B675-39EDB99FCEEE}.Debug|Any CPU.ActiveCfg = Debug|Any CPU
		{0D546118-B70A-44D0-B675-39EDB99FCEEE}.Debug|Any CPU.Build.0 = Debug|Any CPU
		{0D546118-B70A-44D0-B675-39EDB99FCEEE}.Debug|x64.ActiveCfg = Debug|x64
		{0D546118-B70A-44D0-B675-39EDB99FCEEE}.Debug|x64.Build.0 = Debug|x64
		{0D546118-B70A-44D0-B675-39EDB99FCEEE}.Debug|x86.ActiveCfg = Debug|x86
		{0D546118-B70A-44D0-B675-39EDB99FCEEE}.Debug|x86.Build.0 = Debug|x86
		{0D546118-B70A-44D0-B675-39EDB99FCEEE}.Release|Any CPU.ActiveCfg = Release|Any CPU
		{0D546118-B70A-44D0-B675-39EDB99FCEEE}.Release|Any CPU.Build.0 = Release|Any CPU
		{0D546118-B70A-44D0-B675-39EDB99FCEEE}.Release|x64.ActiveCfg = Release|x64
		{0D546118-B70A-44D0-B675-39EDB99FCEEE}.Release|x64.Build.0 = Release|x64
		{0D546118-B70A-44D0-B675-39EDB99FCEEE}.Release|x86.ActiveCfg = Release|x86
		{0D546118-B70A-44D0-B675-39EDB99FCEEE}.Release|x86.Build.0 = Release|x86
		{086FF8A0-9CEE-470A-9751-78B0F1340649}.Debug|Any CPU.ActiveCfg = Debug|Any CPU
		{086FF8A0-9CEE-470A-9751-78B0F1340649}.Debug|Any CPU.Build.0 = Debug|Any CPU
		{086FF8A0-9CEE-470A-9751-78B0F1340649}.Debug|x64.ActiveCfg = Debug|x64
		{086FF8A0-9CEE-470A-9751-78B0F1340649}.Debug|x64.Build.0 = Debug|x64
		{086FF8A0-9CEE-470A-9751-78B0F1340649}.Debug|x86.ActiveCfg = Debug|x86
		{086FF8A0-9CEE-470A-9751-78B0F1340649}.Debug|x86.Build.0 = Debug|x86
		{086FF8A0-9CEE-470A-9751-78B0F1340649}.Release|Any CPU.ActiveCfg = Release|Any CPU
		{086FF8A0-9CEE-470A-9751-78B0F1340649}.Release|Any CPU.Build.0 = Release|Any CPU
		{086FF8A0-9CEE-470A-9751-78B0F1340649}.Release|x64.ActiveCfg = Release|x64
		{086FF8A0-9CEE-470A-9751-78B0F1340649}.Release|x64.Build.0 = Release|x64
		{086FF8A0-9CEE-470A-9751-78B0F1340649}.Release|x86.ActiveCfg = Release|x86
		{086FF8A0-9CEE-470A-9751-78B0F1340649}.Release|x86.Build.0 = Release|x86
		{F5B27CC4-1DF6-4ECD-A4FD-8200152F9A5A}.Debug|Any CPU.ActiveCfg = Debug|Any CPU
		{F5B27CC4-1DF6-4ECD-A4FD-8200152F9A5A}.Debug|Any CPU.Build.0 = Debug|Any CPU
		{F5B27CC4-1DF6-4ECD-A4FD-8200152F9A5A}.Debug|x64.ActiveCfg = Debug|x64
		{F5B27CC4-1DF6-4ECD-A4FD-8200152F9A5A}.Debug|x64.Build.0 = Debug|x64
		{F5B27CC4-1DF6-4ECD-A4FD-8200152F9A5A}.Debug|x86.ActiveCfg = Debug|x86
		{F5B27CC4-1DF6-4ECD-A4FD-8200152F9A5A}.Debug|x86.Build.0 = Debug|x86
		{F5B27CC4-1DF6-4ECD-A4FD-8200152F9A5A}.Release|Any CPU.ActiveCfg = Release|Any CPU
		{F5B27CC4-1DF6-4ECD-A4FD-8200152F9A5A}.Release|Any CPU.Build.0 = Release|Any CPU
		{F5B27CC4-1DF6-4ECD-A4FD-8200152F9A5A}.Release|x64.ActiveCfg = Release|x64
		{F5B27CC4-1DF6-4ECD-A4FD-8200152F9A5A}.Release|x64.Build.0 = Release|x64
		{F5B27CC4-1DF6-4ECD-A4FD-8200152F9A5A}.Release|x86.ActiveCfg = Release|x86
		{F5B27CC4-1DF6-4ECD-A4FD-8200152F9A5A}.Release|x86.Build.0 = Release|x86
	EndGlobalSection
	GlobalSection(SolutionProperties) = preSolution
		HideSolutionNode = FALSE
	EndGlobalSection
	GlobalSection(NestedProjects) = preSolution
		{5DFDF781-F24C-45B1-82EF-9125875A80A4} = {9E5F0022-0A50-40BF-AC6A-C3078585ECAB}
		{73A1BE1C-9C8A-43FA-86A8-BF2744B4C1BB} = {8CEC2042-F11C-49F5-A674-2355793B600A}
		{0434F813-5F94-4195-8A2C-E2E755513822} = {8CEC2042-F11C-49F5-A674-2355793B600A}
		{188219D1-D123-46C9-B905-A9ED30E6AAA7} = {9E5F0022-0A50-40BF-AC6A-C3078585ECAB}
		{3BCE5D99-147B-4305-9970-AB0F683A6E8D} = {8CEC2042-F11C-49F5-A674-2355793B600A}
		{EFBFC324-B459-4D39-8E19-CE4AD0DBF15F} = {8CEC2042-F11C-49F5-A674-2355793B600A}
		{237A1C92-DE9E-4649-961B-BBB7CF0DFE01} = {8CEC2042-F11C-49F5-A674-2355793B600A}
		{733120FD-2423-491A-8FB1-427867101D8D} = {F1EFDD86-0213-4C73-9B38-AEBBDABE984F}
		{85F35AAF-D102-4960-8B41-3BD9CBD0E77F} = {9E5F0022-0A50-40BF-AC6A-C3078585ECAB}
		{3C6DD42E-9214-4747-92BA-78DE29AACE59} = {AA6F5582-3B71-49AC-AA39-8F7815AC46BE}
		{9951A03A-AD1B-48D8-A96D-B85532BEDADD} = {AA6F5582-3B71-49AC-AA39-8F7815AC46BE}
		{3054DE0E-F140-4758-B2DA-0B9470C6EDE1} = {C1B5EA8C-C190-4EAE-871B-A7E95B5EC482}
		{5728056A-51AA-4FF5-AD0C-E86E44E36102} = {8CEC2042-F11C-49F5-A674-2355793B600A}
		{91B6272F-5780-4C94-8071-DBBA7B4F67F3} = {9E5F0022-0A50-40BF-AC6A-C3078585ECAB}
		{C0C8D381-D6B9-4C76-9428-F40F2FA93A9A} = {9E5F0022-0A50-40BF-AC6A-C3078585ECAB}
		{FDB5C8D0-018D-4FF9-9680-C6A5078F819B} = {AA6F5582-3B71-49AC-AA39-8F7815AC46BE}
		{4B243CF1-4269-45C6-A238-1A9BFA58B8CC} = {AA6F5582-3B71-49AC-AA39-8F7815AC46BE}
		{F40F73F0-95CA-43B5-9881-DC58F0AE8BC3} = {AA6F5582-3B71-49AC-AA39-8F7815AC46BE}
		{BC7B3216-9C37-4570-8A4A-5D716AB98E9C} = {AA6F5582-3B71-49AC-AA39-8F7815AC46BE}
		{0D546118-B70A-44D0-B675-39EDB99FCEEE} = {8CEC2042-F11C-49F5-A674-2355793B600A}
		{086FF8A0-9CEE-470A-9751-78B0F1340649} = {AA6F5582-3B71-49AC-AA39-8F7815AC46BE}
		{F5B27CC4-1DF6-4ECD-A4FD-8200152F9A5A} = {AA6F5582-3B71-49AC-AA39-8F7815AC46BE}
	EndGlobalSection
	GlobalSection(ExtensibilityGlobals) = postSolution
		SolutionGuid = {160A1D00-1F5B-40F8-A155-621B4459D78F}
	EndGlobalSection
EndGlobal
