Microsoft Visual Studio Solution File, Format Version 12.00
# Visual Studio 15
VisualStudioVersion = 15.0.26124.0
MinimumVisualStudioVersion = 15.0.26124.0
Project("{2150E333-8FDC-42A3-9474-1A3956D46DE8}") = "Solution Items", "Solution Items", "{FEBCE7DC-9FD1-48A6-B911-71ABB240A030}"
	ProjectSection(SolutionItems) = preProject
		.dockerignore = .dockerignore
		.editorconfig = .editorconfig
		.gitattributes = .gitattributes
		.gitignore = .gitignore
		tracer\Datadog.Trace.proj = tracer\Datadog.Trace.proj
		Datadog.Trace.snk = Datadog.Trace.snk
		tracer\Directory.Build.props = tracer\Directory.Build.props
		tracer\GlobalSuppressions.cs = tracer\GlobalSuppressions.cs
		LICENSE = LICENSE
		tracer\stylecop.json = tracer\stylecop.json
	EndProjectSection
EndProject
Project("{2150E333-8FDC-42A3-9474-1A3956D46DE8}") = "src", "src", "{9E5F0022-0A50-40BF-AC6A-C3078585ECAB}"
	ProjectSection(SolutionItems) = preProject
		tracer\src\Directory.Build.props = tracer\src\Directory.Build.props
		tracer\src\GlobalSuppressions.cs = tracer\src\GlobalSuppressions.cs
	EndProjectSection
EndProject
Project("{2150E333-8FDC-42A3-9474-1A3956D46DE8}") = "test", "test", "{8CEC2042-F11C-49F5-A674-2355793B600A}"
	ProjectSection(SolutionItems) = preProject
		tracer\test\Directory.Build.props = tracer\test\Directory.Build.props
		tracer\test\GlobalSuppressions.cs = tracer\test\GlobalSuppressions.cs
		tracer\test\test.settings = tracer\test\test.settings
	EndProjectSection
EndProject
Project("{2150E333-8FDC-42A3-9474-1A3956D46DE8}") = "test-applications", "test-applications", "{9518425A-36A5-4B8F-B0B8-6137DB88441D}"
	ProjectSection(SolutionItems) = preProject
		tracer\test\test-applications\Directory.Build.props = tracer\test\test-applications\Directory.Build.props
	EndProjectSection
EndProject
Project("{2150E333-8FDC-42A3-9474-1A3956D46DE8}") = "integrations", "integrations", "{BAF8F246-3645-42AD-B1D0-0F7EAFBAB34A}"
	ProjectSection(SolutionItems) = preProject
		tracer\test\test-applications\integrations\Samples.Deduplication\Samples.Deduplication.csproj = tracer\test\test-applications\integrations\Samples.Deduplication\Samples.Deduplication.csproj
	EndProjectSection
EndProject
Project("{2150E333-8FDC-42A3-9474-1A3956D46DE8}") = "security", "security", "{0972AD57-B16B-494F-AE0A-091DD6F3B42B}"
	ProjectSection(SolutionItems) = preProject
	EndProjectSection
EndProject
Project("{2150E333-8FDC-42A3-9474-1A3956D46DE8}") = "aspnet", "aspnet", "{AAFFA51D-1357-4560-97DC-43AD039442E6}"
	ProjectSection(SolutionItems) = preProject
	EndProjectSection
EndProject
Project("{2150E333-8FDC-42A3-9474-1A3956D46DE8}") = "tracer", "tracer", "{37327733-E955-A410-2082-0DA02DCDC37C}"
	ProjectSection(SolutionItems) = preProject
	EndProjectSection
EndProject
Project("{2150E333-8FDC-42A3-9474-1A3956D46DE8}") = "test", "test", "{98FDE921-7921-D619-BDDB-1048E2F771C2}"
	ProjectSection(SolutionItems) = preProject
	EndProjectSection
EndProject
Project("{2150E333-8FDC-42A3-9474-1A3956D46DE8}") = "test-applications", "test-applications", "{A3A2FB7D-4F81-4CD8-C9DD-0EC96E50CF58}"
	ProjectSection(SolutionItems) = preProject
	EndProjectSection
EndProject
Project("{2150E333-8FDC-42A3-9474-1A3956D46DE8}") = "integrations", "integrations", "{826CC548-CA10-E736-9B8C-11F9FD98E92D}"
	ProjectSection(SolutionItems) = preProject
	EndProjectSection
EndProject
Project("{D954291E-2A0B-460D-934E-DC6B0785DB48}") = "Samples.Shared", "tracer\test\test-applications\Samples.Shared\Samples.Shared.shproj", "{5A806F4B-39E7-4F38-B36F-F5CFC4F8760A}"
EndProject
Project("{9A19103F-16F7-4668-BE54-9A1E7A4F7556}") = "Samples.Security.AspNetCoreBare", "tracer\test\test-applications\security\Samples.Security.AspNetCoreBare\Samples.Security.AspNetCoreBare.csproj", "{F6A03B6C-EBF9-4581-9904-EDC7270CF3BD}"
EndProject
Project("{9A19103F-16F7-4668-BE54-9A1E7A4F7556}") = "Samples.ProcessStart", "tracer\test\test-applications\integrations\Samples.ProcessStart\Samples.ProcessStart.csproj", "{B1F9F419-87E1-4B59-A954-9895FCD7949E}"
EndProject
Project("{9A19103F-16F7-4668-BE54-9A1E7A4F7556}") = "Samples.WeakCipher", "tracer\test\test-applications\integrations\Samples.WeakCipher\Samples.WeakCipher.csproj", "{43C696FA-3812-4312-9529-98CECCD32A81}"
EndProject
Project("{9A19103F-16F7-4668-BE54-9A1E7A4F7556}") = "Samples.Security.AspNetCore5", "tracer\test\test-applications\security\Samples.Security.AspNetCore5\Samples.Security.AspNetCore5.csproj", "{87D57940-9A6E-473C-A4D6-777E3BAFD5F9}"
EndProject
Project("{9A19103F-16F7-4668-BE54-9A1E7A4F7556}") = "Samples.Security.AspNetCore2", "tracer\test\test-applications\security\Samples.Security.AspNetCore2\Samples.Security.AspNetCore2.csproj", "{C5E7978A-DE2A-4944-86DB-4721A110E720}"
EndProject
Project("{FAE04EC0-301F-11D3-BF4B-00C04F79EFBC}") = "Samples.InstrumentedTests", "tracer\test\test-applications\integrations\Samples.InstrumentedTests\Samples.InstrumentedTests.csproj", "{753BE7E5-5199-53B2-DE69-43A05E78C2C8}"
EndProject
Project("{FAE04EC0-301F-11D3-BF4B-00C04F79EFBC}") = "Samples.Deduplication", "tracer\test\test-applications\integrations\Samples.Deduplication\Samples.Deduplication.csproj", "{99039F0D-CF8F-4487-A666-2B714CC197B5}"
EndProject
Project("{FAE04EC0-301F-11D3-BF4B-00C04F79EFBC}") = "Samples.GrpcDotNet", "tracer\test\test-applications\integrations\Samples.GrpcDotNet\Samples.GrpcDotNet.csproj", "{7707A74D-E1C3-45C4-B556-21F31C7A3015}"
EndProject
Global
	GlobalSection(SolutionConfigurationPlatforms) = preSolution
		Debug|Any CPU = Debug|Any CPU
		Release|Any CPU = Release|Any CPU
	EndGlobalSection
	GlobalSection(ProjectConfigurationPlatforms) = postSolution
		{F6A03B6C-EBF9-4581-9904-EDC7270CF3BD}.Debug|Any CPU.ActiveCfg = Debug|Any CPU
		{F6A03B6C-EBF9-4581-9904-EDC7270CF3BD}.Debug|Any CPU.Build.0 = Debug|Any CPU
		{F6A03B6C-EBF9-4581-9904-EDC7270CF3BD}.Debug|x64.ActiveCfg = Debug|Any CPU
		{F6A03B6C-EBF9-4581-9904-EDC7270CF3BD}.Debug|x64.Build.0 = Debug|Any CPU
		{F6A03B6C-EBF9-4581-9904-EDC7270CF3BD}.Debug|x86.ActiveCfg = Debug|Any CPU
		{F6A03B6C-EBF9-4581-9904-EDC7270CF3BD}.Debug|x86.Build.0 = Debug|Any CPU
		{F6A03B6C-EBF9-4581-9904-EDC7270CF3BD}.Release|Any CPU.ActiveCfg = Release|Any CPU
		{F6A03B6C-EBF9-4581-9904-EDC7270CF3BD}.Release|Any CPU.Build.0 = Release|Any CPU
		{F6A03B6C-EBF9-4581-9904-EDC7270CF3BD}.Release|x64.ActiveCfg = Release|Any CPU
		{F6A03B6C-EBF9-4581-9904-EDC7270CF3BD}.Release|x64.Build.0 = Release|Any CPU
		{F6A03B6C-EBF9-4581-9904-EDC7270CF3BD}.Release|x86.ActiveCfg = Release|Any CPU
		{F6A03B6C-EBF9-4581-9904-EDC7270CF3BD}.Release|x86.Build.0 = Release|Any CPU
		{B1F9F419-87E1-4B59-A954-9895FCD7949E}.Debug|Any CPU.ActiveCfg = Debug|Any CPU
		{B1F9F419-87E1-4B59-A954-9895FCD7949E}.Debug|Any CPU.Build.0 = Debug|Any CPU
		{B1F9F419-87E1-4B59-A954-9895FCD7949E}.Debug|x64.ActiveCfg = Debug|Any CPU
		{B1F9F419-87E1-4B59-A954-9895FCD7949E}.Debug|x64.Build.0 = Debug|Any CPU
		{B1F9F419-87E1-4B59-A954-9895FCD7949E}.Debug|x86.ActiveCfg = Debug|Any CPU
		{B1F9F419-87E1-4B59-A954-9895FCD7949E}.Debug|x86.Build.0 = Debug|Any CPU
		{B1F9F419-87E1-4B59-A954-9895FCD7949E}.Release|Any CPU.ActiveCfg = Release|Any CPU
		{B1F9F419-87E1-4B59-A954-9895FCD7949E}.Release|Any CPU.Build.0 = Release|Any CPU
		{B1F9F419-87E1-4B59-A954-9895FCD7949E}.Release|x64.ActiveCfg = Release|Any CPU
		{B1F9F419-87E1-4B59-A954-9895FCD7949E}.Release|x64.Build.0 = Release|Any CPU
		{B1F9F419-87E1-4B59-A954-9895FCD7949E}.Release|x86.ActiveCfg = Release|Any CPU
		{B1F9F419-87E1-4B59-A954-9895FCD7949E}.Release|x86.Build.0 = Release|Any CPU
		{43C696FA-3812-4312-9529-98CECCD32A81}.Debug|Any CPU.ActiveCfg = Debug|Any CPU
		{43C696FA-3812-4312-9529-98CECCD32A81}.Debug|Any CPU.Build.0 = Debug|Any CPU
		{43C696FA-3812-4312-9529-98CECCD32A81}.Debug|x64.ActiveCfg = Debug|Any CPU
		{43C696FA-3812-4312-9529-98CECCD32A81}.Debug|x64.Build.0 = Debug|Any CPU
		{43C696FA-3812-4312-9529-98CECCD32A81}.Debug|x86.ActiveCfg = Debug|Any CPU
		{43C696FA-3812-4312-9529-98CECCD32A81}.Debug|x86.Build.0 = Debug|Any CPU
		{43C696FA-3812-4312-9529-98CECCD32A81}.Release|Any CPU.ActiveCfg = Release|Any CPU
		{43C696FA-3812-4312-9529-98CECCD32A81}.Release|Any CPU.Build.0 = Release|Any CPU
		{43C696FA-3812-4312-9529-98CECCD32A81}.Release|x64.ActiveCfg = Release|Any CPU
		{43C696FA-3812-4312-9529-98CECCD32A81}.Release|x64.Build.0 = Release|Any CPU
		{43C696FA-3812-4312-9529-98CECCD32A81}.Release|x86.ActiveCfg = Release|Any CPU
		{43C696FA-3812-4312-9529-98CECCD32A81}.Release|x86.Build.0 = Release|Any CPU
		{87D57940-9A6E-473C-A4D6-777E3BAFD5F9}.Debug|Any CPU.ActiveCfg = Debug|Any CPU
		{87D57940-9A6E-473C-A4D6-777E3BAFD5F9}.Debug|Any CPU.Build.0 = Debug|Any CPU
		{87D57940-9A6E-473C-A4D6-777E3BAFD5F9}.Debug|x64.ActiveCfg = Debug|Any CPU
		{87D57940-9A6E-473C-A4D6-777E3BAFD5F9}.Debug|x64.Build.0 = Debug|Any CPU
		{87D57940-9A6E-473C-A4D6-777E3BAFD5F9}.Debug|x86.ActiveCfg = Debug|Any CPU
		{87D57940-9A6E-473C-A4D6-777E3BAFD5F9}.Debug|x86.Build.0 = Debug|Any CPU
		{87D57940-9A6E-473C-A4D6-777E3BAFD5F9}.Release|Any CPU.ActiveCfg = Release|Any CPU
		{87D57940-9A6E-473C-A4D6-777E3BAFD5F9}.Release|Any CPU.Build.0 = Release|Any CPU
		{87D57940-9A6E-473C-A4D6-777E3BAFD5F9}.Release|x64.ActiveCfg = Release|Any CPU
		{87D57940-9A6E-473C-A4D6-777E3BAFD5F9}.Release|x64.Build.0 = Release|Any CPU
		{87D57940-9A6E-473C-A4D6-777E3BAFD5F9}.Release|x86.ActiveCfg = Release|Any CPU
		{87D57940-9A6E-473C-A4D6-777E3BAFD5F9}.Release|x86.Build.0 = Release|Any CPU
		{C5E7978A-DE2A-4944-86DB-4721A110E720}.Debug|Any CPU.ActiveCfg = Debug|Any CPU
		{C5E7978A-DE2A-4944-86DB-4721A110E720}.Debug|Any CPU.Build.0 = Debug|Any CPU
		{C5E7978A-DE2A-4944-86DB-4721A110E720}.Debug|x64.ActiveCfg = Debug|Any CPU
		{C5E7978A-DE2A-4944-86DB-4721A110E720}.Debug|x64.Build.0 = Debug|Any CPU
		{C5E7978A-DE2A-4944-86DB-4721A110E720}.Debug|x86.ActiveCfg = Debug|Any CPU
		{C5E7978A-DE2A-4944-86DB-4721A110E720}.Debug|x86.Build.0 = Debug|Any CPU
		{C5E7978A-DE2A-4944-86DB-4721A110E720}.Release|Any CPU.ActiveCfg = Release|Any CPU
		{C5E7978A-DE2A-4944-86DB-4721A110E720}.Release|Any CPU.Build.0 = Release|Any CPU
		{C5E7978A-DE2A-4944-86DB-4721A110E720}.Release|x64.ActiveCfg = Release|Any CPU
		{C5E7978A-DE2A-4944-86DB-4721A110E720}.Release|x64.Build.0 = Release|Any CPU
		{C5E7978A-DE2A-4944-86DB-4721A110E720}.Release|x86.ActiveCfg = Release|Any CPU
		{C5E7978A-DE2A-4944-86DB-4721A110E720}.Release|x86.Build.0 = Release|Any CPU
		{753BE7E5-5199-53B2-DE69-43A05E78C2C8}.Debug|Any CPU.ActiveCfg = Debug|Any CPU
		{753BE7E5-5199-53B2-DE69-43A05E78C2C8}.Debug|Any CPU.Build.0 = Debug|Any CPU
		{753BE7E5-5199-53B2-DE69-43A05E78C2C8}.Debug|x64.ActiveCfg = Debug|Any CPU
		{753BE7E5-5199-53B2-DE69-43A05E78C2C8}.Debug|x64.Build.0 = Debug|Any CPU
		{753BE7E5-5199-53B2-DE69-43A05E78C2C8}.Debug|x86.ActiveCfg = Debug|Any CPU
		{753BE7E5-5199-53B2-DE69-43A05E78C2C8}.Debug|x86.Build.0 = Debug|Any CPU
		{753BE7E5-5199-53B2-DE69-43A05E78C2C8}.Release|Any CPU.ActiveCfg = Release|Any CPU
		{753BE7E5-5199-53B2-DE69-43A05E78C2C8}.Release|Any CPU.Build.0 = Release|Any CPU
		{753BE7E5-5199-53B2-DE69-43A05E78C2C8}.Release|x64.ActiveCfg = Release|Any CPU
		{753BE7E5-5199-53B2-DE69-43A05E78C2C8}.Release|x64.Build.0 = Release|Any CPU
		{753BE7E5-5199-53B2-DE69-43A05E78C2C8}.Release|x86.ActiveCfg = Release|Any CPU
		{753BE7E5-5199-53B2-DE69-43A05E78C2C8}.Release|x86.Build.0 = Release|Any CPU
		{99039F0D-CF8F-4487-A666-2B714CC197B5}.Debug|Any CPU.ActiveCfg = Debug|Any CPU
		{99039F0D-CF8F-4487-A666-2B714CC197B5}.Debug|Any CPU.Build.0 = Debug|Any CPU
		{99039F0D-CF8F-4487-A666-2B714CC197B5}.Debug|x64.ActiveCfg = Debug|Any CPU
		{99039F0D-CF8F-4487-A666-2B714CC197B5}.Debug|x64.Build.0 = Debug|Any CPU
		{99039F0D-CF8F-4487-A666-2B714CC197B5}.Debug|x86.ActiveCfg = Debug|Any CPU
		{99039F0D-CF8F-4487-A666-2B714CC197B5}.Debug|x86.Build.0 = Debug|Any CPU
		{99039F0D-CF8F-4487-A666-2B714CC197B5}.Release|Any CPU.ActiveCfg = Release|Any CPU
		{99039F0D-CF8F-4487-A666-2B714CC197B5}.Release|Any CPU.Build.0 = Release|Any CPU
		{99039F0D-CF8F-4487-A666-2B714CC197B5}.Release|x64.ActiveCfg = Release|Any CPU
		{99039F0D-CF8F-4487-A666-2B714CC197B5}.Release|x64.Build.0 = Release|Any CPU
		{99039F0D-CF8F-4487-A666-2B714CC197B5}.Release|x86.ActiveCfg = Release|Any CPU
		{99039F0D-CF8F-4487-A666-2B714CC197B5}.Release|x86.Build.0 = Release|Any CPU
		{7707A74D-E1C3-45C4-B556-21F31C7A3015}.Debug|Any CPU.ActiveCfg = Debug|Any CPU
		{7707A74D-E1C3-45C4-B556-21F31C7A3015}.Debug|Any CPU.Build.0 = Debug|Any CPU
		{7707A74D-E1C3-45C4-B556-21F31C7A3015}.Debug|x64.ActiveCfg = Debug|Any CPU
		{7707A74D-E1C3-45C4-B556-21F31C7A3015}.Debug|x64.Build.0 = Debug|Any CPU
		{7707A74D-E1C3-45C4-B556-21F31C7A3015}.Debug|x86.ActiveCfg = Debug|Any CPU
		{7707A74D-E1C3-45C4-B556-21F31C7A3015}.Debug|x86.Build.0 = Debug|Any CPU
		{7707A74D-E1C3-45C4-B556-21F31C7A3015}.Release|Any CPU.ActiveCfg = Release|Any CPU
		{7707A74D-E1C3-45C4-B556-21F31C7A3015}.Release|Any CPU.Build.0 = Release|Any CPU
		{7707A74D-E1C3-45C4-B556-21F31C7A3015}.Release|x64.ActiveCfg = Release|Any CPU
		{7707A74D-E1C3-45C4-B556-21F31C7A3015}.Release|x64.Build.0 = Release|Any CPU
		{7707A74D-E1C3-45C4-B556-21F31C7A3015}.Release|x86.ActiveCfg = Release|Any CPU
		{7707A74D-E1C3-45C4-B556-21F31C7A3015}.Release|x86.Build.0 = Release|Any CPU
	EndGlobalSection
	GlobalSection(NestedProjects) = preSolution
		{9518425A-36A5-4B8F-B0B8-6137DB88441D} = {8CEC2042-F11C-49F5-A674-2355793B600A}
		{BAF8F246-3645-42AD-B1D0-0F7EAFBAB34A} = {9518425A-36A5-4B8F-B0B8-6137DB88441D}
		{0972AD57-B16B-494F-AE0A-091DD6F3B42B} = {9518425A-36A5-4B8F-B0B8-6137DB88441D}
		{AAFFA51D-1357-4560-97DC-43AD039442E6} = {0972AD57-B16B-494F-AE0A-091DD6F3B42B}
		{98FDE921-7921-D619-BDDB-1048E2F771C2} = {37327733-E955-A410-2082-0DA02DCDC37C}
		{A3A2FB7D-4F81-4CD8-C9DD-0EC96E50CF58} = {98FDE921-7921-D619-BDDB-1048E2F771C2}
		{826CC548-CA10-E736-9B8C-11F9FD98E92D} = {A3A2FB7D-4F81-4CD8-C9DD-0EC96E50CF58}
		{5A806F4B-39E7-4F38-B36F-F5CFC4F8760A} = {9518425A-36A5-4B8F-B0B8-6137DB88441D}
		{F6A03B6C-EBF9-4581-9904-EDC7270CF3BD} = {0972AD57-B16B-494F-AE0A-091DD6F3B42B}
		{B1F9F419-87E1-4B59-A954-9895FCD7949E} = {BAF8F246-3645-42AD-B1D0-0F7EAFBAB34A}
		{43C696FA-3812-4312-9529-98CECCD32A81} = {BAF8F246-3645-42AD-B1D0-0F7EAFBAB34A}
		{87D57940-9A6E-473C-A4D6-777E3BAFD5F9} = {0972AD57-B16B-494F-AE0A-091DD6F3B42B}
		{C5E7978A-DE2A-4944-86DB-4721A110E720} = {0972AD57-B16B-494F-AE0A-091DD6F3B42B}
		{753BE7E5-5199-53B2-DE69-43A05E78C2C8} = {BAF8F246-3645-42AD-B1D0-0F7EAFBAB34A}
		{99039F0D-CF8F-4487-A666-2B714CC197B5} = {BAF8F246-3645-42AD-B1D0-0F7EAFBAB34A}
		{7707A74D-E1C3-45C4-B556-21F31C7A3015} = {BAF8F246-3645-42AD-B1D0-0F7EAFBAB34A}
	EndGlobalSection
EndGlobal
