<?xml version="1.0" encoding="utf-8"?>
<Project ToolsVersion="4.0" xmlns="http://schemas.microsoft.com/developer/msbuild/2003">
  <ItemGroup>
    <Filter Include="Source Files">
      <UniqueIdentifier>{4FC737F1-C7A5-4376-A066-2A32D752A2FF}</UniqueIdentifier>
      <Extensions>cpp;c;cc;cxx;c++;cppm;ixx;def;odl;idl;hpj;bat;asm;asmx</Extensions>
    </Filter>
    <Filter Include="Header Files">
      <UniqueIdentifier>{93995380-89BD-4b04-88EB-625FBE52EBFB}</UniqueIdentifier>
      <Extensions>h;hh;hpp;hxx;h++;hm;inl;inc;ipp;xsd</Extensions>
    </Filter>
    <Filter Include="Resource Files">
      <UniqueIdentifier>{67DA6AB6-F800-4c08-8B7A-83BB121AAD01}</UniqueIdentifier>
      <Extensions>rc;ico;cur;bmp;dlg;rc2;rct;bin;rgs;gif;jpg;jpeg;jpe;resx;tiff;tif;png;wav;mfcribbon-ms</Extensions>
    </Filter>
    <Filter Include="shared">
      <UniqueIdentifier>{8b790ef2-ec5f-40ec-9f7a-6f1cb28c8195}</UniqueIdentifier>
    </Filter>
  </ItemGroup>
  <ItemGroup>
    <ClInclude Include="cor_profiler_class_factory.h">
      <Filter>Header Files</Filter>
    </ClInclude>
    <ClInclude Include="cor_profiler.h">
      <Filter>Header Files</Filter>
    </ClInclude>
    <ClInclude Include="log.h">
      <Filter>Header Files</Filter>
    </ClInclude>
    <ClInclude Include="dynamic_dispatcher.h">
      <Filter>Header Files</Filter>
    </ClInclude>
    <ClInclude Include="util.h">
      <Filter>Header Files</Filter>
    </ClInclude>
    <ClInclude Include="dynamic_instance.h">
      <Filter>Header Files</Filter>
    </ClInclude>
    <ClInclude Include="EnvironmentVariables.h">
      <Filter>Header Files</Filter>
    </ClInclude>
    <ClInclude Include="instrumented_assembly_generator\instrumented_assembly_generator_consts.h">
      <Filter>Header Files</Filter>
    </ClInclude>
    <ClInclude Include="instrumented_assembly_generator\instrumented_assembly_generator_cor_profiler_function_control.h">
      <Filter>Header Files</Filter>
    </ClInclude>
    <ClInclude Include="instrumented_assembly_generator\instrumented_assembly_generator_cor_profiler_info.h">
      <Filter>Header Files</Filter>
    </ClInclude>
    <ClInclude Include="instrumented_assembly_generator\instrumented_assembly_generator_helper.h">
      <Filter>Header Files</Filter>
    </ClInclude>
    <ClInclude Include="instrumented_assembly_generator\instrumented_assembly_generator_metadata_interfaces.h">
      <Filter>Header Files</Filter>
    </ClInclude>
    <ClInclude Include="instrumented_assembly_generator\member_signature.h">
      <Filter>Header Files</Filter>
    </ClInclude>
    <ClInclude Include="instrumented_assembly_generator\method_signature.h">
      <Filter>Header Files</Filter>
    </ClInclude>
    <ClInclude Include="..\..\..\shared\src\native-src\miniutf.hpp">
      <Filter>Header Files</Filter>
    </ClInclude>
    <ClInclude Include="..\..\..\shared\src\native-src\miniutfdata.h">
      <Filter>Header Files</Filter>
    </ClInclude>
    <ClInclude Include="exported_functions.h">
      <Filter>Header Files</Filter>
    </ClInclude>
    <ClInclude Include="runtimeid_store.h">
      <Filter>Header Files</Filter>
    </ClInclude>
    <ClInclude Include="..\..\..\shared\src\native-src\dynamic_library_base.h">
      <Filter>shared</Filter>
    </ClInclude>
    <ClInclude Include="..\..\..\shared\src\native-src\dynamic_com_library.h">
      <Filter>shared</Filter>
    </ClInclude>
    <ClInclude Include="instrumented_assembly_generator\method_info.h">
      <Filter>Header Files</Filter>
    </ClInclude>
  </ItemGroup>
  <ItemGroup>
    <ClCompile Include="dllmain.cpp">
      <Filter>Source Files</Filter>
    </ClCompile>
    <ClCompile Include="cor_profiler_class_factory.cpp">
      <Filter>Source Files</Filter>
    </ClCompile>
    <ClCompile Include="cor_profiler.cpp">
      <Filter>Source Files</Filter>
    </ClCompile>
    <ClCompile Include="dynamic_dispatcher.cpp">
      <Filter>Source Files</Filter>
    </ClCompile>
    <ClCompile Include="dynamic_instance.cpp">
      <Filter>Source Files</Filter>
    </ClCompile>
    <ClCompile Include="..\..\..\shared\src\native-src\string.cpp">
      <Filter>Source Files</Filter>
    </ClCompile>
    <ClCompile Include="..\..\..\shared\src\native-src\util.cpp">
      <Filter>Source Files</Filter>
    </ClCompile>
    <ClCompile Include="instrumented_assembly_generator\instrumented_assembly_generator_cor_profiler_function_control.cpp">
      <Filter>Source Files</Filter>
    </ClCompile>
    <ClCompile Include="instrumented_assembly_generator\instrumented_assembly_generator_cor_profiler_info.cpp">
      <Filter>Source Files</Filter>
    </ClCompile>
    <ClCompile Include="instrumented_assembly_generator\instrumented_assembly_generator_metadata_interfaces.cpp">
      <Filter>Source Files</Filter>
    </ClCompile>
    <ClCompile Include="instrumented_assembly_generator\member_signature.cpp">
      <Filter>Source Files</Filter>
    </ClCompile>
    <ClCompile Include="instrumented_assembly_generator\method_signature.cpp">
      <Filter>Source Files</Filter>
    </ClCompile>
    <ClCompile Include="..\..\..\shared\src\native-lib\spdlog\src\spdlog.cpp">
      <Filter>Source Files</Filter>
    </ClCompile>
    <ClCompile Include="..\..\..\shared\src\native-src\miniutf.cpp">
      <Filter>Source Files</Filter>
    </ClCompile>
    <ClCompile Include="exported_functions.cpp">
      <Filter>Source Files</Filter>
    </ClCompile>
    <ClCompile Include="runtimeid_store.cpp">
      <Filter>Source Files</Filter>
    </ClCompile>
    <ClCompile Include="..\..\..\shared\src\native-src\dynamic_library_base.cpp">
      <Filter>shared</Filter>
    </ClCompile>
    <ClCompile Include="..\..\..\shared\src\native-src\dynamic_com_library.cpp">
      <Filter>shared</Filter>
    </ClCompile>
  </ItemGroup>
  <ItemGroup>
    <CopyFileToFolders Include="loader.conf" />
  </ItemGroup>
  <ItemGroup>
    <Text Include="CMakeLists.txt" />
  </ItemGroup>
  <ItemGroup>
    <None Include="Datadog.AutoInstrumentation.NativeLoader.def" />
  </ItemGroup>
</Project>