<?xml version="1.0" encoding="utf-8"?>
<Project ToolsVersion="4.0" xmlns="http://schemas.microsoft.com/developer/msbuild/2003">
  <ItemGroup>
    <Filter Include="Source Files">
      <UniqueIdentifier>{4FC737F1-C7A5-4376-A066-2A32D752A2FF}</UniqueIdentifier>
      <Extensions>cpp;c;cc;cxx;c++;cppm;ixx;def;odl;idl;hpj;bat;asm;asmx</Extensions>
    </Filter>
    <Filter Include="Header Files">
      <UniqueIdentifier>{93995380-89BD-4b04-88EB-625FBE52EBFB}</UniqueIdentifier>
      <Extensions>h;hh;hpp;hxx;h++;hm;inl;inc;ipp;xsd</Extensions>
    </Filter>
    <Filter Include="Resource Files">
      <UniqueIdentifier>{67DA6AB6-F800-4c08-8B7A-83BB121AAD01}</UniqueIdentifier>
      <Extensions>rc;ico;cur;bmp;dlg;rc2;rct;bin;rgs;gif;jpg;jpeg;jpe;resx;tiff;tif;png;wav;mfcribbon-ms</Extensions>
    </Filter>
  </ItemGroup>
  <ItemGroup>
    <ClCompile Include="GcDumpMain.cpp">
      <Filter>Source Files</Filter>
    </ClCompile>
    <ClCompile Include="..\..\ProfilerEngine\Datadog.Profiler.Native\GcDump.cpp">
      <Filter>Source Files</Filter>
    </ClCompile>
    <ClCompile Include="..\..\ProfilerEngine\Datadog.Profiler.Native\GcDumpState.cpp">
      <Filter>Source Files</Filter>
    </ClCompile>
    <ClCompile Include="..\..\ProfilerEngine\Datadog.Profiler.Native\EventPipe\BlockParser.cpp">
      <Filter>Source Files</Filter>
    </ClCompile>
    <ClCompile Include="..\..\ProfilerEngine\Datadog.Profiler.Native\EventPipe\DiagnosticsClient.cpp">
      <Filter>Source Files</Filter>
    </ClCompile>
    <ClCompile Include="..\..\ProfilerEngine\Datadog.Profiler.Native\EventPipe\DiagnosticsProtocol.cpp">
      <Filter>Source Files</Filter>
    </ClCompile>
    <ClCompile Include="..\..\ProfilerEngine\Datadog.Profiler.Native\EventPipe\EventParser.cpp">
      <Filter>Source Files</Filter>
    </ClCompile>
    <ClCompile Include="..\..\ProfilerEngine\Datadog.Profiler.Native\EventPipe\EventPipeSession.cpp">
      <Filter>Source Files</Filter>
    </ClCompile>
    <ClCompile Include="..\..\ProfilerEngine\Datadog.Profiler.Native\EventPipe\FileRecorder.cpp">
      <Filter>Source Files</Filter>
    </ClCompile>
    <ClCompile Include="..\..\ProfilerEngine\Datadog.Profiler.Native\EventPipe\IpcEndpoint.cpp">
      <Filter>Source Files</Filter>
    </ClCompile>
    <ClCompile Include="..\..\ProfilerEngine\Datadog.Profiler.Native\EventPipe\MetadataParser.cpp">
      <Filter>Source Files</Filter>
    </ClCompile>
    <ClCompile Include="..\..\ProfilerEngine\Datadog.Profiler.Native\EventPipe\PidEndpoint.cpp">
      <Filter>Source Files</Filter>
    </ClCompile>
    <ClCompile Include="..\..\ProfilerEngine\Datadog.Profiler.Native\EventPipe\RecordedEndpoint.cpp">
      <Filter>Source Files</Filter>
    </ClCompile>
    <ClCompile Include="..\..\ProfilerEngine\Datadog.Profiler.Native\EventPipe\SequencePointParser.cpp">
      <Filter>Source Files</Filter>
    </ClCompile>
    <ClCompile Include="..\..\ProfilerEngine\Datadog.Profiler.Native\EventPipe\StackParser.cpp">
      <Filter>Source Files</Filter>
    </ClCompile>
    <ClCompile Include="..\..\ProfilerEngine\Datadog.Profiler.Native\TypeInfo.cpp">
      <Filter>Source Files</Filter>
    </ClCompile>
    <ClCompile Include="..\..\ProfilerEngine\Datadog.Profiler.Native\LiveObject.cpp">
      <Filter>Source Files</Filter>
    </ClCompile>
  </ItemGroup>
  <ItemGroup>
    <ClInclude Include="..\..\ProfilerEngine\Datadog.Profiler.Native\TypeInfo.h">
      <Filter>Header Files</Filter>
    </ClInclude>
    <ClInclude Include="..\..\ProfilerEngine\Datadog.Profiler.Native\LiveObject.h">
      <Filter>Header Files</Filter>
    </ClInclude>
    <ClInclude Include="..\..\ProfilerEngine\Datadog.Profiler.Native\EventPipe\BlockParser.h">
      <Filter>Header Files</Filter>
    </ClInclude>
    <ClInclude Include="..\..\ProfilerEngine\Datadog.Profiler.Native\EventPipe\DiagnosticsClient.h">
      <Filter>Header Files</Filter>
    </ClInclude>
    <ClInclude Include="..\..\ProfilerEngine\Datadog.Profiler.Native\EventPipe\DiagnosticsProtocol.h">
      <Filter>Header Files</Filter>
    </ClInclude>
    <ClInclude Include="..\..\ProfilerEngine\Datadog.Profiler.Native\EventPipe\EventPipeSession.h">
      <Filter>Header Files</Filter>
    </ClInclude>
    <ClInclude Include="..\..\ProfilerEngine\Datadog.Profiler.Native\EventPipe\FileRecorder.h">
      <Filter>Header Files</Filter>
    </ClInclude>
    <ClInclude Include="..\..\ProfilerEngine\Datadog.Profiler.Native\GcDump.h">
      <Filter>Header Files</Filter>
    </ClInclude>
    <ClInclude Include="..\..\ProfilerEngine\Datadog.Profiler.Native\GcDumpState.h">
      <Filter>Header Files</Filter>
    </ClInclude>
    <ClInclude Include="..\..\ProfilerEngine\Datadog.Profiler.Native\IGcDumpProvider.h">
      <Filter>Header Files</Filter>
    </ClInclude>
    <ClInclude Include="..\..\ProfilerEngine\Datadog.Profiler.Native\EventPipe\IIpcEndpoint.h">
      <Filter>Header Files</Filter>
    </ClInclude>
    <ClInclude Include="..\..\ProfilerEngine\Datadog.Profiler.Native\EventPipe\IIpcRecorder.h">
      <Filter>Header Files</Filter>
    </ClInclude>
    <ClInclude Include="..\..\ProfilerEngine\Datadog.Profiler.Native\EventPipe\IpcEndpoint.h">
      <Filter>Header Files</Filter>
    </ClInclude>
    <ClInclude Include="..\..\ProfilerEngine\Datadog.Profiler.Native\EventPipe\NettraceFormat.h">
      <Filter>Header Files</Filter>
    </ClInclude>
    <ClInclude Include="..\..\ProfilerEngine\Datadog.Profiler.Native\EventPipe\PidEndpoint.h">
      <Filter>Header Files</Filter>
    </ClInclude>
    <ClInclude Include="..\..\ProfilerEngine\Datadog.Profiler.Native\EventPipe\RecordedEndpoint.h">
      <Filter>Header Files</Filter>
    </ClInclude>
  </ItemGroup>
</Project>