<?xml version="1.0" encoding="utf-8"?>
<Project ToolsVersion="4.0" xmlns="http://schemas.microsoft.com/developer/msbuild/2003">
  <ItemGroup>
    <ClCompile Include="iast_util_test.cpp" />
    <ClCompile Include="integration_test.cpp" />
    <ClCompile Include="clr_helper_test.cpp" />
    <ClCompile Include="metadata_builder_test.cpp" />
    <ClCompile Include="pch.cpp" />
    <ClCompile Include="version_struct_test.cpp" />
  </ItemGroup>
  <ItemGroup>
    <ClInclude Include="pch.h" />
    <ClInclude Include="test_helpers.h" />
  </ItemGroup>
  <ItemGroup>
    <None Include="packages.config" />
  </ItemGroup>
</Project>