
Microsoft Visual Studio Solution File, Format Version 12.00
Project("{FAE04EC0-301F-11D3-BF4B-00C04F79EFBC}") = "GenerateTimeTravel", "GenerateTimeTravel\GenerateTimeTravel.csproj", "{777BA653-FD8C-44F9-9DB2-EA87D1F47130}"
EndProject
Global
	GlobalSection(SolutionConfigurationPlatforms) = preSolution
		Debug|Any CPU = Debug|Any CPU
		Release|Any CPU = Release|Any CPU
	EndGlobalSection
	GlobalSection(ProjectConfigurationPlatforms) = postSolution
		{777BA653-FD8C-44F9-9DB2-EA87D1F47130}.Debug|Any CPU.ActiveCfg = Debug|Any CPU
		{777BA653-FD8C-44F9-9DB2-EA87D1F47130}.Debug|Any CPU.Build.0 = Debug|Any CPU
		{777BA653-FD8C-44F9-9DB2-EA87D1F47130}.Release|Any CPU.ActiveCfg = Release|Any CPU
		{777BA653-FD8C-44F9-9DB2-EA87D1F47130}.Release|Any CPU.Build.0 = Release|Any CPU
	EndGlobalSection
EndGlobal
