
Microsoft Visual Studio Solution File, Format Version 12.00
# Visual Studio Version 16
VisualStudioVersion = 16.0.29324.140
MinimumVisualStudioVersion = 10.0.40219.1
Project("{2150E333-8FDC-42A3-9474-1A3956D46DE8}") = "AutomaticTraceIdInjection", "AutomaticTraceIdInjection", "{8AD58831-2198-4661-AC87-EFA754EDC4E9}"
	ProjectSection(SolutionItems) = preProject
		AutomaticTraceIdInjection\README.md = AutomaticTraceIdInjection\README.md
	EndProjectSection
EndProject
Project("{9A19103F-16F7-4668-BE54-9A1E7A4F7556}") = "Log4NetExample", "AutomaticTraceIdInjection\Log4NetExample\Log4NetExample.csproj", "{1115F7F9-B6A6-4E4C-8731-E3E875616DF7}"
EndProject
Project("{9A19103F-16F7-4668-BE54-9A1E7A4F7556}") = "NLogExample", "AutomaticTraceIdInjection\NLogExample\NLogExample.csproj", "{DE405F6C-A6C8-4848-9E04-14FE525188D7}"
EndProject
Project("{9A19103F-16F7-4668-BE54-9A1E7A4F7556}") = "SerilogExample", "AutomaticTraceIdInjection\SerilogExample\SerilogExample.csproj", "{51F8B356-6F95-460A-9549-52534B85042D}"
EndProject
Project("{2150E333-8FDC-42A3-9474-1A3956D46DE8}") = "Solution Items", "Solution Items", "{F901F53D-6A53-421C-91F6-B6E32A65826A}"
	ProjectSection(SolutionItems) = preProject
		Directory.Build.props = Directory.Build.props
	EndProjectSection
EndProject
Global
	GlobalSection(SolutionConfigurationPlatforms) = preSolution
		Debug|Any CPU = Debug|Any CPU
		Release|Any CPU = Release|Any CPU
	EndGlobalSection
	GlobalSection(ProjectConfigurationPlatforms) = postSolution
		{1115F7F9-B6A6-4E4C-8731-E3E875616DF7}.Debug|Any CPU.ActiveCfg = Debug|Any CPU
		{1115F7F9-B6A6-4E4C-8731-E3E875616DF7}.Debug|Any CPU.Build.0 = Debug|Any CPU
		{1115F7F9-B6A6-4E4C-8731-E3E875616DF7}.Release|Any CPU.ActiveCfg = Release|Any CPU
		{1115F7F9-B6A6-4E4C-8731-E3E875616DF7}.Release|Any CPU.Build.0 = Release|Any CPU
		{DE405F6C-A6C8-4848-9E04-14FE525188D7}.Debug|Any CPU.ActiveCfg = Debug|Any CPU
		{DE405F6C-A6C8-4848-9E04-14FE525188D7}.Debug|Any CPU.Build.0 = Debug|Any CPU
		{DE405F6C-A6C8-4848-9E04-14FE525188D7}.Release|Any CPU.ActiveCfg = Release|Any CPU
		{DE405F6C-A6C8-4848-9E04-14FE525188D7}.Release|Any CPU.Build.0 = Release|Any CPU
		{51F8B356-6F95-460A-9549-52534B85042D}.Debug|Any CPU.ActiveCfg = Debug|Any CPU
		{51F8B356-6F95-460A-9549-52534B85042D}.Debug|Any CPU.Build.0 = Debug|Any CPU
		{51F8B356-6F95-460A-9549-52534B85042D}.Release|Any CPU.ActiveCfg = Release|Any CPU
		{51F8B356-6F95-460A-9549-52534B85042D}.Release|Any CPU.Build.0 = Release|Any CPU
	EndGlobalSection
	GlobalSection(SolutionProperties) = preSolution
		HideSolutionNode = FALSE
	EndGlobalSection
	GlobalSection(NestedProjects) = preSolution
		{1115F7F9-B6A6-4E4C-8731-E3E875616DF7} = {8AD58831-2198-4661-AC87-EFA754EDC4E9}
		{DE405F6C-A6C8-4848-9E04-14FE525188D7} = {8AD58831-2198-4661-AC87-EFA754EDC4E9}
		{51F8B356-6F95-460A-9549-52534B85042D} = {8AD58831-2198-4661-AC87-EFA754EDC4E9}
	EndGlobalSection
	GlobalSection(ExtensibilityGlobals) = postSolution
		SolutionGuid = {1C64C3C7-7F87-46D4-88F8-1DB81303FBAC}
	EndGlobalSection
EndGlobal
