
Microsoft Visual Studio Solution File, Format Version 12.00
# Visual Studio Version 16
VisualStudioVersion = 16.0.31205.134
MinimumVisualStudioVersion = 10.0.40219.1
Project("{FAE04EC0-301F-11D3-BF4B-00C04F79EFBC}") = "Dotnet.WindowsContainer.Example", "Dotnet.WindowsContainer.Example.csproj", "{5FF21C36-C9D7-496F-872B-6229B3CB1ED9}"
EndProject
Global
	GlobalSection(SolutionConfigurationPlatforms) = preSolution
		Debug|Any CPU = Debug|Any CPU
		Release|Any CPU = Release|Any CPU
	EndGlobalSection
	GlobalSection(ProjectConfigurationPlatforms) = postSolution
		{5FF21C36-C9D7-496F-872B-6229B3CB1ED9}.Debug|Any CPU.ActiveCfg = Debug|Any CPU
		{5FF21C36-C9D7-496F-872B-6229B3CB1ED9}.Debug|Any CPU.Build.0 = Debug|Any CPU
		{5FF21C36-C9D7-496F-872B-6229B3CB1ED9}.Release|Any CPU.ActiveCfg = Release|Any CPU
		{5FF21C36-C9D7-496F-872B-6229B3CB1ED9}.Release|Any CPU.Build.0 = Release|Any CPU
	EndGlobalSection
	GlobalSection(SolutionProperties) = preSolution
		HideSolutionNode = FALSE
	EndGlobalSection
	GlobalSection(ExtensibilityGlobals) = postSolution
		SolutionGuid = {6100F977-1061-430E-92D0-17B01EEC1323}
	EndGlobalSection
EndGlobal
