
Microsoft Visual Studio Solution File, Format Version 12.00
# Visual Studio Version 17
VisualStudioVersion = 17.7.34003.232
MinimumVisualStudioVersion = 10.0.40219.1
Project("{8BC9CEB8-8B4A-11D0-8D11-00A0C91BC942}") = "dd-prof-etw-client", "dd-prof-etw-client\dd-prof-etw-client.vcxproj", "{97DD3E31-0922-455E-A308-E0C798E84476}"
EndProject
Project("{8BC9CEB8-8B4A-11D0-8D11-00A0C91BC942}") = "dd-prof-etw-collector", "dd-prof-etw-collector\dd-prof-etw-collector.vcxproj", "{3FD8A994-8EDC-4EDD-95C5-E664D205A401}"
EndProject
Global
	GlobalSection(SolutionConfigurationPlatforms) = preSolution
		Debug|x64 = Debug|x64
		Debug|x86 = Debug|x86
		Release|x64 = Release|x64
		Release|x86 = Release|x86
	EndGlobalSection
	GlobalSection(ProjectConfigurationPlatforms) = postSolution
		{97DD3E31-0922-455E-A308-E0C798E84476}.Debug|x64.ActiveCfg = Debug|x64
		{97DD3E31-0922-455E-A308-E0C798E84476}.Debug|x64.Build.0 = Debug|x64
		{97DD3E31-0922-455E-A308-E0C798E84476}.Debug|x86.ActiveCfg = Debug|Win32
		{97DD3E31-0922-455E-A308-E0C798E84476}.Debug|x86.Build.0 = Debug|Win32
		{97DD3E31-0922-455E-A308-E0C798E84476}.Release|x64.ActiveCfg = Release|x64
		{97DD3E31-0922-455E-A308-E0C798E84476}.Release|x64.Build.0 = Release|x64
		{97DD3E31-0922-455E-A308-E0C798E84476}.Release|x86.ActiveCfg = Release|Win32
		{97DD3E31-0922-455E-A308-E0C798E84476}.Release|x86.Build.0 = Release|Win32
		{3FD8A994-8EDC-4EDD-95C5-E664D205A401}.Debug|x64.ActiveCfg = Debug|x64
		{3FD8A994-8EDC-4EDD-95C5-E664D205A401}.Debug|x64.Build.0 = Debug|x64
		{3FD8A994-8EDC-4EDD-95C5-E664D205A401}.Debug|x86.ActiveCfg = Debug|Win32
		{3FD8A994-8EDC-4EDD-95C5-E664D205A401}.Debug|x86.Build.0 = Debug|Win32
		{3FD8A994-8EDC-4EDD-95C5-E664D205A401}.Release|x64.ActiveCfg = Release|x64
		{3FD8A994-8EDC-4EDD-95C5-E664D205A401}.Release|x64.Build.0 = Release|x64
		{3FD8A994-8EDC-4EDD-95C5-E664D205A401}.Release|x86.ActiveCfg = Release|Win32
		{3FD8A994-8EDC-4EDD-95C5-E664D205A401}.Release|x86.Build.0 = Release|Win32
	EndGlobalSection
	GlobalSection(SolutionProperties) = preSolution
		HideSolutionNode = FALSE
	EndGlobalSection
	GlobalSection(ExtensibilityGlobals) = postSolution
		SolutionGuid = {E470B257-4B23-4191-B966-B11EF32CF684}
	EndGlobalSection
EndGlobal
